PODS:
  - Kingfisher (4.8.0)
  - ObjectMapper (3.2.0)
  - Socket.IO-Client-Swift (13.2.1):
    - Starscream (~> 3.0.2)
  - Starscream (3.0.5)

DEPENDENCIES:
  - Kingfisher (= 4.8.0)
  - ObjectMapper (= 3.2.0)
  - Socket.IO-Client-Swift (= 13.2.1)

SPEC REPOS:
  https://github.com/CocoaPods/Specs.git:
    - Kingfisher
    - ObjectMapper
    - Socket.IO-Client-Swift
    - Starscream

SPEC CHECKSUMS:
  Kingfisher: 976d828df2b24834c6a3f2fc4d82cdbd26552be1
  ObjectMapper: 5cccd2de6f253eda859df8116a5a554d9769e859
  Socket.IO-Client-Swift: b94943e2fb916fe2f95244b9ed21828634002280
  Starscream: faf918b2f2eff7d5dd21180646bf015a669673bd

PODFILE CHECKSUM: 005e672c1bc33ec74dd8a0181c1d9960608e0103

COCOAPODS: 1.5.0
