PODS:
  - Kingfisher (5.7.0)
  - ObjectMapper (3.5.1)
  - Socket.IO-Client-Swift (15.1.0):
    - Starscream (~> 3.1)
  - Starscream (3.1.0)
  - Wormholy (1.6.1)

DEPENDENCIES:
  - Kingfisher (= 5.7.0)
  - ObjectMapper (= 3.5.1)
  - Socket.IO-Client-Swift (= 15.1.0)
  - Wormholy (= 1.6.1)

SPEC REPOS:
  trunk:
    - Kingfisher
    - ObjectMapper
    - Socket.IO-Client-Swift
    - Starscream
    - Wormholy

SPEC CHECKSUMS:
  Kingfisher: c7d211b54f1f30d8060aadab177d52b4349c825b
  ObjectMapper: 70187b8941977c62ccfb423caf6b50be405cabf0
  Socket.IO-Client-Swift: 7cb44c0ffb86e158cee32d0642d30ec5fdcf8f61
  Starscream: 08172b481e145289c4930cb567230fb55897cfa4
  Wormholy: 0fd599c7efb09bb96af8cdfbe81a716932caf67e

PODFILE CHECKSUM: 41dfad26cbffd69062eac1f08f4cb8bdaff3b276

COCOAPODS: 1.9.1
