PODS:
  - Kingfisher (5.13.4):
    - Kingfisher/Core (= 5.13.4)
  - Kingfisher/Core (5.13.4)
  - ObjectMapper (4.2.0)
  - Socket.IO-Client-Swift (15.2.0):
    - Starscream (~> 3.1)
  - Starscream (3.1.1)
  - Wormholy (1.6.1)

DEPENDENCIES:
  - Kingfisher (= 5.13.4)
  - ObjectMapper (= 4.2.0)
  - Socket.IO-Client-Swift (= 15.2.0)
  - Wormholy (= 1.6.1)

SPEC REPOS:
  trunk:
    - Kingfisher
    - ObjectMapper
    - Socket.IO-Client-Swift
    - Starscream
    - Wormholy

SPEC CHECKSUMS:
  Kingfisher: d2279a7abece3c7f25a80cd2b7f363ca5cf3f44c
  ObjectMapper: 1eb41f610210777375fa806bf161dc39fb832b81
  Socket.IO-Client-Swift: 1e3e3a1f09f3312a167f0d781eb2f383d477357c
  Starscream: 4bb2f9942274833f7b4d296a55504dcfc7edb7b0
  Wormholy: 0fd599c7efb09bb96af8cdfbe81a716932caf67e

PODFILE CHECKSUM: 6724886c44d3a9e281d79e5a83435ecdb69f2d67

COCOAPODS: 1.10.0
