// !$*UTF8*$!
{
	archiveVersion = 1;
	classes = {
	};
	objectVersion = 46;
	objects = {

/* Begin PBXBuildFile section */
		451753A62066C8E800E3D1BF /* CyStackView.swift in Sources */ = {isa = PBXBuildFile; fileRef = 451753A52066C8E800E3D1BF /* CyStackView.swift */; };
		451FCB9B1E2A8094006E315D /* CyTokenModel.swift in Sources */ = {isa = PBXBuildFile; fileRef = 451FCB9A1E2A8094006E315D /* CyTokenModel.swift */; };
		452745DC1DF9C027006215B1 /* CyTableView.swift in Sources */ = {isa = PBXBuildFile; fileRef = 452745DB1DF9C027006215B1 /* CyTableView.swift */; };
		45282DA11DFEF4160021E7F9 /* CySocket.swift in Sources */ = {isa = PBXBuildFile; fileRef = 45282DA01DFEF4160021E7F9 /* CySocket.swift */; };
		45282DA41DFF0FF20021E7F9 /* CyTypingSocketModel.swift in Sources */ = {isa = PBXBuildFile; fileRef = 45282DA31DFF0FF20021E7F9 /* CyTypingSocketModel.swift */; };
		45282DA61DFF12470021E7F9 /* CyMessageSocketModel.swift in Sources */ = {isa = PBXBuildFile; fileRef = 45282DA51DFF12470021E7F9 /* CyMessageSocketModel.swift */; };
		45282DA81DFF21830021E7F9 /* CySeenMessageSocketModel.swift in Sources */ = {isa = PBXBuildFile; fileRef = 45282DA71DFF21830021E7F9 /* CySeenMessageSocketModel.swift */; };
		452B2E7F1E4773CA006D629A /* MessageCell.xib in Resources */ = {isa = PBXBuildFile; fileRef = 458781C21DFC658700851DD9 /* MessageCell.xib */; };
		452B2E801E4780FA006D629A /* notification.m4r in Resources */ = {isa = PBXBuildFile; fileRef = 45D16F121E412C030092E554 /* notification.m4r */; };
		453CC13D1DEA2C0F00D85957 /* CyActiveAdminsTableViewCell.swift in Sources */ = {isa = PBXBuildFile; fileRef = 453CC13C1DEA2C0F00D85957 /* CyActiveAdminsTableViewCell.swift */; };
		454A9D401DEAFE060078F6D3 /* CyAdminModel.swift in Sources */ = {isa = PBXBuildFile; fileRef = 454A9D3F1DEAFE060078F6D3 /* CyAdminModel.swift */; };
		454BC2571E3E2D3900611B58 /* Banner.xib in Resources */ = {isa = PBXBuildFile; fileRef = 454BC2561E3E2D3900611B58 /* Banner.xib */; };
		455A0F881DEE248E003EEA43 /* CySendMessageRequestModel.swift in Sources */ = {isa = PBXBuildFile; fileRef = 455A0F871DEE248E003EEA43 /* CySendMessageRequestModel.swift */; };
		455A0F8A1DEE2951003EEA43 /* CyColor.swift in Sources */ = {isa = PBXBuildFile; fileRef = 455A0F891DEE2951003EEA43 /* CyColor.swift */; };
		455A0F8D1DEE2D92003EEA43 /* CySendMessageRequestParamsModel.swift in Sources */ = {isa = PBXBuildFile; fileRef = 455A0F8C1DEE2D92003EEA43 /* CySendMessageRequestParamsModel.swift */; };
		455A0F8F1DEE33EA003EEA43 /* CyMessageAttachmentRequestModel.swift in Sources */ = {isa = PBXBuildFile; fileRef = 455A0F8E1DEE33EA003EEA43 /* CyMessageAttachmentRequestModel.swift */; };
		455A0F951DF0AA41003EEA43 /* CySendMessageResponseModel.swift in Sources */ = {isa = PBXBuildFile; fileRef = 455A0F941DF0AA41003EEA43 /* CySendMessageResponseModel.swift */; };
		455A0F971DF0BD20003EEA43 /* CyConversationModel.swift in Sources */ = {isa = PBXBuildFile; fileRef = 455A0F961DF0BD20003EEA43 /* CyConversationModel.swift */; };
		455A0F991DF0C184003EEA43 /* CyMessageModel.swift in Sources */ = {isa = PBXBuildFile; fileRef = 455A0F981DF0C184003EEA43 /* CyMessageModel.swift */; };
		455A0F9B1DF0C272003EEA43 /* CyAttachmentModel.swift in Sources */ = {isa = PBXBuildFile; fileRef = 455A0F9A1DF0C272003EEA43 /* CyAttachmentModel.swift */; };
		455A0F9F1DF46F35003EEA43 /* CustomerlyConversationListVC.swift in Sources */ = {isa = PBXBuildFile; fileRef = 455A0F9E1DF46F35003EEA43 /* CustomerlyConversationListVC.swift */; };
		455A0FA11DF47A90003EEA43 /* CyImageView.swift in Sources */ = {isa = PBXBuildFile; fileRef = 455A0FA01DF47A90003EEA43 /* CyImageView.swift */; };
		455A0FA31DF47ACB003EEA43 /* CyLabel.swift in Sources */ = {isa = PBXBuildFile; fileRef = 455A0FA21DF47ACB003EEA43 /* CyLabel.swift */; };
		455A0FA51DF47C3D003EEA43 /* CyConversationTableViewCell.swift in Sources */ = {isa = PBXBuildFile; fileRef = 455A0FA41DF47C3D003EEA43 /* CyConversationTableViewCell.swift */; };
		455A0FA71DF47E08003EEA43 /* CyAccountModel.swift in Sources */ = {isa = PBXBuildFile; fileRef = 455A0FA61DF47E08003EEA43 /* CyAccountModel.swift */; };
		455A0FA91DF47EC2003EEA43 /* CyConversationRetrieveResponseModel.swift in Sources */ = {isa = PBXBuildFile; fileRef = 455A0FA81DF47EC2003EEA43 /* CyConversationRetrieveResponseModel.swift */; };
		455A0FAB1DF48022003EEA43 /* CyConversationRequestModel.swift in Sources */ = {isa = PBXBuildFile; fileRef = 455A0FAA1DF48022003EEA43 /* CyConversationRequestModel.swift */; };
		455CE1391DE0AABD00FF65DC /* CustomerlySDK.framework in Frameworks */ = {isa = PBXBuildFile; fileRef = 455CE12F1DE0AABD00FF65DC /* CustomerlySDK.framework */; };
		455CE13E1DE0AABD00FF65DC /* CustomerlySDKTests.swift in Sources */ = {isa = PBXBuildFile; fileRef = 455CE13D1DE0AABD00FF65DC /* CustomerlySDKTests.swift */; };
		455CE1401DE0AABD00FF65DC /* CustomerlySDK.h in Headers */ = {isa = PBXBuildFile; fileRef = 455CE1321DE0AABD00FF65DC /* CustomerlySDK.h */; settings = {ATTRIBUTES = (Public, ); }; };
		455CE14E1DE0AAF200FF65DC /* AppDelegate.swift in Sources */ = {isa = PBXBuildFile; fileRef = 455CE14D1DE0AAF200FF65DC /* AppDelegate.swift */; };
		455CE1501DE0AAF200FF65DC /* ViewController.swift in Sources */ = {isa = PBXBuildFile; fileRef = 455CE14F1DE0AAF200FF65DC /* ViewController.swift */; };
		455CE1531DE0AAF200FF65DC /* Main.storyboard in Resources */ = {isa = PBXBuildFile; fileRef = 455CE1511DE0AAF200FF65DC /* Main.storyboard */; };
		455CE1551DE0AAF200FF65DC /* Assets.xcassets in Resources */ = {isa = PBXBuildFile; fileRef = 455CE1541DE0AAF200FF65DC /* Assets.xcassets */; };
		455CE1581DE0AAF200FF65DC /* LaunchScreen.storyboard in Resources */ = {isa = PBXBuildFile; fileRef = 455CE1561DE0AAF200FF65DC /* LaunchScreen.storyboard */; };
		455CE1631DE0AAF300FF65DC /* CustomerlyDemoUITests.swift in Sources */ = {isa = PBXBuildFile; fileRef = 455CE1621DE0AAF300FF65DC /* CustomerlyDemoUITests.swift */; };
		455CE1851DE0AB4500FF65DC /* Customerly.swift in Sources */ = {isa = PBXBuildFile; fileRef = 455CE16C1DE0AB4500FF65DC /* Customerly.swift */; };
		455CE1861DE0AB4500FF65DC /* CyConfig.swift in Sources */ = {isa = PBXBuildFile; fileRef = 455CE16D1DE0AB4500FF65DC /* CyConfig.swift */; };
		455CE1871DE0AB4500FF65DC /* CyDataFetcher.swift in Sources */ = {isa = PBXBuildFile; fileRef = 455CE16E1DE0AB4500FF65DC /* CyDataFetcher.swift */; };
		455CE1881DE0AB4500FF65DC /* CyHTTPValidation.swift in Sources */ = {isa = PBXBuildFile; fileRef = 455CE16F1DE0AB4500FF65DC /* CyHTTPValidation.swift */; };
		455CE1891DE0AB4500FF65DC /* CyLogging.swift in Sources */ = {isa = PBXBuildFile; fileRef = 455CE1701DE0AB4500FF65DC /* CyLogging.swift */; };
		455CE18A1DE0AB4500FF65DC /* CyMapping.swift in Sources */ = {isa = PBXBuildFile; fileRef = 455CE1711DE0AB4500FF65DC /* CyMapping.swift */; };
		455CE18B1DE0AB4500FF65DC /* CyRouting.swift in Sources */ = {isa = PBXBuildFile; fileRef = 455CE1721DE0AB4500FF65DC /* CyRouting.swift */; };
		455CE18C1DE0AB4500FF65DC /* CyStorage.swift in Sources */ = {isa = PBXBuildFile; fileRef = 455CE1731DE0AB4500FF65DC /* CyStorage.swift */; };
		455CE18D1DE0AB4500FF65DC /* CyAppConfigModel.swift in Sources */ = {isa = PBXBuildFile; fileRef = 455CE1751DE0AB4500FF65DC /* CyAppConfigModel.swift */; };
		455CE18E1DE0AB4500FF65DC /* CyAppModel.swift in Sources */ = {isa = PBXBuildFile; fileRef = 455CE1761DE0AB4500FF65DC /* CyAppModel.swift */; };
		455CE1911DE0AB4500FF65DC /* CyDataModel.swift in Sources */ = {isa = PBXBuildFile; fileRef = 455CE1791DE0AB4500FF65DC /* CyDataModel.swift */; };
		455CE1921DE0AB4500FF65DC /* CyDeviceModel.swift in Sources */ = {isa = PBXBuildFile; fileRef = 455CE17A1DE0AB4500FF65DC /* CyDeviceModel.swift */; };
		455CE1931DE0AB4500FF65DC /* CyRequestPingModel.swift in Sources */ = {isa = PBXBuildFile; fileRef = 455CE17B1DE0AB4500FF65DC /* CyRequestPingModel.swift */; };
		455CE1941DE0AB4500FF65DC /* CySettingsModel.swift in Sources */ = {isa = PBXBuildFile; fileRef = 455CE17C1DE0AB4500FF65DC /* CySettingsModel.swift */; };
		455CE1961DE0AB4500FF65DC /* CyTrackingRequestModel.swift in Sources */ = {isa = PBXBuildFile; fileRef = 455CE17E1DE0AB4500FF65DC /* CyTrackingRequestModel.swift */; };
		455CE1971DE0AB4500FF65DC /* CyUserModel.swift in Sources */ = {isa = PBXBuildFile; fileRef = 455CE17F1DE0AB4500FF65DC /* CyUserModel.swift */; };
		455CE1981DE0AB4500FF65DC /* CyWebsocketModel.swift in Sources */ = {isa = PBXBuildFile; fileRef = 455CE1801DE0AB4500FF65DC /* CyWebsocketModel.swift */; };
		455CE1991DE0AB4500FF65DC /* CustomerlyChat.storyboard in Resources */ = {isa = PBXBuildFile; fileRef = 455CE1821DE0AB4500FF65DC /* CustomerlyChat.storyboard */; };
		455CE19A1DE0AB4500FF65DC /* CustomerlyChatStartVC.swift in Sources */ = {isa = PBXBuildFile; fileRef = 455CE1841DE0AB4500FF65DC /* CustomerlyChatStartVC.swift */; };
		455CE19B1DE0BA7D00FF65DC /* CustomerlySDK.framework in Frameworks */ = {isa = PBXBuildFile; fileRef = 455CE12F1DE0AABD00FF65DC /* CustomerlySDK.framework */; };
		455CE19C1DE0BA7D00FF65DC /* CustomerlySDK.framework in Embed Frameworks */ = {isa = PBXBuildFile; fileRef = 455CE12F1DE0AABD00FF65DC /* CustomerlySDK.framework */; settings = {ATTRIBUTES = (CodeSignOnCopy, RemoveHeadersOnCopy, ); }; };
		455CE1A11DE0C85500FF65DC /* CustomerlyNavigationController.swift in Sources */ = {isa = PBXBuildFile; fileRef = 455CE1A01DE0C85500FF65DC /* CustomerlyNavigationController.swift */; };
		456DE3E91E34F0A9008B115D /* CyHeaderDateTableViewCell.swift in Sources */ = {isa = PBXBuildFile; fileRef = 456DE3E81E34F0A9008B115D /* CyHeaderDateTableViewCell.swift */; };
		456DE3EB1E351E6D008B115D /* CyCollectionView.swift in Sources */ = {isa = PBXBuildFile; fileRef = 456DE3EA1E351E6D008B115D /* CyCollectionView.swift */; };
		456DE3ED1E351ECE008B115D /* CySingleActiveAdminCollectionViewCell.swift in Sources */ = {isa = PBXBuildFile; fileRef = 456DE3EC1E351ECE008B115D /* CySingleActiveAdminCollectionViewCell.swift */; };
		4579C0451E1D988A0035DAC4 /* CySurveyResponseModel.swift in Sources */ = {isa = PBXBuildFile; fileRef = 4579C0441E1D988A0035DAC4 /* CySurveyResponseModel.swift */; };
		4579C0471E1DA00D0035DAC4 /* CySurveyChoiceResponseModel.swift in Sources */ = {isa = PBXBuildFile; fileRef = 4579C0461E1DA00D0035DAC4 /* CySurveyChoiceResponseModel.swift */; };
		4579C0491E1DA19D0035DAC4 /* CySurveyParamsRequestModel.swift in Sources */ = {isa = PBXBuildFile; fileRef = 4579C0481E1DA19D0035DAC4 /* CySurveyParamsRequestModel.swift */; };
		458781C51DFC673E00851DD9 /* CyTextView.swift in Sources */ = {isa = PBXBuildFile; fileRef = 458781C41DFC673E00851DD9 /* CyTextView.swift */; };
		458781C71DFC6A3A00851DD9 /* CyMessageTableViewCell.swift in Sources */ = {isa = PBXBuildFile; fileRef = 458781C61DFC6A3A00851DD9 /* CyMessageTableViewCell.swift */; };
		458781C91DFC789400851DD9 /* CyConversationMessagesResponseModel.swift in Sources */ = {isa = PBXBuildFile; fileRef = 458781C81DFC789400851DD9 /* CyConversationMessagesResponseModel.swift */; };
		459B2D6B1E4BDC50005B5CAD /* CyBundle.swift in Sources */ = {isa = PBXBuildFile; fileRef = 459B2D6A1E4BDC50005B5CAD /* CyBundle.swift */; };
		45C240291E42496600FC046A /* CyInt.swift in Sources */ = {isa = PBXBuildFile; fileRef = 45C240281E42496600FC046A /* CyInt.swift */; };
		45C27E151E58960F002F2187 /* ChatTests.swift in Sources */ = {isa = PBXBuildFile; fileRef = 45C27E141E58960F002F2187 /* ChatTests.swift */; };
		45CDE1FB1E394A80009C0112 /* CyBanner.swift in Sources */ = {isa = PBXBuildFile; fileRef = 45CDE1FA1E394A80009C0112 /* CyBanner.swift */; };
		45D16F151E412C500092E554 /* CySound.swift in Sources */ = {isa = PBXBuildFile; fileRef = 45D16F141E412C500092E554 /* CySound.swift */; };
		45DE7D751F0C0F320069786D /* CyVersioning.swift in Sources */ = {isa = PBXBuildFile; fileRef = 45DE7D741F0C0F320069786D /* CyVersioning.swift */; };
		45E61EF51E16ACBC0088D6C5 /* CustomerlySurveyViewController.swift in Sources */ = {isa = PBXBuildFile; fileRef = 45E61EF41E16ACBC0088D6C5 /* CustomerlySurveyViewController.swift */; };
		45E61EF71E16AD340088D6C5 /* CustomerlySurvey.storyboard in Resources */ = {isa = PBXBuildFile; fileRef = 45E61EF61E16AD340088D6C5 /* CustomerlySurvey.storyboard */; };
		45E61EFF1E1983FA0088D6C5 /* CySurveyListViewController.swift in Sources */ = {isa = PBXBuildFile; fileRef = 45E61EFE1E1983FA0088D6C5 /* CySurveyListViewController.swift */; };
		45E61F011E1984810088D6C5 /* CySurveyButtonTableViewCell.swift in Sources */ = {isa = PBXBuildFile; fileRef = 45E61F001E1984810088D6C5 /* CySurveyButtonTableViewCell.swift */; };
		45E924FB1E22DEA300514EA3 /* Localizable.strings in Resources */ = {isa = PBXBuildFile; fileRef = 45E924FD1E22DEA300514EA3 /* Localizable.strings */; };
		45F9E0AF1E1C46D300C7241F /* CySurveyPickerViewController.swift in Sources */ = {isa = PBXBuildFile; fileRef = 45F9E0AE1E1C46D300C7241F /* CySurveyPickerViewController.swift */; };
		45F9E0B11E1C4AF300C7241F /* CySurveySliderViewController.swift in Sources */ = {isa = PBXBuildFile; fileRef = 45F9E0B01E1C4AF300C7241F /* CySurveySliderViewController.swift */; };
		45F9E0B31E1C532B00C7241F /* CySurveyStarsViewController.swift in Sources */ = {isa = PBXBuildFile; fileRef = 45F9E0B21E1C532B00C7241F /* CySurveyStarsViewController.swift */; };
		45F9E0B51E1C5A1E00C7241F /* CySurveyTextFieldViewController.swift in Sources */ = {isa = PBXBuildFile; fileRef = 45F9E0B41E1C5A1E00C7241F /* CySurveyTextFieldViewController.swift */; };
		45FA19B91DEB423600D26059 /* CyView.swift in Sources */ = {isa = PBXBuildFile; fileRef = 45FA19B81DEB423600D26059 /* CyView.swift */; };
		45FA19BD1DEB4C2000D26059 /* CyButton.swift in Sources */ = {isa = PBXBuildFile; fileRef = 45FA19BC1DEB4C2000D26059 /* CyButton.swift */; };
		45FA19BF1DEB4C4D00D26059 /* CyTextField.swift in Sources */ = {isa = PBXBuildFile; fileRef = 45FA19BE1DEB4C4D00D26059 /* CyTextField.swift */; };
		45FA19C11DEB4E0200D26059 /* Assets.xcassets in Resources */ = {isa = PBXBuildFile; fileRef = 45FA19C01DEB4E0200D26059 /* Assets.xcassets */; };
		45FA19C31DEC283A00D26059 /* CyViewController.swift in Sources */ = {isa = PBXBuildFile; fileRef = 45FA19C21DEC283A00D26059 /* CyViewController.swift */; };
		45FA19C71DECC5FD00D26059 /* CyDate.swift in Sources */ = {isa = PBXBuildFile; fileRef = 45FA19C61DECC5FD00D26059 /* CyDate.swift */; };
		45FB162A1F269ABD00F515DF /* CyErrorModel.swift in Sources */ = {isa = PBXBuildFile; fileRef = 45FB16291F269ABD00F515DF /* CyErrorModel.swift */; };
		45FF40981E102FED002707C3 /* CyString.swift in Sources */ = {isa = PBXBuildFile; fileRef = 45FF40971E102FED002707C3 /* CyString.swift */; };
		45FF409A1E114C94002707C3 /* CyImageMassageTableViewCell.swift in Sources */ = {isa = PBXBuildFile; fileRef = 45FF40991E114C94002707C3 /* CyImageMassageTableViewCell.swift */; };
		45FF409C1E114ECD002707C3 /* MessageWithImageCell.xib in Resources */ = {isa = PBXBuildFile; fileRef = 45FF409B1E114ECD002707C3 /* MessageWithImageCell.xib */; };
		45FF409E1E114EFE002707C3 /* ImageMessageCell.xib in Resources */ = {isa = PBXBuildFile; fileRef = 45FF409D1E114EFE002707C3 /* ImageMessageCell.xib */; };
		45FF40A01E12AA9A002707C3 /* CyMessageSeenRequestModel.swift in Sources */ = {isa = PBXBuildFile; fileRef = 45FF409F1E12AA9A002707C3 /* CyMessageSeenRequestModel.swift */; };
		45FF40A21E12E486002707C3 /* CustomerlyImageGallery.storyboard in Resources */ = {isa = PBXBuildFile; fileRef = 45FF40A11E12E486002707C3 /* CustomerlyImageGallery.storyboard */; };
		45FF40A41E12E4AB002707C3 /* CustomerlyGalleryViewController.swift in Sources */ = {isa = PBXBuildFile; fileRef = 45FF40A31E12E4AB002707C3 /* CustomerlyGalleryViewController.swift */; };
		8BB17DE1066C10F2234DB656 /* Pods_CustomerlyDemo.framework in Frameworks */ = {isa = PBXBuildFile; fileRef = 9E04C0ED8FA868A83B0BBE2C /* Pods_CustomerlyDemo.framework */; };
		E1092CF8A4E504B466FFFE22 /* Pods_CustomerlySDK.framework in Frameworks */ = {isa = PBXBuildFile; fileRef = 8CB8EB1905F4E874BAA89670 /* Pods_CustomerlySDK.framework */; };
/* End PBXBuildFile section */

/* Begin PBXContainerItemProxy section */
		455CE13A1DE0AABD00FF65DC /* PBXContainerItemProxy */ = {
			isa = PBXContainerItemProxy;
			containerPortal = 455CE1241DE0AA9F00FF65DC /* Project object */;
			proxyType = 1;
			remoteGlobalIDString = 455CE12E1DE0AABD00FF65DC;
			remoteInfo = CustomerlySDK;
		};
		455CE15F1DE0AAF300FF65DC /* PBXContainerItemProxy */ = {
			isa = PBXContainerItemProxy;
			containerPortal = 455CE1241DE0AA9F00FF65DC /* Project object */;
			proxyType = 1;
			remoteGlobalIDString = 455CE14A1DE0AAF200FF65DC;
			remoteInfo = CustomerlyDemo;
		};
		455CE19D1DE0BA7D00FF65DC /* PBXContainerItemProxy */ = {
			isa = PBXContainerItemProxy;
			containerPortal = 455CE1241DE0AA9F00FF65DC /* Project object */;
			proxyType = 1;
			remoteGlobalIDString = 455CE12E1DE0AABD00FF65DC;
			remoteInfo = CustomerlySDK;
		};
/* End PBXContainerItemProxy section */

/* Begin PBXCopyFilesBuildPhase section */
		455CE19F1DE0BA7D00FF65DC /* Embed Frameworks */ = {
			isa = PBXCopyFilesBuildPhase;
			buildActionMask = 2147483647;
			dstPath = "";
			dstSubfolderSpec = 10;
			files = (
				455CE19C1DE0BA7D00FF65DC /* CustomerlySDK.framework in Embed Frameworks */,
			);
			name = "Embed Frameworks";
			runOnlyForDeploymentPostprocessing = 0;
		};
/* End PBXCopyFilesBuildPhase section */

/* Begin PBXFileReference section */
		3A31FA2E3BDF3C36343BDD29 /* Pods-CustomerlySDK.debug.xcconfig */ = {isa = PBXFileReference; includeInIndex = 1; lastKnownFileType = text.xcconfig; name = "Pods-CustomerlySDK.debug.xcconfig"; path = "Pods/Target Support Files/Pods-CustomerlySDK/Pods-CustomerlySDK.debug.xcconfig"; sourceTree = "<group>"; };
		451753A52066C8E800E3D1BF /* CyStackView.swift */ = {isa = PBXFileReference; lastKnownFileType = sourcecode.swift; path = CyStackView.swift; sourceTree = "<group>"; };
		451FCB9A1E2A8094006E315D /* CyTokenModel.swift */ = {isa = PBXFileReference; fileEncoding = 4; lastKnownFileType = sourcecode.swift; path = CyTokenModel.swift; sourceTree = "<group>"; };
		452745DB1DF9C027006215B1 /* CyTableView.swift */ = {isa = PBXFileReference; fileEncoding = 4; lastKnownFileType = sourcecode.swift; path = CyTableView.swift; sourceTree = "<group>"; };
		45282DA01DFEF4160021E7F9 /* CySocket.swift */ = {isa = PBXFileReference; fileEncoding = 4; lastKnownFileType = sourcecode.swift; path = CySocket.swift; sourceTree = "<group>"; };
		45282DA31DFF0FF20021E7F9 /* CyTypingSocketModel.swift */ = {isa = PBXFileReference; fileEncoding = 4; lastKnownFileType = sourcecode.swift; path = CyTypingSocketModel.swift; sourceTree = "<group>"; };
		45282DA51DFF12470021E7F9 /* CyMessageSocketModel.swift */ = {isa = PBXFileReference; fileEncoding = 4; lastKnownFileType = sourcecode.swift; path = CyMessageSocketModel.swift; sourceTree = "<group>"; };
		45282DA71DFF21830021E7F9 /* CySeenMessageSocketModel.swift */ = {isa = PBXFileReference; fileEncoding = 4; lastKnownFileType = sourcecode.swift; path = CySeenMessageSocketModel.swift; sourceTree = "<group>"; };
		453CC13C1DEA2C0F00D85957 /* CyActiveAdminsTableViewCell.swift */ = {isa = PBXFileReference; fileEncoding = 4; lastKnownFileType = sourcecode.swift; path = CyActiveAdminsTableViewCell.swift; sourceTree = "<group>"; };
		454A9D3F1DEAFE060078F6D3 /* CyAdminModel.swift */ = {isa = PBXFileReference; fileEncoding = 4; lastKnownFileType = sourcecode.swift; path = CyAdminModel.swift; sourceTree = "<group>"; };
		454BC2561E3E2D3900611B58 /* Banner.xib */ = {isa = PBXFileReference; fileEncoding = 4; lastKnownFileType = file.xib; path = Banner.xib; sourceTree = "<group>"; };
		455A0F871DEE248E003EEA43 /* CySendMessageRequestModel.swift */ = {isa = PBXFileReference; fileEncoding = 4; lastKnownFileType = sourcecode.swift; path = CySendMessageRequestModel.swift; sourceTree = "<group>"; };
		455A0F891DEE2951003EEA43 /* CyColor.swift */ = {isa = PBXFileReference; fileEncoding = 4; lastKnownFileType = sourcecode.swift; path = CyColor.swift; sourceTree = "<group>"; };
		455A0F8C1DEE2D92003EEA43 /* CySendMessageRequestParamsModel.swift */ = {isa = PBXFileReference; fileEncoding = 4; lastKnownFileType = sourcecode.swift; path = CySendMessageRequestParamsModel.swift; sourceTree = "<group>"; };
		455A0F8E1DEE33EA003EEA43 /* CyMessageAttachmentRequestModel.swift */ = {isa = PBXFileReference; fileEncoding = 4; lastKnownFileType = sourcecode.swift; path = CyMessageAttachmentRequestModel.swift; sourceTree = "<group>"; };
		455A0F941DF0AA41003EEA43 /* CySendMessageResponseModel.swift */ = {isa = PBXFileReference; fileEncoding = 4; lastKnownFileType = sourcecode.swift; path = CySendMessageResponseModel.swift; sourceTree = "<group>"; };
		455A0F961DF0BD20003EEA43 /* CyConversationModel.swift */ = {isa = PBXFileReference; fileEncoding = 4; lastKnownFileType = sourcecode.swift; path = CyConversationModel.swift; sourceTree = "<group>"; };
		455A0F981DF0C184003EEA43 /* CyMessageModel.swift */ = {isa = PBXFileReference; fileEncoding = 4; lastKnownFileType = sourcecode.swift; path = CyMessageModel.swift; sourceTree = "<group>"; };
		455A0F9A1DF0C272003EEA43 /* CyAttachmentModel.swift */ = {isa = PBXFileReference; fileEncoding = 4; lastKnownFileType = sourcecode.swift; path = CyAttachmentModel.swift; sourceTree = "<group>"; };
		455A0F9E1DF46F35003EEA43 /* CustomerlyConversationListVC.swift */ = {isa = PBXFileReference; fileEncoding = 4; lastKnownFileType = sourcecode.swift; path = CustomerlyConversationListVC.swift; sourceTree = "<group>"; };
		455A0FA01DF47A90003EEA43 /* CyImageView.swift */ = {isa = PBXFileReference; fileEncoding = 4; lastKnownFileType = sourcecode.swift; path = CyImageView.swift; sourceTree = "<group>"; };
		455A0FA21DF47ACB003EEA43 /* CyLabel.swift */ = {isa = PBXFileReference; fileEncoding = 4; lastKnownFileType = sourcecode.swift; path = CyLabel.swift; sourceTree = "<group>"; };
		455A0FA41DF47C3D003EEA43 /* CyConversationTableViewCell.swift */ = {isa = PBXFileReference; fileEncoding = 4; lastKnownFileType = sourcecode.swift; path = CyConversationTableViewCell.swift; sourceTree = "<group>"; };
		455A0FA61DF47E08003EEA43 /* CyAccountModel.swift */ = {isa = PBXFileReference; fileEncoding = 4; lastKnownFileType = sourcecode.swift; path = CyAccountModel.swift; sourceTree = "<group>"; };
		455A0FA81DF47EC2003EEA43 /* CyConversationRetrieveResponseModel.swift */ = {isa = PBXFileReference; fileEncoding = 4; lastKnownFileType = sourcecode.swift; path = CyConversationRetrieveResponseModel.swift; sourceTree = "<group>"; };
		455A0FAA1DF48022003EEA43 /* CyConversationRequestModel.swift */ = {isa = PBXFileReference; fileEncoding = 4; lastKnownFileType = sourcecode.swift; path = CyConversationRequestModel.swift; sourceTree = "<group>"; };
		455CE12F1DE0AABD00FF65DC /* CustomerlySDK.framework */ = {isa = PBXFileReference; explicitFileType = wrapper.framework; includeInIndex = 0; path = CustomerlySDK.framework; sourceTree = BUILT_PRODUCTS_DIR; };
		455CE1321DE0AABD00FF65DC /* CustomerlySDK.h */ = {isa = PBXFileReference; lastKnownFileType = sourcecode.c.h; path = CustomerlySDK.h; sourceTree = "<group>"; };
		455CE1331DE0AABD00FF65DC /* Info.plist */ = {isa = PBXFileReference; lastKnownFileType = text.plist.xml; path = Info.plist; sourceTree = "<group>"; };
		455CE1381DE0AABD00FF65DC /* CustomerlySDKTests.xctest */ = {isa = PBXFileReference; explicitFileType = wrapper.cfbundle; includeInIndex = 0; path = CustomerlySDKTests.xctest; sourceTree = BUILT_PRODUCTS_DIR; };
		455CE13D1DE0AABD00FF65DC /* CustomerlySDKTests.swift */ = {isa = PBXFileReference; lastKnownFileType = sourcecode.swift; path = CustomerlySDKTests.swift; sourceTree = "<group>"; };
		455CE13F1DE0AABD00FF65DC /* Info.plist */ = {isa = PBXFileReference; lastKnownFileType = text.plist.xml; path = Info.plist; sourceTree = "<group>"; };
		455CE14B1DE0AAF200FF65DC /* CustomerlyDemo.app */ = {isa = PBXFileReference; explicitFileType = wrapper.application; includeInIndex = 0; path = CustomerlyDemo.app; sourceTree = BUILT_PRODUCTS_DIR; };
		455CE14D1DE0AAF200FF65DC /* AppDelegate.swift */ = {isa = PBXFileReference; lastKnownFileType = sourcecode.swift; path = AppDelegate.swift; sourceTree = "<group>"; };
		455CE14F1DE0AAF200FF65DC /* ViewController.swift */ = {isa = PBXFileReference; lastKnownFileType = sourcecode.swift; path = ViewController.swift; sourceTree = "<group>"; };
		455CE1521DE0AAF200FF65DC /* Base */ = {isa = PBXFileReference; lastKnownFileType = file.storyboard; name = Base; path = Base.lproj/Main.storyboard; sourceTree = "<group>"; };
		455CE1541DE0AAF200FF65DC /* Assets.xcassets */ = {isa = PBXFileReference; lastKnownFileType = folder.assetcatalog; path = Assets.xcassets; sourceTree = "<group>"; };
		455CE1571DE0AAF200FF65DC /* Base */ = {isa = PBXFileReference; lastKnownFileType = file.storyboard; name = Base; path = Base.lproj/LaunchScreen.storyboard; sourceTree = "<group>"; };
		455CE1591DE0AAF200FF65DC /* Info.plist */ = {isa = PBXFileReference; lastKnownFileType = text.plist.xml; path = Info.plist; sourceTree = "<group>"; };
		455CE15E1DE0AAF200FF65DC /* CustomerlyDemoUITests.xctest */ = {isa = PBXFileReference; explicitFileType = wrapper.cfbundle; includeInIndex = 0; path = CustomerlyDemoUITests.xctest; sourceTree = BUILT_PRODUCTS_DIR; };
		455CE1621DE0AAF300FF65DC /* CustomerlyDemoUITests.swift */ = {isa = PBXFileReference; lastKnownFileType = sourcecode.swift; path = CustomerlyDemoUITests.swift; sourceTree = "<group>"; };
		455CE1641DE0AAF300FF65DC /* Info.plist */ = {isa = PBXFileReference; lastKnownFileType = text.plist.xml; path = Info.plist; sourceTree = "<group>"; };
		455CE16C1DE0AB4500FF65DC /* Customerly.swift */ = {isa = PBXFileReference; fileEncoding = 4; lastKnownFileType = sourcecode.swift; path = Customerly.swift; sourceTree = "<group>"; };
		455CE16D1DE0AB4500FF65DC /* CyConfig.swift */ = {isa = PBXFileReference; fileEncoding = 4; lastKnownFileType = sourcecode.swift; path = CyConfig.swift; sourceTree = "<group>"; };
		455CE16E1DE0AB4500FF65DC /* CyDataFetcher.swift */ = {isa = PBXFileReference; fileEncoding = 4; lastKnownFileType = sourcecode.swift; path = CyDataFetcher.swift; sourceTree = "<group>"; };
		455CE16F1DE0AB4500FF65DC /* CyHTTPValidation.swift */ = {isa = PBXFileReference; fileEncoding = 4; lastKnownFileType = sourcecode.swift; path = CyHTTPValidation.swift; sourceTree = "<group>"; };
		455CE1701DE0AB4500FF65DC /* CyLogging.swift */ = {isa = PBXFileReference; fileEncoding = 4; lastKnownFileType = sourcecode.swift; path = CyLogging.swift; sourceTree = "<group>"; };
		455CE1711DE0AB4500FF65DC /* CyMapping.swift */ = {isa = PBXFileReference; fileEncoding = 4; lastKnownFileType = sourcecode.swift; path = CyMapping.swift; sourceTree = "<group>"; };
		455CE1721DE0AB4500FF65DC /* CyRouting.swift */ = {isa = PBXFileReference; fileEncoding = 4; lastKnownFileType = sourcecode.swift; path = CyRouting.swift; sourceTree = "<group>"; };
		455CE1731DE0AB4500FF65DC /* CyStorage.swift */ = {isa = PBXFileReference; fileEncoding = 4; lastKnownFileType = sourcecode.swift; path = CyStorage.swift; sourceTree = "<group>"; };
		455CE1751DE0AB4500FF65DC /* CyAppConfigModel.swift */ = {isa = PBXFileReference; fileEncoding = 4; lastKnownFileType = sourcecode.swift; path = CyAppConfigModel.swift; sourceTree = "<group>"; };
		455CE1761DE0AB4500FF65DC /* CyAppModel.swift */ = {isa = PBXFileReference; fileEncoding = 4; lastKnownFileType = sourcecode.swift; path = CyAppModel.swift; sourceTree = "<group>"; };
		455CE1791DE0AB4500FF65DC /* CyDataModel.swift */ = {isa = PBXFileReference; fileEncoding = 4; lastKnownFileType = sourcecode.swift; path = CyDataModel.swift; sourceTree = "<group>"; };
		455CE17A1DE0AB4500FF65DC /* CyDeviceModel.swift */ = {isa = PBXFileReference; fileEncoding = 4; lastKnownFileType = sourcecode.swift; path = CyDeviceModel.swift; sourceTree = "<group>"; };
		455CE17B1DE0AB4500FF65DC /* CyRequestPingModel.swift */ = {isa = PBXFileReference; fileEncoding = 4; lastKnownFileType = sourcecode.swift; path = CyRequestPingModel.swift; sourceTree = "<group>"; };
		455CE17C1DE0AB4500FF65DC /* CySettingsModel.swift */ = {isa = PBXFileReference; fileEncoding = 4; lastKnownFileType = sourcecode.swift; path = CySettingsModel.swift; sourceTree = "<group>"; };
		455CE17E1DE0AB4500FF65DC /* CyTrackingRequestModel.swift */ = {isa = PBXFileReference; fileEncoding = 4; lastKnownFileType = sourcecode.swift; path = CyTrackingRequestModel.swift; sourceTree = "<group>"; };
		455CE17F1DE0AB4500FF65DC /* CyUserModel.swift */ = {isa = PBXFileReference; fileEncoding = 4; lastKnownFileType = sourcecode.swift; path = CyUserModel.swift; sourceTree = "<group>"; };
		455CE1801DE0AB4500FF65DC /* CyWebsocketModel.swift */ = {isa = PBXFileReference; fileEncoding = 4; lastKnownFileType = sourcecode.swift; path = CyWebsocketModel.swift; sourceTree = "<group>"; };
		455CE1821DE0AB4500FF65DC /* CustomerlyChat.storyboard */ = {isa = PBXFileReference; fileEncoding = 4; lastKnownFileType = file.storyboard; path = CustomerlyChat.storyboard; sourceTree = "<group>"; };
		455CE1841DE0AB4500FF65DC /* CustomerlyChatStartVC.swift */ = {isa = PBXFileReference; fileEncoding = 4; lastKnownFileType = sourcecode.swift; path = CustomerlyChatStartVC.swift; sourceTree = "<group>"; };
		455CE1A01DE0C85500FF65DC /* CustomerlyNavigationController.swift */ = {isa = PBXFileReference; fileEncoding = 4; lastKnownFileType = sourcecode.swift; path = CustomerlyNavigationController.swift; sourceTree = "<group>"; };
		456DE3E81E34F0A9008B115D /* CyHeaderDateTableViewCell.swift */ = {isa = PBXFileReference; fileEncoding = 4; lastKnownFileType = sourcecode.swift; path = CyHeaderDateTableViewCell.swift; sourceTree = "<group>"; };
		456DE3EA1E351E6D008B115D /* CyCollectionView.swift */ = {isa = PBXFileReference; fileEncoding = 4; lastKnownFileType = sourcecode.swift; path = CyCollectionView.swift; sourceTree = "<group>"; };
		456DE3EC1E351ECE008B115D /* CySingleActiveAdminCollectionViewCell.swift */ = {isa = PBXFileReference; fileEncoding = 4; lastKnownFileType = sourcecode.swift; path = CySingleActiveAdminCollectionViewCell.swift; sourceTree = "<group>"; };
		4579C0441E1D988A0035DAC4 /* CySurveyResponseModel.swift */ = {isa = PBXFileReference; fileEncoding = 4; lastKnownFileType = sourcecode.swift; path = CySurveyResponseModel.swift; sourceTree = "<group>"; };
		4579C0461E1DA00D0035DAC4 /* CySurveyChoiceResponseModel.swift */ = {isa = PBXFileReference; fileEncoding = 4; lastKnownFileType = sourcecode.swift; path = CySurveyChoiceResponseModel.swift; sourceTree = "<group>"; };
		4579C0481E1DA19D0035DAC4 /* CySurveyParamsRequestModel.swift */ = {isa = PBXFileReference; fileEncoding = 4; lastKnownFileType = sourcecode.swift; path = CySurveyParamsRequestModel.swift; sourceTree = "<group>"; };
		458781C21DFC658700851DD9 /* MessageCell.xib */ = {isa = PBXFileReference; fileEncoding = 4; lastKnownFileType = file.xib; path = MessageCell.xib; sourceTree = "<group>"; };
		458781C41DFC673E00851DD9 /* CyTextView.swift */ = {isa = PBXFileReference; fileEncoding = 4; lastKnownFileType = sourcecode.swift; path = CyTextView.swift; sourceTree = "<group>"; };
		458781C61DFC6A3A00851DD9 /* CyMessageTableViewCell.swift */ = {isa = PBXFileReference; fileEncoding = 4; lastKnownFileType = sourcecode.swift; path = CyMessageTableViewCell.swift; sourceTree = "<group>"; };
		458781C81DFC789400851DD9 /* CyConversationMessagesResponseModel.swift */ = {isa = PBXFileReference; fileEncoding = 4; lastKnownFileType = sourcecode.swift; path = CyConversationMessagesResponseModel.swift; sourceTree = "<group>"; };
		459B2D6A1E4BDC50005B5CAD /* CyBundle.swift */ = {isa = PBXFileReference; fileEncoding = 4; lastKnownFileType = sourcecode.swift; path = CyBundle.swift; sourceTree = "<group>"; };
		45C240281E42496600FC046A /* CyInt.swift */ = {isa = PBXFileReference; fileEncoding = 4; lastKnownFileType = sourcecode.swift; path = CyInt.swift; sourceTree = "<group>"; };
		45C27E141E58960F002F2187 /* ChatTests.swift */ = {isa = PBXFileReference; fileEncoding = 4; lastKnownFileType = sourcecode.swift; path = ChatTests.swift; sourceTree = "<group>"; };
		45CDE1FA1E394A80009C0112 /* CyBanner.swift */ = {isa = PBXFileReference; fileEncoding = 4; lastKnownFileType = sourcecode.swift; path = CyBanner.swift; sourceTree = "<group>"; };
		45D16F121E412C030092E554 /* notification.m4r */ = {isa = PBXFileReference; lastKnownFileType = file; path = notification.m4r; sourceTree = "<group>"; };
		45D16F141E412C500092E554 /* CySound.swift */ = {isa = PBXFileReference; fileEncoding = 4; lastKnownFileType = sourcecode.swift; path = CySound.swift; sourceTree = "<group>"; };
		45DC04B81E243565004DB406 /* it */ = {isa = PBXFileReference; lastKnownFileType = text.plist.strings; name = it; path = it.lproj/Localizable.strings; sourceTree = "<group>"; };
		45DE41471FC4C644005C5108 /* es */ = {isa = PBXFileReference; lastKnownFileType = text.plist.strings; name = es; path = es.lproj/Localizable.strings; sourceTree = "<group>"; };
		45DE7D741F0C0F320069786D /* CyVersioning.swift */ = {isa = PBXFileReference; fileEncoding = 4; lastKnownFileType = sourcecode.swift; path = CyVersioning.swift; sourceTree = "<group>"; };
		45E61EF41E16ACBC0088D6C5 /* CustomerlySurveyViewController.swift */ = {isa = PBXFileReference; fileEncoding = 4; lastKnownFileType = sourcecode.swift; path = CustomerlySurveyViewController.swift; sourceTree = "<group>"; };
		45E61EF61E16AD340088D6C5 /* CustomerlySurvey.storyboard */ = {isa = PBXFileReference; fileEncoding = 4; lastKnownFileType = file.storyboard; path = CustomerlySurvey.storyboard; sourceTree = "<group>"; };
		45E61EFE1E1983FA0088D6C5 /* CySurveyListViewController.swift */ = {isa = PBXFileReference; fileEncoding = 4; lastKnownFileType = sourcecode.swift; path = CySurveyListViewController.swift; sourceTree = "<group>"; };
		45E61F001E1984810088D6C5 /* CySurveyButtonTableViewCell.swift */ = {isa = PBXFileReference; fileEncoding = 4; lastKnownFileType = sourcecode.swift; path = CySurveyButtonTableViewCell.swift; sourceTree = "<group>"; };
		45E924FC1E22DEA300514EA3 /* Base */ = {isa = PBXFileReference; lastKnownFileType = text.plist.strings; name = Base; path = Base.lproj/Localizable.strings; sourceTree = "<group>"; };
		45F9E0AE1E1C46D300C7241F /* CySurveyPickerViewController.swift */ = {isa = PBXFileReference; fileEncoding = 4; lastKnownFileType = sourcecode.swift; path = CySurveyPickerViewController.swift; sourceTree = "<group>"; };
		45F9E0B01E1C4AF300C7241F /* CySurveySliderViewController.swift */ = {isa = PBXFileReference; fileEncoding = 4; lastKnownFileType = sourcecode.swift; path = CySurveySliderViewController.swift; sourceTree = "<group>"; };
		45F9E0B21E1C532B00C7241F /* CySurveyStarsViewController.swift */ = {isa = PBXFileReference; fileEncoding = 4; lastKnownFileType = sourcecode.swift; path = CySurveyStarsViewController.swift; sourceTree = "<group>"; };
		45F9E0B41E1C5A1E00C7241F /* CySurveyTextFieldViewController.swift */ = {isa = PBXFileReference; fileEncoding = 4; lastKnownFileType = sourcecode.swift; path = CySurveyTextFieldViewController.swift; sourceTree = "<group>"; };
		45FA19B81DEB423600D26059 /* CyView.swift */ = {isa = PBXFileReference; fileEncoding = 4; lastKnownFileType = sourcecode.swift; path = CyView.swift; sourceTree = "<group>"; };
		45FA19BC1DEB4C2000D26059 /* CyButton.swift */ = {isa = PBXFileReference; fileEncoding = 4; lastKnownFileType = sourcecode.swift; path = CyButton.swift; sourceTree = "<group>"; };
		45FA19BE1DEB4C4D00D26059 /* CyTextField.swift */ = {isa = PBXFileReference; fileEncoding = 4; lastKnownFileType = sourcecode.swift; path = CyTextField.swift; sourceTree = "<group>"; };
		45FA19C01DEB4E0200D26059 /* Assets.xcassets */ = {isa = PBXFileReference; lastKnownFileType = folder.assetcatalog; path = Assets.xcassets; sourceTree = "<group>"; };
		45FA19C21DEC283A00D26059 /* CyViewController.swift */ = {isa = PBXFileReference; fileEncoding = 4; lastKnownFileType = sourcecode.swift; path = CyViewController.swift; sourceTree = "<group>"; };
		45FA19C61DECC5FD00D26059 /* CyDate.swift */ = {isa = PBXFileReference; fileEncoding = 4; lastKnownFileType = sourcecode.swift; path = CyDate.swift; sourceTree = "<group>"; };
		45FB16291F269ABD00F515DF /* CyErrorModel.swift */ = {isa = PBXFileReference; fileEncoding = 4; lastKnownFileType = sourcecode.swift; path = CyErrorModel.swift; sourceTree = "<group>"; };
		45FF40971E102FED002707C3 /* CyString.swift */ = {isa = PBXFileReference; fileEncoding = 4; lastKnownFileType = sourcecode.swift; path = CyString.swift; sourceTree = "<group>"; };
		45FF40991E114C94002707C3 /* CyImageMassageTableViewCell.swift */ = {isa = PBXFileReference; fileEncoding = 4; lastKnownFileType = sourcecode.swift; path = CyImageMassageTableViewCell.swift; sourceTree = "<group>"; };
		45FF409B1E114ECD002707C3 /* MessageWithImageCell.xib */ = {isa = PBXFileReference; fileEncoding = 4; lastKnownFileType = file.xib; path = MessageWithImageCell.xib; sourceTree = "<group>"; };
		45FF409D1E114EFE002707C3 /* ImageMessageCell.xib */ = {isa = PBXFileReference; fileEncoding = 4; lastKnownFileType = file.xib; path = ImageMessageCell.xib; sourceTree = "<group>"; };
		45FF409F1E12AA9A002707C3 /* CyMessageSeenRequestModel.swift */ = {isa = PBXFileReference; fileEncoding = 4; lastKnownFileType = sourcecode.swift; path = CyMessageSeenRequestModel.swift; sourceTree = "<group>"; };
		45FF40A11E12E486002707C3 /* CustomerlyImageGallery.storyboard */ = {isa = PBXFileReference; fileEncoding = 4; lastKnownFileType = file.storyboard; path = CustomerlyImageGallery.storyboard; sourceTree = "<group>"; };
		45FF40A31E12E4AB002707C3 /* CustomerlyGalleryViewController.swift */ = {isa = PBXFileReference; fileEncoding = 4; lastKnownFileType = sourcecode.swift; path = CustomerlyGalleryViewController.swift; sourceTree = "<group>"; };
		8CB8EB1905F4E874BAA89670 /* Pods_CustomerlySDK.framework */ = {isa = PBXFileReference; explicitFileType = wrapper.framework; includeInIndex = 0; path = Pods_CustomerlySDK.framework; sourceTree = BUILT_PRODUCTS_DIR; };
		9E04C0ED8FA868A83B0BBE2C /* Pods_CustomerlyDemo.framework */ = {isa = PBXFileReference; explicitFileType = wrapper.framework; includeInIndex = 0; path = Pods_CustomerlyDemo.framework; sourceTree = BUILT_PRODUCTS_DIR; };
		B4D40DE420A7DBA14760B190 /* Pods-CustomerlyDemo.debug.xcconfig */ = {isa = PBXFileReference; includeInIndex = 1; lastKnownFileType = text.xcconfig; name = "Pods-CustomerlyDemo.debug.xcconfig"; path = "Pods/Target Support Files/Pods-CustomerlyDemo/Pods-CustomerlyDemo.debug.xcconfig"; sourceTree = "<group>"; };
		DF9FDD385BB3CF1819AB53CF /* Pods-CustomerlySDK.release.xcconfig */ = {isa = PBXFileReference; includeInIndex = 1; lastKnownFileType = text.xcconfig; name = "Pods-CustomerlySDK.release.xcconfig"; path = "Pods/Target Support Files/Pods-CustomerlySDK/Pods-CustomerlySDK.release.xcconfig"; sourceTree = "<group>"; };
		DFDEFA7D85D77089038E94EE /* Pods-CustomerlyDemo.release.xcconfig */ = {isa = PBXFileReference; includeInIndex = 1; lastKnownFileType = text.xcconfig; name = "Pods-CustomerlyDemo.release.xcconfig"; path = "Pods/Target Support Files/Pods-CustomerlyDemo/Pods-CustomerlyDemo.release.xcconfig"; sourceTree = "<group>"; };
/* End PBXFileReference section */

/* Begin PBXFrameworksBuildPhase section */
		455CE12B1DE0AABD00FF65DC /* Frameworks */ = {
			isa = PBXFrameworksBuildPhase;
			buildActionMask = 2147483647;
			files = (
				E1092CF8A4E504B466FFFE22 /* Pods_CustomerlySDK.framework in Frameworks */,
			);
			runOnlyForDeploymentPostprocessing = 0;
		};
		455CE1351DE0AABD00FF65DC /* Frameworks */ = {
			isa = PBXFrameworksBuildPhase;
			buildActionMask = 2147483647;
			files = (
				455CE1391DE0AABD00FF65DC /* CustomerlySDK.framework in Frameworks */,
			);
			runOnlyForDeploymentPostprocessing = 0;
		};
		455CE1481DE0AAF200FF65DC /* Frameworks */ = {
			isa = PBXFrameworksBuildPhase;
			buildActionMask = 2147483647;
			files = (
				455CE19B1DE0BA7D00FF65DC /* CustomerlySDK.framework in Frameworks */,
				8BB17DE1066C10F2234DB656 /* Pods_CustomerlyDemo.framework in Frameworks */,
			);
			runOnlyForDeploymentPostprocessing = 0;
		};
		455CE15B1DE0AAF200FF65DC /* Frameworks */ = {
			isa = PBXFrameworksBuildPhase;
			buildActionMask = 2147483647;
			files = (
			);
			runOnlyForDeploymentPostprocessing = 0;
		};
/* End PBXFrameworksBuildPhase section */

/* Begin PBXGroup section */
		45282DA21DFF0FCA0021E7F9 /* Socket */ = {
			isa = PBXGroup;
			children = (
				45282DA31DFF0FF20021E7F9 /* CyTypingSocketModel.swift */,
				45282DA51DFF12470021E7F9 /* CyMessageSocketModel.swift */,
				45282DA71DFF21830021E7F9 /* CySeenMessageSocketModel.swift */,
			);
			name = Socket;
			sourceTree = "<group>";
		};
		453CC13B1DEA2BF200D85957 /* Cells */ = {
			isa = PBXGroup;
			children = (
				453CC13C1DEA2C0F00D85957 /* CyActiveAdminsTableViewCell.swift */,
				456DE3EC1E351ECE008B115D /* CySingleActiveAdminCollectionViewCell.swift */,
				455A0FA41DF47C3D003EEA43 /* CyConversationTableViewCell.swift */,
				456DE3E81E34F0A9008B115D /* CyHeaderDateTableViewCell.swift */,
				458781C61DFC6A3A00851DD9 /* CyMessageTableViewCell.swift */,
				45FF40991E114C94002707C3 /* CyImageMassageTableViewCell.swift */,
				45E61EFC1E1981490088D6C5 /* Survey Cells */,
			);
			path = Cells;
			sourceTree = "<group>";
		};
		455A0F8B1DEE2D7B003EEA43 /* Message Send */ = {
			isa = PBXGroup;
			children = (
				455A0F871DEE248E003EEA43 /* CySendMessageRequestModel.swift */,
				455A0F8C1DEE2D92003EEA43 /* CySendMessageRequestParamsModel.swift */,
				455A0F8E1DEE33EA003EEA43 /* CyMessageAttachmentRequestModel.swift */,
				455A0F941DF0AA41003EEA43 /* CySendMessageResponseModel.swift */,
				455A0FAA1DF48022003EEA43 /* CyConversationRequestModel.swift */,
				455A0FA81DF47EC2003EEA43 /* CyConversationRetrieveResponseModel.swift */,
				455A0F961DF0BD20003EEA43 /* CyConversationModel.swift */,
				455A0FA61DF47E08003EEA43 /* CyAccountModel.swift */,
				455A0F981DF0C184003EEA43 /* CyMessageModel.swift */,
				458781C81DFC789400851DD9 /* CyConversationMessagesResponseModel.swift */,
				455A0F9A1DF0C272003EEA43 /* CyAttachmentModel.swift */,
				45FF409F1E12AA9A002707C3 /* CyMessageSeenRequestModel.swift */,
			);
			name = "Message Send";
			sourceTree = "<group>";
		};
		455CE1231DE0AA9F00FF65DC = {
			isa = PBXGroup;
			children = (
				455CE1311DE0AABD00FF65DC /* CustomerlySDK */,
				455CE13C1DE0AABD00FF65DC /* CustomerlySDKTests */,
				455CE14C1DE0AAF200FF65DC /* CustomerlyDemo */,
				455CE1611DE0AAF300FF65DC /* CustomerlyDemoUITests */,
				455CE1301DE0AABD00FF65DC /* Products */,
				586C92D19EAEC2FF4E98C481 /* Pods */,
				A163D13E5CC58444C4E32AC0 /* Frameworks */,
			);
			sourceTree = "<group>";
		};
		455CE1301DE0AABD00FF65DC /* Products */ = {
			isa = PBXGroup;
			children = (
				455CE12F1DE0AABD00FF65DC /* CustomerlySDK.framework */,
				455CE1381DE0AABD00FF65DC /* CustomerlySDKTests.xctest */,
				455CE14B1DE0AAF200FF65DC /* CustomerlyDemo.app */,
				455CE15E1DE0AAF200FF65DC /* CustomerlyDemoUITests.xctest */,
			);
			name = Products;
			sourceTree = "<group>";
		};
		455CE1311DE0AABD00FF65DC /* CustomerlySDK */ = {
			isa = PBXGroup;
			children = (
				455CE1321DE0AABD00FF65DC /* CustomerlySDK.h */,
				455CE1331DE0AABD00FF65DC /* Info.plist */,
				455CE16B1DE0AB4500FF65DC /* Library */,
			);
			path = CustomerlySDK;
			sourceTree = "<group>";
		};
		455CE13C1DE0AABD00FF65DC /* CustomerlySDKTests */ = {
			isa = PBXGroup;
			children = (
				455CE13D1DE0AABD00FF65DC /* CustomerlySDKTests.swift */,
				455CE13F1DE0AABD00FF65DC /* Info.plist */,
			);
			path = CustomerlySDKTests;
			sourceTree = "<group>";
		};
		455CE14C1DE0AAF200FF65DC /* CustomerlyDemo */ = {
			isa = PBXGroup;
			children = (
				455CE14D1DE0AAF200FF65DC /* AppDelegate.swift */,
				455CE14F1DE0AAF200FF65DC /* ViewController.swift */,
				455CE1511DE0AAF200FF65DC /* Main.storyboard */,
				455CE1541DE0AAF200FF65DC /* Assets.xcassets */,
				455CE1561DE0AAF200FF65DC /* LaunchScreen.storyboard */,
				455CE1591DE0AAF200FF65DC /* Info.plist */,
			);
			path = CustomerlyDemo;
			sourceTree = "<group>";
		};
		455CE1611DE0AAF300FF65DC /* CustomerlyDemoUITests */ = {
			isa = PBXGroup;
			children = (
				455CE1621DE0AAF300FF65DC /* CustomerlyDemoUITests.swift */,
				45C27E141E58960F002F2187 /* ChatTests.swift */,
				455CE1641DE0AAF300FF65DC /* Info.plist */,
			);
			path = CustomerlyDemoUITests;
			sourceTree = "<group>";
		};
		455CE16B1DE0AB4500FF65DC /* Library */ = {
			isa = PBXGroup;
			children = (
				455CE16C1DE0AB4500FF65DC /* Customerly.swift */,
				455CE16D1DE0AB4500FF65DC /* CyConfig.swift */,
				455CE1721DE0AB4500FF65DC /* CyRouting.swift */,
				455CE16E1DE0AB4500FF65DC /* CyDataFetcher.swift */,
				45282DA01DFEF4160021E7F9 /* CySocket.swift */,
				455CE16F1DE0AB4500FF65DC /* CyHTTPValidation.swift */,
				455CE1701DE0AB4500FF65DC /* CyLogging.swift */,
				455CE1711DE0AB4500FF65DC /* CyMapping.swift */,
				455CE1731DE0AB4500FF65DC /* CyStorage.swift */,
				45CDE1FA1E394A80009C0112 /* CyBanner.swift */,
				45DE7D741F0C0F320069786D /* CyVersioning.swift */,
				45FA19C01DEB4E0200D26059 /* Assets.xcassets */,
				45D16F121E412C030092E554 /* notification.m4r */,
				45E924FD1E22DEA300514EA3 /* Localizable.strings */,
				455CE1741DE0AB4500FF65DC /* Models */,
				45FA19B71DEB422B00D26059 /* Subclasses */,
				455CE1811DE0AB4500FF65DC /* UI */,
				455CE1831DE0AB4500FF65DC /* View Controllers */,
			);
			path = Library;
			sourceTree = "<group>";
		};
		455CE1741DE0AB4500FF65DC /* Models */ = {
			isa = PBXGroup;
			children = (
				455CE1751DE0AB4500FF65DC /* CyAppConfigModel.swift */,
				455CE1761DE0AB4500FF65DC /* CyAppModel.swift */,
				455CE17A1DE0AB4500FF65DC /* CyDeviceModel.swift */,
				455CE1791DE0AB4500FF65DC /* CyDataModel.swift */,
				451FCB9A1E2A8094006E315D /* CyTokenModel.swift */,
				455CE17B1DE0AB4500FF65DC /* CyRequestPingModel.swift */,
				455CE17C1DE0AB4500FF65DC /* CySettingsModel.swift */,
				455CE17E1DE0AB4500FF65DC /* CyTrackingRequestModel.swift */,
				455CE17F1DE0AB4500FF65DC /* CyUserModel.swift */,
				454A9D3F1DEAFE060078F6D3 /* CyAdminModel.swift */,
				455CE1801DE0AB4500FF65DC /* CyWebsocketModel.swift */,
				45FB16291F269ABD00F515DF /* CyErrorModel.swift */,
				455A0F8B1DEE2D7B003EEA43 /* Message Send */,
				45282DA21DFF0FCA0021E7F9 /* Socket */,
				4579C0431E1D98040035DAC4 /* Survey */,
			);
			path = Models;
			sourceTree = "<group>";
		};
		455CE1811DE0AB4500FF65DC /* UI */ = {
			isa = PBXGroup;
			children = (
				455CE1821DE0AB4500FF65DC /* CustomerlyChat.storyboard */,
				458781C21DFC658700851DD9 /* MessageCell.xib */,
				45FF409B1E114ECD002707C3 /* MessageWithImageCell.xib */,
				45FF409D1E114EFE002707C3 /* ImageMessageCell.xib */,
				45FF40A11E12E486002707C3 /* CustomerlyImageGallery.storyboard */,
				45E61EF61E16AD340088D6C5 /* CustomerlySurvey.storyboard */,
				454BC2561E3E2D3900611B58 /* Banner.xib */,
			);
			path = UI;
			sourceTree = "<group>";
		};
		455CE1831DE0AB4500FF65DC /* View Controllers */ = {
			isa = PBXGroup;
			children = (
				455CE1A01DE0C85500FF65DC /* CustomerlyNavigationController.swift */,
				455A0F9E1DF46F35003EEA43 /* CustomerlyConversationListVC.swift */,
				455CE1841DE0AB4500FF65DC /* CustomerlyChatStartVC.swift */,
				45FF40A31E12E4AB002707C3 /* CustomerlyGalleryViewController.swift */,
				45E61EFD1E1983E00088D6C5 /* Survey */,
				453CC13B1DEA2BF200D85957 /* Cells */,
			);
			path = "View Controllers";
			sourceTree = "<group>";
		};
		4579C0431E1D98040035DAC4 /* Survey */ = {
			isa = PBXGroup;
			children = (
				4579C0441E1D988A0035DAC4 /* CySurveyResponseModel.swift */,
				4579C0461E1DA00D0035DAC4 /* CySurveyChoiceResponseModel.swift */,
				4579C0481E1DA19D0035DAC4 /* CySurveyParamsRequestModel.swift */,
			);
			name = Survey;
			sourceTree = "<group>";
		};
		45E61EFC1E1981490088D6C5 /* Survey Cells */ = {
			isa = PBXGroup;
			children = (
				45E61F001E1984810088D6C5 /* CySurveyButtonTableViewCell.swift */,
			);
			name = "Survey Cells";
			sourceTree = "<group>";
		};
		45E61EFD1E1983E00088D6C5 /* Survey */ = {
			isa = PBXGroup;
			children = (
				45E61EF41E16ACBC0088D6C5 /* CustomerlySurveyViewController.swift */,
				45E61EFE1E1983FA0088D6C5 /* CySurveyListViewController.swift */,
				45F9E0AE1E1C46D300C7241F /* CySurveyPickerViewController.swift */,
				45F9E0B01E1C4AF300C7241F /* CySurveySliderViewController.swift */,
				45F9E0B21E1C532B00C7241F /* CySurveyStarsViewController.swift */,
				45F9E0B41E1C5A1E00C7241F /* CySurveyTextFieldViewController.swift */,
			);
			name = Survey;
			sourceTree = "<group>";
		};
		45FA19B71DEB422B00D26059 /* Subclasses */ = {
			isa = PBXGroup;
			children = (
				45FA19C21DEC283A00D26059 /* CyViewController.swift */,
				45FA19B81DEB423600D26059 /* CyView.swift */,
				45FA19BC1DEB4C2000D26059 /* CyButton.swift */,
				45FA19BE1DEB4C4D00D26059 /* CyTextField.swift */,
				458781C41DFC673E00851DD9 /* CyTextView.swift */,
				45FA19C61DECC5FD00D26059 /* CyDate.swift */,
				455A0F891DEE2951003EEA43 /* CyColor.swift */,
				455A0FA01DF47A90003EEA43 /* CyImageView.swift */,
				455A0FA21DF47ACB003EEA43 /* CyLabel.swift */,
				452745DB1DF9C027006215B1 /* CyTableView.swift */,
				456DE3EA1E351E6D008B115D /* CyCollectionView.swift */,
				451753A52066C8E800E3D1BF /* CyStackView.swift */,
				45FF40971E102FED002707C3 /* CyString.swift */,
				45C240281E42496600FC046A /* CyInt.swift */,
				45D16F141E412C500092E554 /* CySound.swift */,
				459B2D6A1E4BDC50005B5CAD /* CyBundle.swift */,
			);
			path = Subclasses;
			sourceTree = "<group>";
		};
		586C92D19EAEC2FF4E98C481 /* Pods */ = {
			isa = PBXGroup;
			children = (
				B4D40DE420A7DBA14760B190 /* Pods-CustomerlyDemo.debug.xcconfig */,
				DFDEFA7D85D77089038E94EE /* Pods-CustomerlyDemo.release.xcconfig */,
				3A31FA2E3BDF3C36343BDD29 /* Pods-CustomerlySDK.debug.xcconfig */,
				DF9FDD385BB3CF1819AB53CF /* Pods-CustomerlySDK.release.xcconfig */,
			);
			name = Pods;
			sourceTree = "<group>";
		};
		A163D13E5CC58444C4E32AC0 /* Frameworks */ = {
			isa = PBXGroup;
			children = (
				9E04C0ED8FA868A83B0BBE2C /* Pods_CustomerlyDemo.framework */,
				8CB8EB1905F4E874BAA89670 /* Pods_CustomerlySDK.framework */,
			);
			name = Frameworks;
			sourceTree = "<group>";
		};
/* End PBXGroup section */

/* Begin PBXHeadersBuildPhase section */
		455CE12C1DE0AABD00FF65DC /* Headers */ = {
			isa = PBXHeadersBuildPhase;
			buildActionMask = 2147483647;
			files = (
				455CE1401DE0AABD00FF65DC /* CustomerlySDK.h in Headers */,
			);
			runOnlyForDeploymentPostprocessing = 0;
		};
/* End PBXHeadersBuildPhase section */

/* Begin PBXNativeTarget section */
		455CE12E1DE0AABD00FF65DC /* CustomerlySDK */ = {
			isa = PBXNativeTarget;
			buildConfigurationList = 455CE1411DE0AABD00FF65DC /* Build configuration list for PBXNativeTarget "CustomerlySDK" */;
			buildPhases = (
				C76141D4F1705DB776500D79 /* [CP] Check Pods Manifest.lock */,
				455CE12A1DE0AABD00FF65DC /* Sources */,
				455CE12B1DE0AABD00FF65DC /* Frameworks */,
				455CE12C1DE0AABD00FF65DC /* Headers */,
				455CE12D1DE0AABD00FF65DC /* Resources */,
			);
			buildRules = (
			);
			dependencies = (
			);
			name = CustomerlySDK;
			productName = CustomerlySDK;
			productReference = 455CE12F1DE0AABD00FF65DC /* CustomerlySDK.framework */;
			productType = "com.apple.product-type.framework";
		};
		455CE1371DE0AABD00FF65DC /* CustomerlySDKTests */ = {
			isa = PBXNativeTarget;
			buildConfigurationList = 455CE1441DE0AABD00FF65DC /* Build configuration list for PBXNativeTarget "CustomerlySDKTests" */;
			buildPhases = (
				455CE1341DE0AABD00FF65DC /* Sources */,
				455CE1351DE0AABD00FF65DC /* Frameworks */,
				455CE1361DE0AABD00FF65DC /* Resources */,
			);
			buildRules = (
			);
			dependencies = (
				455CE13B1DE0AABD00FF65DC /* PBXTargetDependency */,
			);
			name = CustomerlySDKTests;
			productName = CustomerlySDKTests;
			productReference = 455CE1381DE0AABD00FF65DC /* CustomerlySDKTests.xctest */;
			productType = "com.apple.product-type.bundle.unit-test";
		};
		455CE14A1DE0AAF200FF65DC /* CustomerlyDemo */ = {
			isa = PBXNativeTarget;
			buildConfigurationList = 455CE1651DE0AAF300FF65DC /* Build configuration list for PBXNativeTarget "CustomerlyDemo" */;
			buildPhases = (
				BA2E8136244F93DE38F6F1AE /* [CP] Check Pods Manifest.lock */,
				455CE1471DE0AAF200FF65DC /* Sources */,
				455CE1481DE0AAF200FF65DC /* Frameworks */,
				455CE1491DE0AAF200FF65DC /* Resources */,
				0865DF43C591C1E71F14955E /* [CP] Embed Pods Frameworks */,
				455CE19F1DE0BA7D00FF65DC /* Embed Frameworks */,
			);
			buildRules = (
			);
			dependencies = (
				455CE19E1DE0BA7D00FF65DC /* PBXTargetDependency */,
			);
			name = CustomerlyDemo;
			productName = CustomerlyDemo;
			productReference = 455CE14B1DE0AAF200FF65DC /* CustomerlyDemo.app */;
			productType = "com.apple.product-type.application";
		};
		455CE15D1DE0AAF200FF65DC /* CustomerlyDemoUITests */ = {
			isa = PBXNativeTarget;
			buildConfigurationList = 455CE1681DE0AAF300FF65DC /* Build configuration list for PBXNativeTarget "CustomerlyDemoUITests" */;
			buildPhases = (
				455CE15A1DE0AAF200FF65DC /* Sources */,
				455CE15B1DE0AAF200FF65DC /* Frameworks */,
				455CE15C1DE0AAF200FF65DC /* Resources */,
			);
			buildRules = (
			);
			dependencies = (
				455CE1601DE0AAF300FF65DC /* PBXTargetDependency */,
			);
			name = CustomerlyDemoUITests;
			productName = CustomerlyDemoUITests;
			productReference = 455CE15E1DE0AAF200FF65DC /* CustomerlyDemoUITests.xctest */;
			productType = "com.apple.product-type.bundle.ui-testing";
		};
/* End PBXNativeTarget section */

/* Begin PBXProject section */
		455CE1241DE0AA9F00FF65DC /* Project object */ = {
			isa = PBXProject;
			attributes = {
				LastSwiftUpdateCheck = 0810;
				LastUpgradeCheck = 0940;
				ORGANIZATIONNAME = Customerly;
				TargetAttributes = {
					455CE12E1DE0AABD00FF65DC = {
						CreatedOnToolsVersion = 8.1;
						LastSwiftMigration = 1000;
						ProvisioningStyle = Automatic;
					};
					455CE1371DE0AABD00FF65DC = {
						CreatedOnToolsVersion = 8.1;
						ProvisioningStyle = Automatic;
					};
					455CE14A1DE0AAF200FF65DC = {
						CreatedOnToolsVersion = 8.1;
						DevelopmentTeam = BVJ7983QHC;
						LastSwiftMigration = 1000;
						ProvisioningStyle = Automatic;
					};
					455CE15D1DE0AAF200FF65DC = {
						CreatedOnToolsVersion = 8.1;
						LastSwiftMigration = 1000;
						ProvisioningStyle = Automatic;
						TestTargetID = 455CE14A1DE0AAF200FF65DC;
					};
				};
			};
			buildConfigurationList = 455CE1271DE0AA9F00FF65DC /* Build configuration list for PBXProject "Customerly" */;
			compatibilityVersion = "Xcode 3.2";
			developmentRegion = en;
			hasScannedForEncodings = 0;
			knownRegions = (
				en,
				Base,
				it,
				es,
			);
			mainGroup = 455CE1231DE0AA9F00FF65DC;
			productRefGroup = 455CE1301DE0AABD00FF65DC /* Products */;
			projectDirPath = "";
			projectRoot = "";
			targets = (
				455CE12E1DE0AABD00FF65DC /* CustomerlySDK */,
				455CE1371DE0AABD00FF65DC /* CustomerlySDKTests */,
				455CE14A1DE0AAF200FF65DC /* CustomerlyDemo */,
				455CE15D1DE0AAF200FF65DC /* CustomerlyDemoUITests */,
			);
		};
/* End PBXProject section */

/* Begin PBXResourcesBuildPhase section */
		455CE12D1DE0AABD00FF65DC /* Resources */ = {
			isa = PBXResourcesBuildPhase;
			buildActionMask = 2147483647;
			files = (
				452B2E801E4780FA006D629A /* notification.m4r in Resources */,
				452B2E7F1E4773CA006D629A /* MessageCell.xib in Resources */,
				45FF409E1E114EFE002707C3 /* ImageMessageCell.xib in Resources */,
				45E924FB1E22DEA300514EA3 /* Localizable.strings in Resources */,
				45FF40A21E12E486002707C3 /* CustomerlyImageGallery.storyboard in Resources */,
				454BC2571E3E2D3900611B58 /* Banner.xib in Resources */,
				45E61EF71E16AD340088D6C5 /* CustomerlySurvey.storyboard in Resources */,
				45FF409C1E114ECD002707C3 /* MessageWithImageCell.xib in Resources */,
				45FA19C11DEB4E0200D26059 /* Assets.xcassets in Resources */,
				455CE1991DE0AB4500FF65DC /* CustomerlyChat.storyboard in Resources */,
			);
			runOnlyForDeploymentPostprocessing = 0;
		};
		455CE1361DE0AABD00FF65DC /* Resources */ = {
			isa = PBXResourcesBuildPhase;
			buildActionMask = 2147483647;
			files = (
			);
			runOnlyForDeploymentPostprocessing = 0;
		};
		455CE1491DE0AAF200FF65DC /* Resources */ = {
			isa = PBXResourcesBuildPhase;
			buildActionMask = 2147483647;
			files = (
				455CE1581DE0AAF200FF65DC /* LaunchScreen.storyboard in Resources */,
				455CE1551DE0AAF200FF65DC /* Assets.xcassets in Resources */,
				455CE1531DE0AAF200FF65DC /* Main.storyboard in Resources */,
			);
			runOnlyForDeploymentPostprocessing = 0;
		};
		455CE15C1DE0AAF200FF65DC /* Resources */ = {
			isa = PBXResourcesBuildPhase;
			buildActionMask = 2147483647;
			files = (
			);
			runOnlyForDeploymentPostprocessing = 0;
		};
/* End PBXResourcesBuildPhase section */

/* Begin PBXShellScriptBuildPhase section */
		0865DF43C591C1E71F14955E /* [CP] Embed Pods Frameworks */ = {
			isa = PBXShellScriptBuildPhase;
			buildActionMask = 2147483647;
			files = (
			);
			inputPaths = (
				"${PODS_ROOT}/Target Support Files/Pods-CustomerlyDemo/Pods-CustomerlyDemo-frameworks.sh",
				"${BUILT_PRODUCTS_DIR}/Kingfisher/Kingfisher.framework",
				"${BUILT_PRODUCTS_DIR}/ObjectMapper/ObjectMapper.framework",
				"${BUILT_PRODUCTS_DIR}/Socket.IO-Client-Swift/SocketIO.framework",
				"${BUILT_PRODUCTS_DIR}/Starscream/Starscream.framework",
			);
			name = "[CP] Embed Pods Frameworks";
			outputPaths = (
				"${TARGET_BUILD_DIR}/${FRAMEWORKS_FOLDER_PATH}/Kingfisher.framework",
				"${TARGET_BUILD_DIR}/${FRAMEWORKS_FOLDER_PATH}/ObjectMapper.framework",
				"${TARGET_BUILD_DIR}/${FRAMEWORKS_FOLDER_PATH}/SocketIO.framework",
				"${TARGET_BUILD_DIR}/${FRAMEWORKS_FOLDER_PATH}/Starscream.framework",
			);
			runOnlyForDeploymentPostprocessing = 0;
			shellPath = /bin/sh;
			shellScript = "\"${PODS_ROOT}/Target Support Files/Pods-CustomerlyDemo/Pods-CustomerlyDemo-frameworks.sh\"\n";
			showEnvVarsInLog = 0;
		};
		BA2E8136244F93DE38F6F1AE /* [CP] Check Pods Manifest.lock */ = {
			isa = PBXShellScriptBuildPhase;
			buildActionMask = 2147483647;
			files = (
			);
			inputPaths = (
				"${PODS_PODFILE_DIR_PATH}/Podfile.lock",
				"${PODS_ROOT}/Manifest.lock",
			);
			name = "[CP] Check Pods Manifest.lock";
			outputPaths = (
				"$(DERIVED_FILE_DIR)/Pods-CustomerlyDemo-checkManifestLockResult.txt",
			);
			runOnlyForDeploymentPostprocessing = 0;
			shellPath = /bin/sh;
			shellScript = "diff \"${PODS_PODFILE_DIR_PATH}/Podfile.lock\" \"${PODS_ROOT}/Manifest.lock\" > /dev/null\nif [ $? != 0 ] ; then\n    # print error to STDERR\n    echo \"error: The sandbox is not in sync with the Podfile.lock. Run 'pod install' or update your CocoaPods installation.\" >&2\n    exit 1\nfi\n# This output is used by Xcode 'outputs' to avoid re-running this script phase.\necho \"SUCCESS\" > \"${SCRIPT_OUTPUT_FILE_0}\"\n";
			showEnvVarsInLog = 0;
		};
		C76141D4F1705DB776500D79 /* [CP] Check Pods Manifest.lock */ = {
			isa = PBXShellScriptBuildPhase;
			buildActionMask = 2147483647;
			files = (
			);
			inputPaths = (
				"${PODS_PODFILE_DIR_PATH}/Podfile.lock",
				"${PODS_ROOT}/Manifest.lock",
			);
			name = "[CP] Check Pods Manifest.lock";
			outputPaths = (
				"$(DERIVED_FILE_DIR)/Pods-CustomerlySDK-checkManifestLockResult.txt",
			);
			runOnlyForDeploymentPostprocessing = 0;
			shellPath = /bin/sh;
			shellScript = "diff \"${PODS_PODFILE_DIR_PATH}/Podfile.lock\" \"${PODS_ROOT}/Manifest.lock\" > /dev/null\nif [ $? != 0 ] ; then\n    # print error to STDERR\n    echo \"error: The sandbox is not in sync with the Podfile.lock. Run 'pod install' or update your CocoaPods installation.\" >&2\n    exit 1\nfi\n# This output is used by Xcode 'outputs' to avoid re-running this script phase.\necho \"SUCCESS\" > \"${SCRIPT_OUTPUT_FILE_0}\"\n";
			showEnvVarsInLog = 0;
		};
/* End PBXShellScriptBuildPhase section */

/* Begin PBXSourcesBuildPhase section */
		455CE12A1DE0AABD00FF65DC /* Sources */ = {
			isa = PBXSourcesBuildPhase;
			buildActionMask = 2147483647;
			files = (
				456DE3EB1E351E6D008B115D /* CyCollectionView.swift in Sources */,
				45FF40981E102FED002707C3 /* CyString.swift in Sources */,
				455A0FA31DF47ACB003EEA43 /* CyLabel.swift in Sources */,
				455A0F9F1DF46F35003EEA43 /* CustomerlyConversationListVC.swift in Sources */,
				455A0F971DF0BD20003EEA43 /* CyConversationModel.swift in Sources */,
				455CE1971DE0AB4500FF65DC /* CyUserModel.swift in Sources */,
				455CE1981DE0AB4500FF65DC /* CyWebsocketModel.swift in Sources */,
				45CDE1FB1E394A80009C0112 /* CyBanner.swift in Sources */,
				455CE18A1DE0AB4500FF65DC /* CyMapping.swift in Sources */,
				45E61EFF1E1983FA0088D6C5 /* CySurveyListViewController.swift in Sources */,
				455A0FA11DF47A90003EEA43 /* CyImageView.swift in Sources */,
				45E61EF51E16ACBC0088D6C5 /* CustomerlySurveyViewController.swift in Sources */,
				454A9D401DEAFE060078F6D3 /* CyAdminModel.swift in Sources */,
				4579C0451E1D988A0035DAC4 /* CySurveyResponseModel.swift in Sources */,
				455A0F8F1DEE33EA003EEA43 /* CyMessageAttachmentRequestModel.swift in Sources */,
				451753A62066C8E800E3D1BF /* CyStackView.swift in Sources */,
				45FA19C71DECC5FD00D26059 /* CyDate.swift in Sources */,
				45FB162A1F269ABD00F515DF /* CyErrorModel.swift in Sources */,
				455CE1961DE0AB4500FF65DC /* CyTrackingRequestModel.swift in Sources */,
				455CE1941DE0AB4500FF65DC /* CySettingsModel.swift in Sources */,
				45FA19C31DEC283A00D26059 /* CyViewController.swift in Sources */,
				45E61F011E1984810088D6C5 /* CySurveyButtonTableViewCell.swift in Sources */,
				452745DC1DF9C027006215B1 /* CyTableView.swift in Sources */,
				45F9E0AF1E1C46D300C7241F /* CySurveyPickerViewController.swift in Sources */,
				455CE1A11DE0C85500FF65DC /* CustomerlyNavigationController.swift in Sources */,
				455CE1891DE0AB4500FF65DC /* CyLogging.swift in Sources */,
				455CE1881DE0AB4500FF65DC /* CyHTTPValidation.swift in Sources */,
				455CE18E1DE0AB4500FF65DC /* CyAppModel.swift in Sources */,
				453CC13D1DEA2C0F00D85957 /* CyActiveAdminsTableViewCell.swift in Sources */,
				455CE1851DE0AB4500FF65DC /* Customerly.swift in Sources */,
				455A0F951DF0AA41003EEA43 /* CySendMessageResponseModel.swift in Sources */,
				455A0F9B1DF0C272003EEA43 /* CyAttachmentModel.swift in Sources */,
				459B2D6B1E4BDC50005B5CAD /* CyBundle.swift in Sources */,
				451FCB9B1E2A8094006E315D /* CyTokenModel.swift in Sources */,
				455CE1911DE0AB4500FF65DC /* CyDataModel.swift in Sources */,
				458781C51DFC673E00851DD9 /* CyTextView.swift in Sources */,
				45282DA81DFF21830021E7F9 /* CySeenMessageSocketModel.swift in Sources */,
				455A0F8D1DEE2D92003EEA43 /* CySendMessageRequestParamsModel.swift in Sources */,
				455A0FA71DF47E08003EEA43 /* CyAccountModel.swift in Sources */,
				45FA19B91DEB423600D26059 /* CyView.swift in Sources */,
				458781C91DFC789400851DD9 /* CyConversationMessagesResponseModel.swift in Sources */,
				455CE1861DE0AB4500FF65DC /* CyConfig.swift in Sources */,
				45FF40A01E12AA9A002707C3 /* CyMessageSeenRequestModel.swift in Sources */,
				455CE1931DE0AB4500FF65DC /* CyRequestPingModel.swift in Sources */,
				455CE1871DE0AB4500FF65DC /* CyDataFetcher.swift in Sources */,
				45282DA41DFF0FF20021E7F9 /* CyTypingSocketModel.swift in Sources */,
				456DE3E91E34F0A9008B115D /* CyHeaderDateTableViewCell.swift in Sources */,
				45F9E0B11E1C4AF300C7241F /* CySurveySliderViewController.swift in Sources */,
				455A0FA51DF47C3D003EEA43 /* CyConversationTableViewCell.swift in Sources */,
				45D16F151E412C500092E554 /* CySound.swift in Sources */,
				4579C0491E1DA19D0035DAC4 /* CySurveyParamsRequestModel.swift in Sources */,
				45FA19BD1DEB4C2000D26059 /* CyButton.swift in Sources */,
				456DE3ED1E351ECE008B115D /* CySingleActiveAdminCollectionViewCell.swift in Sources */,
				455A0FA91DF47EC2003EEA43 /* CyConversationRetrieveResponseModel.swift in Sources */,
				455CE1921DE0AB4500FF65DC /* CyDeviceModel.swift in Sources */,
				455A0FAB1DF48022003EEA43 /* CyConversationRequestModel.swift in Sources */,
				455CE18B1DE0AB4500FF65DC /* CyRouting.swift in Sources */,
				45F9E0B51E1C5A1E00C7241F /* CySurveyTextFieldViewController.swift in Sources */,
				455CE18D1DE0AB4500FF65DC /* CyAppConfigModel.swift in Sources */,
				455CE18C1DE0AB4500FF65DC /* CyStorage.swift in Sources */,
				45282DA61DFF12470021E7F9 /* CyMessageSocketModel.swift in Sources */,
				45F9E0B31E1C532B00C7241F /* CySurveyStarsViewController.swift in Sources */,
				455A0F8A1DEE2951003EEA43 /* CyColor.swift in Sources */,
				4579C0471E1DA00D0035DAC4 /* CySurveyChoiceResponseModel.swift in Sources */,
				45282DA11DFEF4160021E7F9 /* CySocket.swift in Sources */,
				458781C71DFC6A3A00851DD9 /* CyMessageTableViewCell.swift in Sources */,
				45FF40A41E12E4AB002707C3 /* CustomerlyGalleryViewController.swift in Sources */,
				455CE19A1DE0AB4500FF65DC /* CustomerlyChatStartVC.swift in Sources */,
				45FA19BF1DEB4C4D00D26059 /* CyTextField.swift in Sources */,
				45FF409A1E114C94002707C3 /* CyImageMassageTableViewCell.swift in Sources */,
				45C240291E42496600FC046A /* CyInt.swift in Sources */,
				455A0F991DF0C184003EEA43 /* CyMessageModel.swift in Sources */,
				455A0F881DEE248E003EEA43 /* CySendMessageRequestModel.swift in Sources */,
				45DE7D751F0C0F320069786D /* CyVersioning.swift in Sources */,
			);
			runOnlyForDeploymentPostprocessing = 0;
		};
		455CE1341DE0AABD00FF65DC /* Sources */ = {
			isa = PBXSourcesBuildPhase;
			buildActionMask = 2147483647;
			files = (
				455CE13E1DE0AABD00FF65DC /* CustomerlySDKTests.swift in Sources */,
			);
			runOnlyForDeploymentPostprocessing = 0;
		};
		455CE1471DE0AAF200FF65DC /* Sources */ = {
			isa = PBXSourcesBuildPhase;
			buildActionMask = 2147483647;
			files = (
				455CE1501DE0AAF200FF65DC /* ViewController.swift in Sources */,
				455CE14E1DE0AAF200FF65DC /* AppDelegate.swift in Sources */,
			);
			runOnlyForDeploymentPostprocessing = 0;
		};
		455CE15A1DE0AAF200FF65DC /* Sources */ = {
			isa = PBXSourcesBuildPhase;
			buildActionMask = 2147483647;
			files = (
				455CE1631DE0AAF300FF65DC /* CustomerlyDemoUITests.swift in Sources */,
				45C27E151E58960F002F2187 /* ChatTests.swift in Sources */,
			);
			runOnlyForDeploymentPostprocessing = 0;
		};
/* End PBXSourcesBuildPhase section */

/* Begin PBXTargetDependency section */
		455CE13B1DE0AABD00FF65DC /* PBXTargetDependency */ = {
			isa = PBXTargetDependency;
			target = 455CE12E1DE0AABD00FF65DC /* CustomerlySDK */;
			targetProxy = 455CE13A1DE0AABD00FF65DC /* PBXContainerItemProxy */;
		};
		455CE1601DE0AAF300FF65DC /* PBXTargetDependency */ = {
			isa = PBXTargetDependency;
			target = 455CE14A1DE0AAF200FF65DC /* CustomerlyDemo */;
			targetProxy = 455CE15F1DE0AAF300FF65DC /* PBXContainerItemProxy */;
		};
		455CE19E1DE0BA7D00FF65DC /* PBXTargetDependency */ = {
			isa = PBXTargetDependency;
			target = 455CE12E1DE0AABD00FF65DC /* CustomerlySDK */;
			targetProxy = 455CE19D1DE0BA7D00FF65DC /* PBXContainerItemProxy */;
		};
/* End PBXTargetDependency section */

/* Begin PBXVariantGroup section */
		455CE1511DE0AAF200FF65DC /* Main.storyboard */ = {
			isa = PBXVariantGroup;
			children = (
				455CE1521DE0AAF200FF65DC /* Base */,
			);
			name = Main.storyboard;
			sourceTree = "<group>";
		};
		455CE1561DE0AAF200FF65DC /* LaunchScreen.storyboard */ = {
			isa = PBXVariantGroup;
			children = (
				455CE1571DE0AAF200FF65DC /* Base */,
			);
			name = LaunchScreen.storyboard;
			sourceTree = "<group>";
		};
		45E924FD1E22DEA300514EA3 /* Localizable.strings */ = {
			isa = PBXVariantGroup;
			children = (
				45E924FC1E22DEA300514EA3 /* Base */,
				45DC04B81E243565004DB406 /* it */,
				45DE41471FC4C644005C5108 /* es */,
			);
			name = Localizable.strings;
			sourceTree = "<group>";
		};
/* End PBXVariantGroup section */

/* Begin XCBuildConfiguration section */
		455CE1281DE0AA9F00FF65DC /* Debug */ = {
			isa = XCBuildConfiguration;
			buildSettings = {
				CLANG_ANALYZER_LOCALIZABILITY_NONLOCALIZED = YES;
				CLANG_WARN_BLOCK_CAPTURE_AUTORELEASING = YES;
				CLANG_WARN_BOOL_CONVERSION = YES;
				CLANG_WARN_COMMA = YES;
				CLANG_WARN_CONSTANT_CONVERSION = YES;
				CLANG_WARN_DEPRECATED_OBJC_IMPLEMENTATIONS = YES;
				CLANG_WARN_EMPTY_BODY = YES;
				CLANG_WARN_ENUM_CONVERSION = YES;
				CLANG_WARN_INFINITE_RECURSION = YES;
				CLANG_WARN_INT_CONVERSION = YES;
				CLANG_WARN_NON_LITERAL_NULL_CONVERSION = YES;
				CLANG_WARN_OBJC_IMPLICIT_RETAIN_SELF = YES;
				CLANG_WARN_OBJC_LITERAL_CONVERSION = YES;
				CLANG_WARN_RANGE_LOOP_ANALYSIS = YES;
				CLANG_WARN_STRICT_PROTOTYPES = YES;
				CLANG_WARN_SUSPICIOUS_MOVE = YES;
				CLANG_WARN_UNREACHABLE_CODE = YES;
				CLANG_WARN__DUPLICATE_METHOD_MATCH = YES;
				ENABLE_STRICT_OBJC_MSGSEND = YES;
				ENABLE_TESTABILITY = YES;
				GCC_NO_COMMON_BLOCKS = YES;
				GCC_WARN_64_TO_32_BIT_CONVERSION = YES;
				GCC_WARN_ABOUT_RETURN_TYPE = YES;
				GCC_WARN_UNDECLARED_SELECTOR = YES;
				GCC_WARN_UNINITIALIZED_AUTOS = YES;
				GCC_WARN_UNUSED_FUNCTION = YES;
				GCC_WARN_UNUSED_VARIABLE = YES;
				IPHONEOS_DEPLOYMENT_TARGET = 10.0;
				ONLY_ACTIVE_ARCH = YES;
				SWIFT_VERSION = 5.0;
			};
			name = Debug;
		};
		455CE1291DE0AA9F00FF65DC /* Release */ = {
			isa = XCBuildConfiguration;
			buildSettings = {
				CLANG_ANALYZER_LOCALIZABILITY_NONLOCALIZED = YES;
				CLANG_WARN_BLOCK_CAPTURE_AUTORELEASING = YES;
				CLANG_WARN_BOOL_CONVERSION = YES;
				CLANG_WARN_COMMA = YES;
				CLANG_WARN_CONSTANT_CONVERSION = YES;
				CLANG_WARN_DEPRECATED_OBJC_IMPLEMENTATIONS = YES;
				CLANG_WARN_EMPTY_BODY = YES;
				CLANG_WARN_ENUM_CONVERSION = YES;
				CLANG_WARN_INFINITE_RECURSION = YES;
				CLANG_WARN_INT_CONVERSION = YES;
				CLANG_WARN_NON_LITERAL_NULL_CONVERSION = YES;
				CLANG_WARN_OBJC_IMPLICIT_RETAIN_SELF = YES;
				CLANG_WARN_OBJC_LITERAL_CONVERSION = YES;
				CLANG_WARN_RANGE_LOOP_ANALYSIS = YES;
				CLANG_WARN_STRICT_PROTOTYPES = YES;
				CLANG_WARN_SUSPICIOUS_MOVE = YES;
				CLANG_WARN_UNREACHABLE_CODE = YES;
				CLANG_WARN__DUPLICATE_METHOD_MATCH = YES;
				ENABLE_STRICT_OBJC_MSGSEND = YES;
				GCC_NO_COMMON_BLOCKS = YES;
				GCC_WARN_64_TO_32_BIT_CONVERSION = YES;
				GCC_WARN_ABOUT_RETURN_TYPE = YES;
				GCC_WARN_UNDECLARED_SELECTOR = YES;
				GCC_WARN_UNINITIALIZED_AUTOS = YES;
				GCC_WARN_UNUSED_FUNCTION = YES;
				GCC_WARN_UNUSED_VARIABLE = YES;
				IPHONEOS_DEPLOYMENT_TARGET = 10.0;
				SWIFT_VERSION = 5.0;
			};
			name = Release;
		};
		455CE1421DE0AABD00FF65DC /* Debug */ = {
			isa = XCBuildConfiguration;
			baseConfigurationReference = 3A31FA2E3BDF3C36343BDD29 /* Pods-CustomerlySDK.debug.xcconfig */;
			buildSettings = {
				ALWAYS_SEARCH_USER_PATHS = NO;
				CLANG_ANALYZER_NONNULL = YES;
				CLANG_CXX_LANGUAGE_STANDARD = "gnu++0x";
				CLANG_CXX_LIBRARY = "libc++";
				CLANG_ENABLE_MODULES = YES;
				CLANG_ENABLE_OBJC_ARC = YES;
				CLANG_WARN_BOOL_CONVERSION = YES;
				CLANG_WARN_CONSTANT_CONVERSION = YES;
				CLANG_WARN_DIRECT_OBJC_ISA_USAGE = YES_ERROR;
				CLANG_WARN_DOCUMENTATION_COMMENTS = YES;
				CLANG_WARN_EMPTY_BODY = YES;
				CLANG_WARN_ENUM_CONVERSION = YES;
				CLANG_WARN_INFINITE_RECURSION = YES;
				CLANG_WARN_INT_CONVERSION = YES;
				CLANG_WARN_OBJC_ROOT_CLASS = YES_ERROR;
				CLANG_WARN_SUSPICIOUS_MOVES = YES;
				CLANG_WARN_UNREACHABLE_CODE = YES;
				CLANG_WARN__DUPLICATE_METHOD_MATCH = YES;
				CODE_SIGN_IDENTITY = "";
				"CODE_SIGN_IDENTITY[sdk=iphoneos*]" = "";
				COPY_PHASE_STRIP = NO;
				CURRENT_PROJECT_VERSION = 1;
				DEBUG_INFORMATION_FORMAT = dwarf;
				DEFINES_MODULE = YES;
				DYLIB_COMPATIBILITY_VERSION = 1;
				DYLIB_CURRENT_VERSION = 1;
				DYLIB_INSTALL_NAME_BASE = "@rpath";
				ENABLE_STRICT_OBJC_MSGSEND = YES;
				ENABLE_TESTABILITY = YES;
				GCC_C_LANGUAGE_STANDARD = gnu99;
				GCC_DYNAMIC_NO_PIC = NO;
				GCC_NO_COMMON_BLOCKS = YES;
				GCC_OPTIMIZATION_LEVEL = 0;
				GCC_PREPROCESSOR_DEFINITIONS = (
					"DEBUG=1",
					"$(inherited)",
				);
				GCC_WARN_64_TO_32_BIT_CONVERSION = YES;
				GCC_WARN_ABOUT_RETURN_TYPE = YES_ERROR;
				GCC_WARN_UNDECLARED_SELECTOR = YES;
				GCC_WARN_UNINITIALIZED_AUTOS = YES_AGGRESSIVE;
				GCC_WARN_UNUSED_FUNCTION = YES;
				GCC_WARN_UNUSED_VARIABLE = YES;
				INFOPLIST_FILE = CustomerlySDK/Info.plist;
				INSTALL_PATH = "$(LOCAL_LIBRARY_DIR)/Frameworks";
				IPHONEOS_DEPLOYMENT_TARGET = 10.0;
				LD_RUNPATH_SEARCH_PATHS = "$(inherited) @executable_path/Frameworks @loader_path/Frameworks";
				MARKETING_VERSION = 3.1.1;
				MTL_ENABLE_DEBUG_INFO = YES;
				ONLY_ACTIVE_ARCH = YES;
				PRODUCT_BUNDLE_IDENTIFIER = io.customerly.CustomerlySDK;
				PRODUCT_NAME = "$(TARGET_NAME)";
				SDKROOT = iphoneos;
				SKIP_INSTALL = YES;
				SWIFT_ACTIVE_COMPILATION_CONDITIONS = DEBUG;
				SWIFT_OPTIMIZATION_LEVEL = "-Onone";
				SWIFT_VERSION = 5.0;
				TARGETED_DEVICE_FAMILY = "1,2";
				VERSIONING_SYSTEM = "apple-generic";
				VERSION_INFO_PREFIX = "";
			};
			name = Debug;
		};
		455CE1431DE0AABD00FF65DC /* Release */ = {
			isa = XCBuildConfiguration;
			baseConfigurationReference = DF9FDD385BB3CF1819AB53CF /* Pods-CustomerlySDK.release.xcconfig */;
			buildSettings = {
				ALWAYS_SEARCH_USER_PATHS = NO;
				CLANG_ANALYZER_NONNULL = YES;
				CLANG_CXX_LANGUAGE_STANDARD = "gnu++0x";
				CLANG_CXX_LIBRARY = "libc++";
				CLANG_ENABLE_MODULES = YES;
				CLANG_ENABLE_OBJC_ARC = YES;
				CLANG_WARN_BOOL_CONVERSION = YES;
				CLANG_WARN_CONSTANT_CONVERSION = YES;
				CLANG_WARN_DIRECT_OBJC_ISA_USAGE = YES_ERROR;
				CLANG_WARN_DOCUMENTATION_COMMENTS = YES;
				CLANG_WARN_EMPTY_BODY = YES;
				CLANG_WARN_ENUM_CONVERSION = YES;
				CLANG_WARN_INFINITE_RECURSION = YES;
				CLANG_WARN_INT_CONVERSION = YES;
				CLANG_WARN_OBJC_ROOT_CLASS = YES_ERROR;
				CLANG_WARN_SUSPICIOUS_MOVES = YES;
				CLANG_WARN_UNREACHABLE_CODE = YES;
				CLANG_WARN__DUPLICATE_METHOD_MATCH = YES;
				CODE_SIGN_IDENTITY = "";
				"CODE_SIGN_IDENTITY[sdk=iphoneos*]" = "";
				COPY_PHASE_STRIP = NO;
				CURRENT_PROJECT_VERSION = 1;
				DEBUG_INFORMATION_FORMAT = "dwarf-with-dsym";
				DEFINES_MODULE = YES;
				DYLIB_COMPATIBILITY_VERSION = 1;
				DYLIB_CURRENT_VERSION = 1;
				DYLIB_INSTALL_NAME_BASE = "@rpath";
				ENABLE_NS_ASSERTIONS = NO;
				ENABLE_STRICT_OBJC_MSGSEND = YES;
				GCC_C_LANGUAGE_STANDARD = gnu99;
				GCC_NO_COMMON_BLOCKS = YES;
				GCC_WARN_64_TO_32_BIT_CONVERSION = YES;
				GCC_WARN_ABOUT_RETURN_TYPE = YES_ERROR;
				GCC_WARN_UNDECLARED_SELECTOR = YES;
				GCC_WARN_UNINITIALIZED_AUTOS = YES_AGGRESSIVE;
				GCC_WARN_UNUSED_FUNCTION = YES;
				GCC_WARN_UNUSED_VARIABLE = YES;
				INFOPLIST_FILE = CustomerlySDK/Info.plist;
				INSTALL_PATH = "$(LOCAL_LIBRARY_DIR)/Frameworks";
				IPHONEOS_DEPLOYMENT_TARGET = 10.0;
				LD_RUNPATH_SEARCH_PATHS = "$(inherited) @executable_path/Frameworks @loader_path/Frameworks";
				MARKETING_VERSION = 3.1.1;
				MTL_ENABLE_DEBUG_INFO = NO;
				PRODUCT_BUNDLE_IDENTIFIER = io.customerly.CustomerlySDK;
				PRODUCT_NAME = "$(TARGET_NAME)";
				SDKROOT = iphoneos;
				SKIP_INSTALL = YES;
				SWIFT_OPTIMIZATION_LEVEL = "-Owholemodule";
				SWIFT_VERSION = 5.0;
				TARGETED_DEVICE_FAMILY = "1,2";
				VALIDATE_PRODUCT = YES;
				VERSIONING_SYSTEM = "apple-generic";
				VERSION_INFO_PREFIX = "";
			};
			name = Release;
		};
		455CE1451DE0AABD00FF65DC /* Debug */ = {
			isa = XCBuildConfiguration;
			buildSettings = {
				ALWAYS_EMBED_SWIFT_STANDARD_LIBRARIES = YES;
				ALWAYS_SEARCH_USER_PATHS = NO;
				CLANG_ANALYZER_NONNULL = YES;
				CLANG_CXX_LANGUAGE_STANDARD = "gnu++0x";
				CLANG_CXX_LIBRARY = "libc++";
				CLANG_ENABLE_MODULES = YES;
				CLANG_ENABLE_OBJC_ARC = YES;
				CLANG_WARN_BOOL_CONVERSION = YES;
				CLANG_WARN_CONSTANT_CONVERSION = YES;
				CLANG_WARN_DIRECT_OBJC_ISA_USAGE = YES_ERROR;
				CLANG_WARN_DOCUMENTATION_COMMENTS = YES;
				CLANG_WARN_EMPTY_BODY = YES;
				CLANG_WARN_ENUM_CONVERSION = YES;
				CLANG_WARN_INFINITE_RECURSION = YES;
				CLANG_WARN_INT_CONVERSION = YES;
				CLANG_WARN_OBJC_ROOT_CLASS = YES_ERROR;
				CLANG_WARN_SUSPICIOUS_MOVES = YES;
				CLANG_WARN_UNREACHABLE_CODE = YES;
				CLANG_WARN__DUPLICATE_METHOD_MATCH = YES;
				"CODE_SIGN_IDENTITY[sdk=iphoneos*]" = "iPhone Developer";
				COPY_PHASE_STRIP = NO;
				DEBUG_INFORMATION_FORMAT = dwarf;
				ENABLE_STRICT_OBJC_MSGSEND = YES;
				ENABLE_TESTABILITY = YES;
				GCC_C_LANGUAGE_STANDARD = gnu99;
				GCC_DYNAMIC_NO_PIC = NO;
				GCC_NO_COMMON_BLOCKS = YES;
				GCC_OPTIMIZATION_LEVEL = 0;
				GCC_PREPROCESSOR_DEFINITIONS = (
					"DEBUG=1",
					"$(inherited)",
				);
				GCC_WARN_64_TO_32_BIT_CONVERSION = YES;
				GCC_WARN_ABOUT_RETURN_TYPE = YES_ERROR;
				GCC_WARN_UNDECLARED_SELECTOR = YES;
				GCC_WARN_UNINITIALIZED_AUTOS = YES_AGGRESSIVE;
				GCC_WARN_UNUSED_FUNCTION = YES;
				GCC_WARN_UNUSED_VARIABLE = YES;
				INFOPLIST_FILE = CustomerlySDKTests/Info.plist;
				IPHONEOS_DEPLOYMENT_TARGET = 10.0;
				LD_RUNPATH_SEARCH_PATHS = "$(inherited) @executable_path/Frameworks @loader_path/Frameworks";
				MTL_ENABLE_DEBUG_INFO = YES;
				ONLY_ACTIVE_ARCH = YES;
				PRODUCT_BUNDLE_IDENTIFIER = io.customerly.CustomerlySDKTests;
				PRODUCT_NAME = "$(TARGET_NAME)";
				SDKROOT = iphoneos;
				SWIFT_ACTIVE_COMPILATION_CONDITIONS = DEBUG;
				SWIFT_OPTIMIZATION_LEVEL = "-Onone";
				SWIFT_VERSION = 5.0;
			};
			name = Debug;
		};
		455CE1461DE0AABD00FF65DC /* Release */ = {
			isa = XCBuildConfiguration;
			buildSettings = {
				ALWAYS_EMBED_SWIFT_STANDARD_LIBRARIES = YES;
				ALWAYS_SEARCH_USER_PATHS = NO;
				CLANG_ANALYZER_NONNULL = YES;
				CLANG_CXX_LANGUAGE_STANDARD = "gnu++0x";
				CLANG_CXX_LIBRARY = "libc++";
				CLANG_ENABLE_MODULES = YES;
				CLANG_ENABLE_OBJC_ARC = YES;
				CLANG_WARN_BOOL_CONVERSION = YES;
				CLANG_WARN_CONSTANT_CONVERSION = YES;
				CLANG_WARN_DIRECT_OBJC_ISA_USAGE = YES_ERROR;
				CLANG_WARN_DOCUMENTATION_COMMENTS = YES;
				CLANG_WARN_EMPTY_BODY = YES;
				CLANG_WARN_ENUM_CONVERSION = YES;
				CLANG_WARN_INFINITE_RECURSION = YES;
				CLANG_WARN_INT_CONVERSION = YES;
				CLANG_WARN_OBJC_ROOT_CLASS = YES_ERROR;
				CLANG_WARN_SUSPICIOUS_MOVES = YES;
				CLANG_WARN_UNREACHABLE_CODE = YES;
				CLANG_WARN__DUPLICATE_METHOD_MATCH = YES;
				"CODE_SIGN_IDENTITY[sdk=iphoneos*]" = "iPhone Developer";
				COPY_PHASE_STRIP = NO;
				DEBUG_INFORMATION_FORMAT = "dwarf-with-dsym";
				ENABLE_NS_ASSERTIONS = NO;
				ENABLE_STRICT_OBJC_MSGSEND = YES;
				GCC_C_LANGUAGE_STANDARD = gnu99;
				GCC_NO_COMMON_BLOCKS = YES;
				GCC_WARN_64_TO_32_BIT_CONVERSION = YES;
				GCC_WARN_ABOUT_RETURN_TYPE = YES_ERROR;
				GCC_WARN_UNDECLARED_SELECTOR = YES;
				GCC_WARN_UNINITIALIZED_AUTOS = YES_AGGRESSIVE;
				GCC_WARN_UNUSED_FUNCTION = YES;
				GCC_WARN_UNUSED_VARIABLE = YES;
				INFOPLIST_FILE = CustomerlySDKTests/Info.plist;
				IPHONEOS_DEPLOYMENT_TARGET = 10.0;
				LD_RUNPATH_SEARCH_PATHS = "$(inherited) @executable_path/Frameworks @loader_path/Frameworks";
				MTL_ENABLE_DEBUG_INFO = NO;
				PRODUCT_BUNDLE_IDENTIFIER = io.customerly.CustomerlySDKTests;
				PRODUCT_NAME = "$(TARGET_NAME)";
				SDKROOT = iphoneos;
				SWIFT_OPTIMIZATION_LEVEL = "-Owholemodule";
				SWIFT_VERSION = 5.0;
				VALIDATE_PRODUCT = YES;
			};
			name = Release;
		};
		455CE1661DE0AAF300FF65DC /* Debug */ = {
			isa = XCBuildConfiguration;
			baseConfigurationReference = B4D40DE420A7DBA14760B190 /* Pods-CustomerlyDemo.debug.xcconfig */;
			buildSettings = {
				ALWAYS_EMBED_SWIFT_STANDARD_LIBRARIES = YES;
				ALWAYS_SEARCH_USER_PATHS = NO;
				ASSETCATALOG_COMPILER_APPICON_NAME = AppIcon;
				CLANG_ANALYZER_NONNULL = YES;
				CLANG_CXX_LANGUAGE_STANDARD = "gnu++0x";
				CLANG_CXX_LIBRARY = "libc++";
				CLANG_ENABLE_MODULES = YES;
				CLANG_ENABLE_OBJC_ARC = YES;
				CLANG_WARN_BOOL_CONVERSION = YES;
				CLANG_WARN_CONSTANT_CONVERSION = YES;
				CLANG_WARN_DIRECT_OBJC_ISA_USAGE = YES_ERROR;
				CLANG_WARN_DOCUMENTATION_COMMENTS = YES;
				CLANG_WARN_EMPTY_BODY = YES;
				CLANG_WARN_ENUM_CONVERSION = YES;
				CLANG_WARN_INFINITE_RECURSION = YES;
				CLANG_WARN_INT_CONVERSION = YES;
				CLANG_WARN_OBJC_ROOT_CLASS = YES_ERROR;
				CLANG_WARN_SUSPICIOUS_MOVES = YES;
				CLANG_WARN_UNREACHABLE_CODE = YES;
				CLANG_WARN__DUPLICATE_METHOD_MATCH = YES;
				"CODE_SIGN_IDENTITY[sdk=iphoneos*]" = "iPhone Developer";
				COPY_PHASE_STRIP = NO;
				DEBUG_INFORMATION_FORMAT = dwarf;
				DEVELOPMENT_TEAM = BVJ7983QHC;
				ENABLE_STRICT_OBJC_MSGSEND = YES;
				ENABLE_TESTABILITY = YES;
				GCC_C_LANGUAGE_STANDARD = gnu99;
				GCC_DYNAMIC_NO_PIC = NO;
				GCC_NO_COMMON_BLOCKS = YES;
				GCC_OPTIMIZATION_LEVEL = 0;
				GCC_PREPROCESSOR_DEFINITIONS = (
					"DEBUG=1",
					"$(inherited)",
				);
				GCC_WARN_64_TO_32_BIT_CONVERSION = YES;
				GCC_WARN_ABOUT_RETURN_TYPE = YES_ERROR;
				GCC_WARN_UNDECLARED_SELECTOR = YES;
				GCC_WARN_UNINITIALIZED_AUTOS = YES_AGGRESSIVE;
				GCC_WARN_UNUSED_FUNCTION = YES;
				GCC_WARN_UNUSED_VARIABLE = YES;
				INFOPLIST_FILE = CustomerlyDemo/Info.plist;
				IPHONEOS_DEPLOYMENT_TARGET = 10.0;
				LD_RUNPATH_SEARCH_PATHS = "$(inherited) @executable_path/Frameworks";
				MARKETING_VERSION = 3.1.1;
				MTL_ENABLE_DEBUG_INFO = YES;
				ONLY_ACTIVE_ARCH = YES;
				PRODUCT_BUNDLE_IDENTIFIER = io.customerly.CustomerlyDemo;
				PRODUCT_NAME = "$(TARGET_NAME)";
				SDKROOT = iphoneos;
				SWIFT_ACTIVE_COMPILATION_CONDITIONS = DEBUG;
				SWIFT_OPTIMIZATION_LEVEL = "-Onone";
				SWIFT_VERSION = 5.0;
				TARGETED_DEVICE_FAMILY = "1,2";
			};
			name = Debug;
		};
		455CE1671DE0AAF300FF65DC /* Release */ = {
			isa = XCBuildConfiguration;
			baseConfigurationReference = DFDEFA7D85D77089038E94EE /* Pods-CustomerlyDemo.release.xcconfig */;
			buildSettings = {
				ALWAYS_EMBED_SWIFT_STANDARD_LIBRARIES = YES;
				ALWAYS_SEARCH_USER_PATHS = NO;
				ASSETCATALOG_COMPILER_APPICON_NAME = AppIcon;
				CLANG_ANALYZER_NONNULL = YES;
				CLANG_CXX_LANGUAGE_STANDARD = "gnu++0x";
				CLANG_CXX_LIBRARY = "libc++";
				CLANG_ENABLE_MODULES = YES;
				CLANG_ENABLE_OBJC_ARC = YES;
				CLANG_WARN_BOOL_CONVERSION = YES;
				CLANG_WARN_CONSTANT_CONVERSION = YES;
				CLANG_WARN_DIRECT_OBJC_ISA_USAGE = YES_ERROR;
				CLANG_WARN_DOCUMENTATION_COMMENTS = YES;
				CLANG_WARN_EMPTY_BODY = YES;
				CLANG_WARN_ENUM_CONVERSION = YES;
				CLANG_WARN_INFINITE_RECURSION = YES;
				CLANG_WARN_INT_CONVERSION = YES;
				CLANG_WARN_OBJC_ROOT_CLASS = YES_ERROR;
				CLANG_WARN_SUSPICIOUS_MOVES = YES;
				CLANG_WARN_UNREACHABLE_CODE = YES;
				CLANG_WARN__DUPLICATE_METHOD_MATCH = YES;
				"CODE_SIGN_IDENTITY[sdk=iphoneos*]" = "iPhone Developer";
				COPY_PHASE_STRIP = NO;
				DEBUG_INFORMATION_FORMAT = "dwarf-with-dsym";
				DEVELOPMENT_TEAM = BVJ7983QHC;
				ENABLE_NS_ASSERTIONS = NO;
				ENABLE_STRICT_OBJC_MSGSEND = YES;
				GCC_C_LANGUAGE_STANDARD = gnu99;
				GCC_NO_COMMON_BLOCKS = YES;
				GCC_WARN_64_TO_32_BIT_CONVERSION = YES;
				GCC_WARN_ABOUT_RETURN_TYPE = YES_ERROR;
				GCC_WARN_UNDECLARED_SELECTOR = YES;
				GCC_WARN_UNINITIALIZED_AUTOS = YES_AGGRESSIVE;
				GCC_WARN_UNUSED_FUNCTION = YES;
				GCC_WARN_UNUSED_VARIABLE = YES;
				INFOPLIST_FILE = CustomerlyDemo/Info.plist;
				IPHONEOS_DEPLOYMENT_TARGET = 10.0;
				LD_RUNPATH_SEARCH_PATHS = "$(inherited) @executable_path/Frameworks";
				MARKETING_VERSION = 3.1.1;
				MTL_ENABLE_DEBUG_INFO = NO;
				PRODUCT_BUNDLE_IDENTIFIER = io.customerly.CustomerlyDemo;
				PRODUCT_NAME = "$(TARGET_NAME)";
				SDKROOT = iphoneos;
				SWIFT_OPTIMIZATION_LEVEL = "-Owholemodule";
				SWIFT_VERSION = 5.0;
				TARGETED_DEVICE_FAMILY = "1,2";
				VALIDATE_PRODUCT = YES;
			};
			name = Release;
		};
		455CE1691DE0AAF300FF65DC /* Debug */ = {
			isa = XCBuildConfiguration;
			buildSettings = {
				ALWAYS_EMBED_SWIFT_STANDARD_LIBRARIES = YES;
				ALWAYS_SEARCH_USER_PATHS = NO;
				CLANG_ANALYZER_NONNULL = YES;
				CLANG_CXX_LANGUAGE_STANDARD = "gnu++0x";
				CLANG_CXX_LIBRARY = "libc++";
				CLANG_ENABLE_MODULES = YES;
				CLANG_ENABLE_OBJC_ARC = YES;
				CLANG_WARN_BOOL_CONVERSION = YES;
				CLANG_WARN_CONSTANT_CONVERSION = YES;
				CLANG_WARN_DIRECT_OBJC_ISA_USAGE = YES_ERROR;
				CLANG_WARN_DOCUMENTATION_COMMENTS = YES;
				CLANG_WARN_EMPTY_BODY = YES;
				CLANG_WARN_ENUM_CONVERSION = YES;
				CLANG_WARN_INFINITE_RECURSION = YES;
				CLANG_WARN_INT_CONVERSION = YES;
				CLANG_WARN_OBJC_ROOT_CLASS = YES_ERROR;
				CLANG_WARN_SUSPICIOUS_MOVES = YES;
				CLANG_WARN_UNREACHABLE_CODE = YES;
				CLANG_WARN__DUPLICATE_METHOD_MATCH = YES;
				"CODE_SIGN_IDENTITY[sdk=iphoneos*]" = "iPhone Developer";
				COPY_PHASE_STRIP = NO;
				DEBUG_INFORMATION_FORMAT = dwarf;
				ENABLE_STRICT_OBJC_MSGSEND = YES;
				ENABLE_TESTABILITY = YES;
				GCC_C_LANGUAGE_STANDARD = gnu99;
				GCC_DYNAMIC_NO_PIC = NO;
				GCC_NO_COMMON_BLOCKS = YES;
				GCC_OPTIMIZATION_LEVEL = 0;
				GCC_PREPROCESSOR_DEFINITIONS = (
					"DEBUG=1",
					"$(inherited)",
				);
				GCC_WARN_64_TO_32_BIT_CONVERSION = YES;
				GCC_WARN_ABOUT_RETURN_TYPE = YES_ERROR;
				GCC_WARN_UNDECLARED_SELECTOR = YES;
				GCC_WARN_UNINITIALIZED_AUTOS = YES_AGGRESSIVE;
				GCC_WARN_UNUSED_FUNCTION = YES;
				GCC_WARN_UNUSED_VARIABLE = YES;
				INFOPLIST_FILE = CustomerlyDemoUITests/Info.plist;
				IPHONEOS_DEPLOYMENT_TARGET = 10.0;
				LD_RUNPATH_SEARCH_PATHS = "$(inherited) @executable_path/Frameworks @loader_path/Frameworks";
				MTL_ENABLE_DEBUG_INFO = YES;
				ONLY_ACTIVE_ARCH = YES;
				PRODUCT_BUNDLE_IDENTIFIER = io.customerly.CustomerlyDemoUITests;
				PRODUCT_NAME = "$(TARGET_NAME)";
				SDKROOT = iphoneos;
				SWIFT_ACTIVE_COMPILATION_CONDITIONS = DEBUG;
				SWIFT_OPTIMIZATION_LEVEL = "-Onone";
				SWIFT_VERSION = 5.0;
				TEST_TARGET_NAME = CustomerlyDemo;
			};
			name = Debug;
		};
		455CE16A1DE0AAF300FF65DC /* Release */ = {
			isa = XCBuildConfiguration;
			buildSettings = {
				ALWAYS_EMBED_SWIFT_STANDARD_LIBRARIES = YES;
				ALWAYS_SEARCH_USER_PATHS = NO;
				CLANG_ANALYZER_NONNULL = YES;
				CLANG_CXX_LANGUAGE_STANDARD = "gnu++0x";
				CLANG_CXX_LIBRARY = "libc++";
				CLANG_ENABLE_MODULES = YES;
				CLANG_ENABLE_OBJC_ARC = YES;
				CLANG_WARN_BOOL_CONVERSION = YES;
				CLANG_WARN_CONSTANT_CONVERSION = YES;
				CLANG_WARN_DIRECT_OBJC_ISA_USAGE = YES_ERROR;
				CLANG_WARN_DOCUMENTATION_COMMENTS = YES;
				CLANG_WARN_EMPTY_BODY = YES;
				CLANG_WARN_ENUM_CONVERSION = YES;
				CLANG_WARN_INFINITE_RECURSION = YES;
				CLANG_WARN_INT_CONVERSION = YES;
				CLANG_WARN_OBJC_ROOT_CLASS = YES_ERROR;
				CLANG_WARN_SUSPICIOUS_MOVES = YES;
				CLANG_WARN_UNREACHABLE_CODE = YES;
				CLANG_WARN__DUPLICATE_METHOD_MATCH = YES;
				"CODE_SIGN_IDENTITY[sdk=iphoneos*]" = "iPhone Developer";
				COPY_PHASE_STRIP = NO;
				DEBUG_INFORMATION_FORMAT = "dwarf-with-dsym";
				ENABLE_NS_ASSERTIONS = NO;
				ENABLE_STRICT_OBJC_MSGSEND = YES;
				GCC_C_LANGUAGE_STANDARD = gnu99;
				GCC_NO_COMMON_BLOCKS = YES;
				GCC_WARN_64_TO_32_BIT_CONVERSION = YES;
				GCC_WARN_ABOUT_RETURN_TYPE = YES_ERROR;
				GCC_WARN_UNDECLARED_SELECTOR = YES;
				GCC_WARN_UNINITIALIZED_AUTOS = YES_AGGRESSIVE;
				GCC_WARN_UNUSED_FUNCTION = YES;
				GCC_WARN_UNUSED_VARIABLE = YES;
				INFOPLIST_FILE = CustomerlyDemoUITests/Info.plist;
				IPHONEOS_DEPLOYMENT_TARGET = 10.0;
				LD_RUNPATH_SEARCH_PATHS = "$(inherited) @executable_path/Frameworks @loader_path/Frameworks";
				MTL_ENABLE_DEBUG_INFO = NO;
				PRODUCT_BUNDLE_IDENTIFIER = io.customerly.CustomerlyDemoUITests;
				PRODUCT_NAME = "$(TARGET_NAME)";
				SDKROOT = iphoneos;
				SWIFT_OPTIMIZATION_LEVEL = "-Owholemodule";
				SWIFT_VERSION = 5.0;
				TEST_TARGET_NAME = CustomerlyDemo;
				VALIDATE_PRODUCT = YES;
			};
			name = Release;
		};
/* End XCBuildConfiguration section */

/* Begin XCConfigurationList section */
		455CE1271DE0AA9F00FF65DC /* Build configuration list for PBXProject "Customerly" */ = {
			isa = XCConfigurationList;
			buildConfigurations = (
				455CE1281DE0AA9F00FF65DC /* Debug */,
				455CE1291DE0AA9F00FF65DC /* Release */,
			);
			defaultConfigurationIsVisible = 0;
			defaultConfigurationName = Release;
		};
		455CE1411DE0AABD00FF65DC /* Build configuration list for PBXNativeTarget "CustomerlySDK" */ = {
			isa = XCConfigurationList;
			buildConfigurations = (
				455CE1421DE0AABD00FF65DC /* Debug */,
				455CE1431DE0AABD00FF65DC /* Release */,
			);
			defaultConfigurationIsVisible = 0;
			defaultConfigurationName = Release;
		};
		455CE1441DE0AABD00FF65DC /* Build configuration list for PBXNativeTarget "CustomerlySDKTests" */ = {
			isa = XCConfigurationList;
			buildConfigurations = (
				455CE1451DE0AABD00FF65DC /* Debug */,
				455CE1461DE0AABD00FF65DC /* Release */,
			);
			defaultConfigurationIsVisible = 0;
			defaultConfigurationName = Release;
		};
		455CE1651DE0AAF300FF65DC /* Build configuration list for PBXNativeTarget "CustomerlyDemo" */ = {
			isa = XCConfigurationList;
			buildConfigurations = (
				455CE1661DE0AAF300FF65DC /* Debug */,
				455CE1671DE0AAF300FF65DC /* Release */,
			);
			defaultConfigurationIsVisible = 0;
			defaultConfigurationName = Release;
		};
		455CE1681DE0AAF300FF65DC /* Build configuration list for PBXNativeTarget "CustomerlyDemoUITests" */ = {
			isa = XCConfigurationList;
			buildConfigurations = (
				455CE1691DE0AAF300FF65DC /* Debug */,
				455CE16A1DE0AAF300FF65DC /* Release */,
			);
			defaultConfigurationIsVisible = 0;
			defaultConfigurationName = Release;
		};
/* End XCConfigurationList section */
	};
	rootObject = 455CE1241DE0AA9F00FF65DC /* Project object */;
}
