// !$*UTF8*$!
{
	archiveVersion = 1;
	classes = {
	};
	objectVersion = 46;
	objects = {

/* Begin PBXBuildFile section */
		452745DC1DF9C027006215B1 /* CyTableView.swift in Sources */ = {isa = PBXBuildFile; fileRef = 452745DB1DF9C027006215B1 /* CyTableView.swift */; };
		45282DA11DFEF4160021E7F9 /* CySocket.swift in Sources */ = {isa = PBXBuildFile; fileRef = 45282DA01DFEF4160021E7F9 /* CySocket.swift */; };
		45282DA41DFF0FF20021E7F9 /* CyTypingSocketModel.swift in Sources */ = {isa = PBXBuildFile; fileRef = 45282DA31DFF0FF20021E7F9 /* CyTypingSocketModel.swift */; };
		45282DA61DFF12470021E7F9 /* CyMessageSocketModel.swift in Sources */ = {isa = PBXBuildFile; fileRef = 45282DA51DFF12470021E7F9 /* CyMessageSocketModel.swift */; };
		45282DA81DFF21830021E7F9 /* CySeenMessageSocketModel.swift in Sources */ = {isa = PBXBuildFile; fileRef = 45282DA71DFF21830021E7F9 /* CySeenMessageSocketModel.swift */; };
		453CC13D1DEA2C0F00D85957 /* CyActiveAdminsTableViewCell.swift in Sources */ = {isa = PBXBuildFile; fileRef = 453CC13C1DEA2C0F00D85957 /* CyActiveAdminsTableViewCell.swift */; };
		453CC13F1DEA2C1A00D85957 /* CySingleActiveAdminTableViewCell.swift in Sources */ = {isa = PBXBuildFile; fileRef = 453CC13E1DEA2C1A00D85957 /* CySingleActiveAdminTableViewCell.swift */; };
		454A9D401DEAFE060078F6D3 /* CyAdminModel.swift in Sources */ = {isa = PBXBuildFile; fileRef = 454A9D3F1DEAFE060078F6D3 /* CyAdminModel.swift */; };
		455A0F881DEE248E003EEA43 /* CySendMessageRequestModel.swift in Sources */ = {isa = PBXBuildFile; fileRef = 455A0F871DEE248E003EEA43 /* CySendMessageRequestModel.swift */; };
		455A0F8A1DEE2951003EEA43 /* CyColor.swift in Sources */ = {isa = PBXBuildFile; fileRef = 455A0F891DEE2951003EEA43 /* CyColor.swift */; };
		455A0F8D1DEE2D92003EEA43 /* CySendMessageRequestParamsModel.swift in Sources */ = {isa = PBXBuildFile; fileRef = 455A0F8C1DEE2D92003EEA43 /* CySendMessageRequestParamsModel.swift */; };
		455A0F8F1DEE33EA003EEA43 /* CyMessageAttachmentRequestModel.swift in Sources */ = {isa = PBXBuildFile; fileRef = 455A0F8E1DEE33EA003EEA43 /* CyMessageAttachmentRequestModel.swift */; };
		455A0F951DF0AA41003EEA43 /* CySendMessageResponseModel.swift in Sources */ = {isa = PBXBuildFile; fileRef = 455A0F941DF0AA41003EEA43 /* CySendMessageResponseModel.swift */; };
		455A0F971DF0BD20003EEA43 /* CyConversationModel.swift in Sources */ = {isa = PBXBuildFile; fileRef = 455A0F961DF0BD20003EEA43 /* CyConversationModel.swift */; };
		455A0F991DF0C184003EEA43 /* CyMessageModel.swift in Sources */ = {isa = PBXBuildFile; fileRef = 455A0F981DF0C184003EEA43 /* CyMessageModel.swift */; };
		455A0F9B1DF0C272003EEA43 /* CyAttachmentModel.swift in Sources */ = {isa = PBXBuildFile; fileRef = 455A0F9A1DF0C272003EEA43 /* CyAttachmentModel.swift */; };
		455A0F9F1DF46F35003EEA43 /* CustomerlyConversationListVC.swift in Sources */ = {isa = PBXBuildFile; fileRef = 455A0F9E1DF46F35003EEA43 /* CustomerlyConversationListVC.swift */; };
		455A0FA11DF47A90003EEA43 /* CyImageView.swift in Sources */ = {isa = PBXBuildFile; fileRef = 455A0FA01DF47A90003EEA43 /* CyImageView.swift */; };
		455A0FA31DF47ACB003EEA43 /* CyLabel.swift in Sources */ = {isa = PBXBuildFile; fileRef = 455A0FA21DF47ACB003EEA43 /* CyLabel.swift */; };
		455A0FA51DF47C3D003EEA43 /* CyConversationTableViewCell.swift in Sources */ = {isa = PBXBuildFile; fileRef = 455A0FA41DF47C3D003EEA43 /* CyConversationTableViewCell.swift */; };
		455A0FA71DF47E08003EEA43 /* CyAccountModel.swift in Sources */ = {isa = PBXBuildFile; fileRef = 455A0FA61DF47E08003EEA43 /* CyAccountModel.swift */; };
		455A0FA91DF47EC2003EEA43 /* CyConversationRetrieveResponseModel.swift in Sources */ = {isa = PBXBuildFile; fileRef = 455A0FA81DF47EC2003EEA43 /* CyConversationRetrieveResponseModel.swift */; };
		455A0FAB1DF48022003EEA43 /* CyConversationRequestModel.swift in Sources */ = {isa = PBXBuildFile; fileRef = 455A0FAA1DF48022003EEA43 /* CyConversationRequestModel.swift */; };
		455CE1391DE0AABD00FF65DC /* CustomerlySDK.framework in Frameworks */ = {isa = PBXBuildFile; fileRef = 455CE12F1DE0AABD00FF65DC /* CustomerlySDK.framework */; };
		455CE13E1DE0AABD00FF65DC /* CustomerlySDKTests.swift in Sources */ = {isa = PBXBuildFile; fileRef = 455CE13D1DE0AABD00FF65DC /* CustomerlySDKTests.swift */; };
		455CE1401DE0AABD00FF65DC /* CustomerlySDK.h in Headers */ = {isa = PBXBuildFile; fileRef = 455CE1321DE0AABD00FF65DC /* CustomerlySDK.h */; settings = {ATTRIBUTES = (Public, ); }; };
		455CE14E1DE0AAF200FF65DC /* AppDelegate.swift in Sources */ = {isa = PBXBuildFile; fileRef = 455CE14D1DE0AAF200FF65DC /* AppDelegate.swift */; };
		455CE1501DE0AAF200FF65DC /* ViewController.swift in Sources */ = {isa = PBXBuildFile; fileRef = 455CE14F1DE0AAF200FF65DC /* ViewController.swift */; };
		455CE1531DE0AAF200FF65DC /* Main.storyboard in Resources */ = {isa = PBXBuildFile; fileRef = 455CE1511DE0AAF200FF65DC /* Main.storyboard */; };
		455CE1551DE0AAF200FF65DC /* Assets.xcassets in Resources */ = {isa = PBXBuildFile; fileRef = 455CE1541DE0AAF200FF65DC /* Assets.xcassets */; };
		455CE1581DE0AAF200FF65DC /* LaunchScreen.storyboard in Resources */ = {isa = PBXBuildFile; fileRef = 455CE1561DE0AAF200FF65DC /* LaunchScreen.storyboard */; };
		455CE1631DE0AAF300FF65DC /* CustomerlyDemoUITests.swift in Sources */ = {isa = PBXBuildFile; fileRef = 455CE1621DE0AAF300FF65DC /* CustomerlyDemoUITests.swift */; };
		455CE1851DE0AB4500FF65DC /* Customerly.swift in Sources */ = {isa = PBXBuildFile; fileRef = 455CE16C1DE0AB4500FF65DC /* Customerly.swift */; };
		455CE1861DE0AB4500FF65DC /* CyConfig.swift in Sources */ = {isa = PBXBuildFile; fileRef = 455CE16D1DE0AB4500FF65DC /* CyConfig.swift */; };
		455CE1871DE0AB4500FF65DC /* CyDataFetcher.swift in Sources */ = {isa = PBXBuildFile; fileRef = 455CE16E1DE0AB4500FF65DC /* CyDataFetcher.swift */; };
		455CE1881DE0AB4500FF65DC /* CyHTTPValidation.swift in Sources */ = {isa = PBXBuildFile; fileRef = 455CE16F1DE0AB4500FF65DC /* CyHTTPValidation.swift */; };
		455CE1891DE0AB4500FF65DC /* CyLogging.swift in Sources */ = {isa = PBXBuildFile; fileRef = 455CE1701DE0AB4500FF65DC /* CyLogging.swift */; };
		455CE18A1DE0AB4500FF65DC /* CyMapping.swift in Sources */ = {isa = PBXBuildFile; fileRef = 455CE1711DE0AB4500FF65DC /* CyMapping.swift */; };
		455CE18B1DE0AB4500FF65DC /* CyRouting.swift in Sources */ = {isa = PBXBuildFile; fileRef = 455CE1721DE0AB4500FF65DC /* CyRouting.swift */; };
		455CE18C1DE0AB4500FF65DC /* CyStorage.swift in Sources */ = {isa = PBXBuildFile; fileRef = 455CE1731DE0AB4500FF65DC /* CyStorage.swift */; };
		455CE18D1DE0AB4500FF65DC /* CyAppConfigModel.swift in Sources */ = {isa = PBXBuildFile; fileRef = 455CE1751DE0AB4500FF65DC /* CyAppConfigModel.swift */; };
		455CE18E1DE0AB4500FF65DC /* CyAppModel.swift in Sources */ = {isa = PBXBuildFile; fileRef = 455CE1761DE0AB4500FF65DC /* CyAppModel.swift */; };
		455CE18F1DE0AB4500FF65DC /* CyCookiesRequestModel.swift in Sources */ = {isa = PBXBuildFile; fileRef = 455CE1771DE0AB4500FF65DC /* CyCookiesRequestModel.swift */; };
		455CE1901DE0AB4500FF65DC /* CyCookiesResponseModel.swift in Sources */ = {isa = PBXBuildFile; fileRef = 455CE1781DE0AB4500FF65DC /* CyCookiesResponseModel.swift */; };
		455CE1911DE0AB4500FF65DC /* CyDataModel.swift in Sources */ = {isa = PBXBuildFile; fileRef = 455CE1791DE0AB4500FF65DC /* CyDataModel.swift */; };
		455CE1921DE0AB4500FF65DC /* CyDeviceModel.swift in Sources */ = {isa = PBXBuildFile; fileRef = 455CE17A1DE0AB4500FF65DC /* CyDeviceModel.swift */; };
		455CE1931DE0AB4500FF65DC /* CyRequestPingModel.swift in Sources */ = {isa = PBXBuildFile; fileRef = 455CE17B1DE0AB4500FF65DC /* CyRequestPingModel.swift */; };
		455CE1941DE0AB4500FF65DC /* CySettingsModel.swift in Sources */ = {isa = PBXBuildFile; fileRef = 455CE17C1DE0AB4500FF65DC /* CySettingsModel.swift */; };
		455CE1961DE0AB4500FF65DC /* CyTrackingRequestModel.swift in Sources */ = {isa = PBXBuildFile; fileRef = 455CE17E1DE0AB4500FF65DC /* CyTrackingRequestModel.swift */; };
		455CE1971DE0AB4500FF65DC /* CyUserModel.swift in Sources */ = {isa = PBXBuildFile; fileRef = 455CE17F1DE0AB4500FF65DC /* CyUserModel.swift */; };
		455CE1981DE0AB4500FF65DC /* CyWebsocketModel.swift in Sources */ = {isa = PBXBuildFile; fileRef = 455CE1801DE0AB4500FF65DC /* CyWebsocketModel.swift */; };
		455CE1991DE0AB4500FF65DC /* CustomerlyChat.storyboard in Resources */ = {isa = PBXBuildFile; fileRef = 455CE1821DE0AB4500FF65DC /* CustomerlyChat.storyboard */; };
		455CE19A1DE0AB4500FF65DC /* CustomerlyChatStartVC.swift in Sources */ = {isa = PBXBuildFile; fileRef = 455CE1841DE0AB4500FF65DC /* CustomerlyChatStartVC.swift */; };
		455CE19B1DE0BA7D00FF65DC /* CustomerlySDK.framework in Frameworks */ = {isa = PBXBuildFile; fileRef = 455CE12F1DE0AABD00FF65DC /* CustomerlySDK.framework */; };
		455CE19C1DE0BA7D00FF65DC /* CustomerlySDK.framework in Embed Frameworks */ = {isa = PBXBuildFile; fileRef = 455CE12F1DE0AABD00FF65DC /* CustomerlySDK.framework */; settings = {ATTRIBUTES = (CodeSignOnCopy, RemoveHeadersOnCopy, ); }; };
		455CE1A11DE0C85500FF65DC /* CustomerlyNavigationController.swift in Sources */ = {isa = PBXBuildFile; fileRef = 455CE1A01DE0C85500FF65DC /* CustomerlyNavigationController.swift */; };
		458781C31DFC658700851DD9 /* MessageCell.xib in Resources */ = {isa = PBXBuildFile; fileRef = 458781C21DFC658700851DD9 /* MessageCell.xib */; };
		458781C51DFC673E00851DD9 /* CyTextView.swift in Sources */ = {isa = PBXBuildFile; fileRef = 458781C41DFC673E00851DD9 /* CyTextView.swift */; };
		458781C71DFC6A3A00851DD9 /* CyMessageTableViewCell.swift in Sources */ = {isa = PBXBuildFile; fileRef = 458781C61DFC6A3A00851DD9 /* CyMessageTableViewCell.swift */; };
		458781C91DFC789400851DD9 /* CyConversationMessagesResponseModel.swift in Sources */ = {isa = PBXBuildFile; fileRef = 458781C81DFC789400851DD9 /* CyConversationMessagesResponseModel.swift */; };
		45FA19B91DEB423600D26059 /* CyView.swift in Sources */ = {isa = PBXBuildFile; fileRef = 45FA19B81DEB423600D26059 /* CyView.swift */; };
		45FA19BB1DEB478900D26059 /* CyInfoTableViewCell.swift in Sources */ = {isa = PBXBuildFile; fileRef = 45FA19BA1DEB478900D26059 /* CyInfoTableViewCell.swift */; };
		45FA19BD1DEB4C2000D26059 /* CyButton.swift in Sources */ = {isa = PBXBuildFile; fileRef = 45FA19BC1DEB4C2000D26059 /* CyButton.swift */; };
		45FA19BF1DEB4C4D00D26059 /* CyTextField.swift in Sources */ = {isa = PBXBuildFile; fileRef = 45FA19BE1DEB4C4D00D26059 /* CyTextField.swift */; };
		45FA19C11DEB4E0200D26059 /* Assets.xcassets in Resources */ = {isa = PBXBuildFile; fileRef = 45FA19C01DEB4E0200D26059 /* Assets.xcassets */; };
		45FA19C31DEC283A00D26059 /* CyViewController.swift in Sources */ = {isa = PBXBuildFile; fileRef = 45FA19C21DEC283A00D26059 /* CyViewController.swift */; };
		45FA19C71DECC5FD00D26059 /* CyDate.swift in Sources */ = {isa = PBXBuildFile; fileRef = 45FA19C61DECC5FD00D26059 /* CyDate.swift */; };
		8BB17DE1066C10F2234DB656 /* Pods_CustomerlyDemo.framework in Frameworks */ = {isa = PBXBuildFile; fileRef = 9E04C0ED8FA868A83B0BBE2C /* Pods_CustomerlyDemo.framework */; };
		E1092CF8A4E504B466FFFE22 /* Pods_CustomerlySDK.framework in Frameworks */ = {isa = PBXBuildFile; fileRef = 8CB8EB1905F4E874BAA89670 /* Pods_CustomerlySDK.framework */; };
/* End PBXBuildFile section */

/* Begin PBXContainerItemProxy section */
		455CE13A1DE0AABD00FF65DC /* PBXContainerItemProxy */ = {
			isa = PBXContainerItemProxy;
			containerPortal = 455CE1241DE0AA9F00FF65DC /* Project object */;
			proxyType = 1;
			remoteGlobalIDString = 455CE12E1DE0AABD00FF65DC;
			remoteInfo = CustomerlySDK;
		};
		455CE15F1DE0AAF300FF65DC /* PBXContainerItemProxy */ = {
			isa = PBXContainerItemProxy;
			containerPortal = 455CE1241DE0AA9F00FF65DC /* Project object */;
			proxyType = 1;
			remoteGlobalIDString = 455CE14A1DE0AAF200FF65DC;
			remoteInfo = CustomerlyDemo;
		};
		455CE19D1DE0BA7D00FF65DC /* PBXContainerItemProxy */ = {
			isa = PBXContainerItemProxy;
			containerPortal = 455CE1241DE0AA9F00FF65DC /* Project object */;
			proxyType = 1;
			remoteGlobalIDString = 455CE12E1DE0AABD00FF65DC;
			remoteInfo = CustomerlySDK;
		};
/* End PBXContainerItemProxy section */

/* Begin PBXCopyFilesBuildPhase section */
		455CE19F1DE0BA7D00FF65DC /* Embed Frameworks */ = {
			isa = PBXCopyFilesBuildPhase;
			buildActionMask = 2147483647;
			dstPath = "";
			dstSubfolderSpec = 10;
			files = (
				455CE19C1DE0BA7D00FF65DC /* CustomerlySDK.framework in Embed Frameworks */,
			);
			name = "Embed Frameworks";
			runOnlyForDeploymentPostprocessing = 0;
		};
/* End PBXCopyFilesBuildPhase section */

/* Begin PBXFileReference section */
		3A31FA2E3BDF3C36343BDD29 /* Pods-CustomerlySDK.debug.xcconfig */ = {isa = PBXFileReference; includeInIndex = 1; lastKnownFileType = text.xcconfig; name = "Pods-CustomerlySDK.debug.xcconfig"; path = "Pods/Target Support Files/Pods-CustomerlySDK/Pods-CustomerlySDK.debug.xcconfig"; sourceTree = "<group>"; };
		452745DB1DF9C027006215B1 /* CyTableView.swift */ = {isa = PBXFileReference; fileEncoding = 4; lastKnownFileType = sourcecode.swift; path = CyTableView.swift; sourceTree = "<group>"; };
		45282DA01DFEF4160021E7F9 /* CySocket.swift */ = {isa = PBXFileReference; fileEncoding = 4; lastKnownFileType = sourcecode.swift; path = CySocket.swift; sourceTree = "<group>"; };
		45282DA31DFF0FF20021E7F9 /* CyTypingSocketModel.swift */ = {isa = PBXFileReference; fileEncoding = 4; lastKnownFileType = sourcecode.swift; path = CyTypingSocketModel.swift; sourceTree = "<group>"; };
		45282DA51DFF12470021E7F9 /* CyMessageSocketModel.swift */ = {isa = PBXFileReference; fileEncoding = 4; lastKnownFileType = sourcecode.swift; path = CyMessageSocketModel.swift; sourceTree = "<group>"; };
		45282DA71DFF21830021E7F9 /* CySeenMessageSocketModel.swift */ = {isa = PBXFileReference; fileEncoding = 4; lastKnownFileType = sourcecode.swift; path = CySeenMessageSocketModel.swift; sourceTree = "<group>"; };
		453CC13C1DEA2C0F00D85957 /* CyActiveAdminsTableViewCell.swift */ = {isa = PBXFileReference; fileEncoding = 4; lastKnownFileType = sourcecode.swift; path = CyActiveAdminsTableViewCell.swift; sourceTree = "<group>"; };
		453CC13E1DEA2C1A00D85957 /* CySingleActiveAdminTableViewCell.swift */ = {isa = PBXFileReference; fileEncoding = 4; lastKnownFileType = sourcecode.swift; path = CySingleActiveAdminTableViewCell.swift; sourceTree = "<group>"; };
		454A9D3F1DEAFE060078F6D3 /* CyAdminModel.swift */ = {isa = PBXFileReference; fileEncoding = 4; lastKnownFileType = sourcecode.swift; path = CyAdminModel.swift; sourceTree = "<group>"; };
		455A0F871DEE248E003EEA43 /* CySendMessageRequestModel.swift */ = {isa = PBXFileReference; fileEncoding = 4; lastKnownFileType = sourcecode.swift; path = CySendMessageRequestModel.swift; sourceTree = "<group>"; };
		455A0F891DEE2951003EEA43 /* CyColor.swift */ = {isa = PBXFileReference; fileEncoding = 4; lastKnownFileType = sourcecode.swift; path = CyColor.swift; sourceTree = "<group>"; };
		455A0F8C1DEE2D92003EEA43 /* CySendMessageRequestParamsModel.swift */ = {isa = PBXFileReference; fileEncoding = 4; lastKnownFileType = sourcecode.swift; path = CySendMessageRequestParamsModel.swift; sourceTree = "<group>"; };
		455A0F8E1DEE33EA003EEA43 /* CyMessageAttachmentRequestModel.swift */ = {isa = PBXFileReference; fileEncoding = 4; lastKnownFileType = sourcecode.swift; path = CyMessageAttachmentRequestModel.swift; sourceTree = "<group>"; };
		455A0F941DF0AA41003EEA43 /* CySendMessageResponseModel.swift */ = {isa = PBXFileReference; fileEncoding = 4; lastKnownFileType = sourcecode.swift; path = CySendMessageResponseModel.swift; sourceTree = "<group>"; };
		455A0F961DF0BD20003EEA43 /* CyConversationModel.swift */ = {isa = PBXFileReference; fileEncoding = 4; lastKnownFileType = sourcecode.swift; path = CyConversationModel.swift; sourceTree = "<group>"; };
		455A0F981DF0C184003EEA43 /* CyMessageModel.swift */ = {isa = PBXFileReference; fileEncoding = 4; lastKnownFileType = sourcecode.swift; path = CyMessageModel.swift; sourceTree = "<group>"; };
		455A0F9A1DF0C272003EEA43 /* CyAttachmentModel.swift */ = {isa = PBXFileReference; fileEncoding = 4; lastKnownFileType = sourcecode.swift; path = CyAttachmentModel.swift; sourceTree = "<group>"; };
		455A0F9E1DF46F35003EEA43 /* CustomerlyConversationListVC.swift */ = {isa = PBXFileReference; fileEncoding = 4; lastKnownFileType = sourcecode.swift; path = CustomerlyConversationListVC.swift; sourceTree = "<group>"; };
		455A0FA01DF47A90003EEA43 /* CyImageView.swift */ = {isa = PBXFileReference; fileEncoding = 4; lastKnownFileType = sourcecode.swift; path = CyImageView.swift; sourceTree = "<group>"; };
		455A0FA21DF47ACB003EEA43 /* CyLabel.swift */ = {isa = PBXFileReference; fileEncoding = 4; lastKnownFileType = sourcecode.swift; path = CyLabel.swift; sourceTree = "<group>"; };
		455A0FA41DF47C3D003EEA43 /* CyConversationTableViewCell.swift */ = {isa = PBXFileReference; fileEncoding = 4; lastKnownFileType = sourcecode.swift; path = CyConversationTableViewCell.swift; sourceTree = "<group>"; };
		455A0FA61DF47E08003EEA43 /* CyAccountModel.swift */ = {isa = PBXFileReference; fileEncoding = 4; lastKnownFileType = sourcecode.swift; path = CyAccountModel.swift; sourceTree = "<group>"; };
		455A0FA81DF47EC2003EEA43 /* CyConversationRetrieveResponseModel.swift */ = {isa = PBXFileReference; fileEncoding = 4; lastKnownFileType = sourcecode.swift; path = CyConversationRetrieveResponseModel.swift; sourceTree = "<group>"; };
		455A0FAA1DF48022003EEA43 /* CyConversationRequestModel.swift */ = {isa = PBXFileReference; fileEncoding = 4; lastKnownFileType = sourcecode.swift; path = CyConversationRequestModel.swift; sourceTree = "<group>"; };
		455CE12F1DE0AABD00FF65DC /* CustomerlySDK.framework */ = {isa = PBXFileReference; explicitFileType = wrapper.framework; includeInIndex = 0; path = CustomerlySDK.framework; sourceTree = BUILT_PRODUCTS_DIR; };
		455CE1321DE0AABD00FF65DC /* CustomerlySDK.h */ = {isa = PBXFileReference; lastKnownFileType = sourcecode.c.h; path = CustomerlySDK.h; sourceTree = "<group>"; };
		455CE1331DE0AABD00FF65DC /* Info.plist */ = {isa = PBXFileReference; lastKnownFileType = text.plist.xml; path = Info.plist; sourceTree = "<group>"; };
		455CE1381DE0AABD00FF65DC /* CustomerlySDKTests.xctest */ = {isa = PBXFileReference; explicitFileType = wrapper.cfbundle; includeInIndex = 0; path = CustomerlySDKTests.xctest; sourceTree = BUILT_PRODUCTS_DIR; };
		455CE13D1DE0AABD00FF65DC /* CustomerlySDKTests.swift */ = {isa = PBXFileReference; lastKnownFileType = sourcecode.swift; path = CustomerlySDKTests.swift; sourceTree = "<group>"; };
		455CE13F1DE0AABD00FF65DC /* Info.plist */ = {isa = PBXFileReference; lastKnownFileType = text.plist.xml; path = Info.plist; sourceTree = "<group>"; };
		455CE14B1DE0AAF200FF65DC /* CustomerlyDemo.app */ = {isa = PBXFileReference; explicitFileType = wrapper.application; includeInIndex = 0; path = CustomerlyDemo.app; sourceTree = BUILT_PRODUCTS_DIR; };
		455CE14D1DE0AAF200FF65DC /* AppDelegate.swift */ = {isa = PBXFileReference; lastKnownFileType = sourcecode.swift; path = AppDelegate.swift; sourceTree = "<group>"; };
		455CE14F1DE0AAF200FF65DC /* ViewController.swift */ = {isa = PBXFileReference; lastKnownFileType = sourcecode.swift; path = ViewController.swift; sourceTree = "<group>"; };
		455CE1521DE0AAF200FF65DC /* Base */ = {isa = PBXFileReference; lastKnownFileType = file.storyboard; name = Base; path = Base.lproj/Main.storyboard; sourceTree = "<group>"; };
		455CE1541DE0AAF200FF65DC /* Assets.xcassets */ = {isa = PBXFileReference; lastKnownFileType = folder.assetcatalog; path = Assets.xcassets; sourceTree = "<group>"; };
		455CE1571DE0AAF200FF65DC /* Base */ = {isa = PBXFileReference; lastKnownFileType = file.storyboard; name = Base; path = Base.lproj/LaunchScreen.storyboard; sourceTree = "<group>"; };
		455CE1591DE0AAF200FF65DC /* Info.plist */ = {isa = PBXFileReference; lastKnownFileType = text.plist.xml; path = Info.plist; sourceTree = "<group>"; };
		455CE15E1DE0AAF200FF65DC /* CustomerlyDemoUITests.xctest */ = {isa = PBXFileReference; explicitFileType = wrapper.cfbundle; includeInIndex = 0; path = CustomerlyDemoUITests.xctest; sourceTree = BUILT_PRODUCTS_DIR; };
		455CE1621DE0AAF300FF65DC /* CustomerlyDemoUITests.swift */ = {isa = PBXFileReference; lastKnownFileType = sourcecode.swift; path = CustomerlyDemoUITests.swift; sourceTree = "<group>"; };
		455CE1641DE0AAF300FF65DC /* Info.plist */ = {isa = PBXFileReference; lastKnownFileType = text.plist.xml; path = Info.plist; sourceTree = "<group>"; };
		455CE16C1DE0AB4500FF65DC /* Customerly.swift */ = {isa = PBXFileReference; fileEncoding = 4; lastKnownFileType = sourcecode.swift; path = Customerly.swift; sourceTree = "<group>"; };
		455CE16D1DE0AB4500FF65DC /* CyConfig.swift */ = {isa = PBXFileReference; fileEncoding = 4; lastKnownFileType = sourcecode.swift; path = CyConfig.swift; sourceTree = "<group>"; };
		455CE16E1DE0AB4500FF65DC /* CyDataFetcher.swift */ = {isa = PBXFileReference; fileEncoding = 4; lastKnownFileType = sourcecode.swift; path = CyDataFetcher.swift; sourceTree = "<group>"; };
		455CE16F1DE0AB4500FF65DC /* CyHTTPValidation.swift */ = {isa = PBXFileReference; fileEncoding = 4; lastKnownFileType = sourcecode.swift; path = CyHTTPValidation.swift; sourceTree = "<group>"; };
		455CE1701DE0AB4500FF65DC /* CyLogging.swift */ = {isa = PBXFileReference; fileEncoding = 4; lastKnownFileType = sourcecode.swift; path = CyLogging.swift; sourceTree = "<group>"; };
		455CE1711DE0AB4500FF65DC /* CyMapping.swift */ = {isa = PBXFileReference; fileEncoding = 4; lastKnownFileType = sourcecode.swift; path = CyMapping.swift; sourceTree = "<group>"; };
		455CE1721DE0AB4500FF65DC /* CyRouting.swift */ = {isa = PBXFileReference; fileEncoding = 4; lastKnownFileType = sourcecode.swift; path = CyRouting.swift; sourceTree = "<group>"; };
		455CE1731DE0AB4500FF65DC /* CyStorage.swift */ = {isa = PBXFileReference; fileEncoding = 4; lastKnownFileType = sourcecode.swift; path = CyStorage.swift; sourceTree = "<group>"; };
		455CE1751DE0AB4500FF65DC /* CyAppConfigModel.swift */ = {isa = PBXFileReference; fileEncoding = 4; lastKnownFileType = sourcecode.swift; path = CyAppConfigModel.swift; sourceTree = "<group>"; };
		455CE1761DE0AB4500FF65DC /* CyAppModel.swift */ = {isa = PBXFileReference; fileEncoding = 4; lastKnownFileType = sourcecode.swift; path = CyAppModel.swift; sourceTree = "<group>"; };
		455CE1771DE0AB4500FF65DC /* CyCookiesRequestModel.swift */ = {isa = PBXFileReference; fileEncoding = 4; lastKnownFileType = sourcecode.swift; path = CyCookiesRequestModel.swift; sourceTree = "<group>"; };
		455CE1781DE0AB4500FF65DC /* CyCookiesResponseModel.swift */ = {isa = PBXFileReference; fileEncoding = 4; lastKnownFileType = sourcecode.swift; path = CyCookiesResponseModel.swift; sourceTree = "<group>"; };
		455CE1791DE0AB4500FF65DC /* CyDataModel.swift */ = {isa = PBXFileReference; fileEncoding = 4; lastKnownFileType = sourcecode.swift; path = CyDataModel.swift; sourceTree = "<group>"; };
		455CE17A1DE0AB4500FF65DC /* CyDeviceModel.swift */ = {isa = PBXFileReference; fileEncoding = 4; lastKnownFileType = sourcecode.swift; path = CyDeviceModel.swift; sourceTree = "<group>"; };
		455CE17B1DE0AB4500FF65DC /* CyRequestPingModel.swift */ = {isa = PBXFileReference; fileEncoding = 4; lastKnownFileType = sourcecode.swift; path = CyRequestPingModel.swift; sourceTree = "<group>"; };
		455CE17C1DE0AB4500FF65DC /* CySettingsModel.swift */ = {isa = PBXFileReference; fileEncoding = 4; lastKnownFileType = sourcecode.swift; path = CySettingsModel.swift; sourceTree = "<group>"; };
		455CE17E1DE0AB4500FF65DC /* CyTrackingRequestModel.swift */ = {isa = PBXFileReference; fileEncoding = 4; lastKnownFileType = sourcecode.swift; path = CyTrackingRequestModel.swift; sourceTree = "<group>"; };
		455CE17F1DE0AB4500FF65DC /* CyUserModel.swift */ = {isa = PBXFileReference; fileEncoding = 4; lastKnownFileType = sourcecode.swift; path = CyUserModel.swift; sourceTree = "<group>"; };
		455CE1801DE0AB4500FF65DC /* CyWebsocketModel.swift */ = {isa = PBXFileReference; fileEncoding = 4; lastKnownFileType = sourcecode.swift; path = CyWebsocketModel.swift; sourceTree = "<group>"; };
		455CE1821DE0AB4500FF65DC /* CustomerlyChat.storyboard */ = {isa = PBXFileReference; fileEncoding = 4; lastKnownFileType = file.storyboard; path = CustomerlyChat.storyboard; sourceTree = "<group>"; };
		455CE1841DE0AB4500FF65DC /* CustomerlyChatStartVC.swift */ = {isa = PBXFileReference; fileEncoding = 4; lastKnownFileType = sourcecode.swift; path = CustomerlyChatStartVC.swift; sourceTree = "<group>"; };
		455CE1A01DE0C85500FF65DC /* CustomerlyNavigationController.swift */ = {isa = PBXFileReference; fileEncoding = 4; lastKnownFileType = sourcecode.swift; path = CustomerlyNavigationController.swift; sourceTree = "<group>"; };
		458781C21DFC658700851DD9 /* MessageCell.xib */ = {isa = PBXFileReference; fileEncoding = 4; lastKnownFileType = file.xib; path = MessageCell.xib; sourceTree = "<group>"; };
		458781C41DFC673E00851DD9 /* CyTextView.swift */ = {isa = PBXFileReference; fileEncoding = 4; lastKnownFileType = sourcecode.swift; path = CyTextView.swift; sourceTree = "<group>"; };
		458781C61DFC6A3A00851DD9 /* CyMessageTableViewCell.swift */ = {isa = PBXFileReference; fileEncoding = 4; lastKnownFileType = sourcecode.swift; path = CyMessageTableViewCell.swift; sourceTree = "<group>"; };
		458781C81DFC789400851DD9 /* CyConversationMessagesResponseModel.swift */ = {isa = PBXFileReference; fileEncoding = 4; lastKnownFileType = sourcecode.swift; path = CyConversationMessagesResponseModel.swift; sourceTree = "<group>"; };
		45FA19B81DEB423600D26059 /* CyView.swift */ = {isa = PBXFileReference; fileEncoding = 4; lastKnownFileType = sourcecode.swift; path = CyView.swift; sourceTree = "<group>"; };
		45FA19BA1DEB478900D26059 /* CyInfoTableViewCell.swift */ = {isa = PBXFileReference; fileEncoding = 4; lastKnownFileType = sourcecode.swift; path = CyInfoTableViewCell.swift; sourceTree = "<group>"; };
		45FA19BC1DEB4C2000D26059 /* CyButton.swift */ = {isa = PBXFileReference; fileEncoding = 4; lastKnownFileType = sourcecode.swift; path = CyButton.swift; sourceTree = "<group>"; };
		45FA19BE1DEB4C4D00D26059 /* CyTextField.swift */ = {isa = PBXFileReference; fileEncoding = 4; lastKnownFileType = sourcecode.swift; path = CyTextField.swift; sourceTree = "<group>"; };
		45FA19C01DEB4E0200D26059 /* Assets.xcassets */ = {isa = PBXFileReference; lastKnownFileType = folder.assetcatalog; path = Assets.xcassets; sourceTree = "<group>"; };
		45FA19C21DEC283A00D26059 /* CyViewController.swift */ = {isa = PBXFileReference; fileEncoding = 4; lastKnownFileType = sourcecode.swift; path = CyViewController.swift; sourceTree = "<group>"; };
		45FA19C61DECC5FD00D26059 /* CyDate.swift */ = {isa = PBXFileReference; fileEncoding = 4; lastKnownFileType = sourcecode.swift; path = CyDate.swift; sourceTree = "<group>"; };
		8CB8EB1905F4E874BAA89670 /* Pods_CustomerlySDK.framework */ = {isa = PBXFileReference; explicitFileType = wrapper.framework; includeInIndex = 0; path = Pods_CustomerlySDK.framework; sourceTree = BUILT_PRODUCTS_DIR; };
		9E04C0ED8FA868A83B0BBE2C /* Pods_CustomerlyDemo.framework */ = {isa = PBXFileReference; explicitFileType = wrapper.framework; includeInIndex = 0; path = Pods_CustomerlyDemo.framework; sourceTree = BUILT_PRODUCTS_DIR; };
		B4D40DE420A7DBA14760B190 /* Pods-CustomerlyDemo.debug.xcconfig */ = {isa = PBXFileReference; includeInIndex = 1; lastKnownFileType = text.xcconfig; name = "Pods-CustomerlyDemo.debug.xcconfig"; path = "Pods/Target Support Files/Pods-CustomerlyDemo/Pods-CustomerlyDemo.debug.xcconfig"; sourceTree = "<group>"; };
		DF9FDD385BB3CF1819AB53CF /* Pods-CustomerlySDK.release.xcconfig */ = {isa = PBXFileReference; includeInIndex = 1; lastKnownFileType = text.xcconfig; name = "Pods-CustomerlySDK.release.xcconfig"; path = "Pods/Target Support Files/Pods-CustomerlySDK/Pods-CustomerlySDK.release.xcconfig"; sourceTree = "<group>"; };
		DFDEFA7D85D77089038E94EE /* Pods-CustomerlyDemo.release.xcconfig */ = {isa = PBXFileReference; includeInIndex = 1; lastKnownFileType = text.xcconfig; name = "Pods-CustomerlyDemo.release.xcconfig"; path = "Pods/Target Support Files/Pods-CustomerlyDemo/Pods-CustomerlyDemo.release.xcconfig"; sourceTree = "<group>"; };
/* End PBXFileReference section */

/* Begin PBXFrameworksBuildPhase section */
		455CE12B1DE0AABD00FF65DC /* Frameworks */ = {
			isa = PBXFrameworksBuildPhase;
			buildActionMask = 2147483647;
			files = (
				E1092CF8A4E504B466FFFE22 /* Pods_CustomerlySDK.framework in Frameworks */,
			);
			runOnlyForDeploymentPostprocessing = 0;
		};
		455CE1351DE0AABD00FF65DC /* Frameworks */ = {
			isa = PBXFrameworksBuildPhase;
			buildActionMask = 2147483647;
			files = (
				455CE1391DE0AABD00FF65DC /* CustomerlySDK.framework in Frameworks */,
			);
			runOnlyForDeploymentPostprocessing = 0;
		};
		455CE1481DE0AAF200FF65DC /* Frameworks */ = {
			isa = PBXFrameworksBuildPhase;
			buildActionMask = 2147483647;
			files = (
				455CE19B1DE0BA7D00FF65DC /* CustomerlySDK.framework in Frameworks */,
				8BB17DE1066C10F2234DB656 /* Pods_CustomerlyDemo.framework in Frameworks */,
			);
			runOnlyForDeploymentPostprocessing = 0;
		};
		455CE15B1DE0AAF200FF65DC /* Frameworks */ = {
			isa = PBXFrameworksBuildPhase;
			buildActionMask = 2147483647;
			files = (
			);
			runOnlyForDeploymentPostprocessing = 0;
		};
/* End PBXFrameworksBuildPhase section */

/* Begin PBXGroup section */
		45282DA21DFF0FCA0021E7F9 /* Socket */ = {
			isa = PBXGroup;
			children = (
				45282DA31DFF0FF20021E7F9 /* CyTypingSocketModel.swift */,
				45282DA51DFF12470021E7F9 /* CyMessageSocketModel.swift */,
				45282DA71DFF21830021E7F9 /* CySeenMessageSocketModel.swift */,
			);
			name = Socket;
			sourceTree = "<group>";
		};
		453CC13B1DEA2BF200D85957 /* Cells */ = {
			isa = PBXGroup;
			children = (
				453CC13C1DEA2C0F00D85957 /* CyActiveAdminsTableViewCell.swift */,
				453CC13E1DEA2C1A00D85957 /* CySingleActiveAdminTableViewCell.swift */,
				45FA19BA1DEB478900D26059 /* CyInfoTableViewCell.swift */,
				455A0FA41DF47C3D003EEA43 /* CyConversationTableViewCell.swift */,
				458781C61DFC6A3A00851DD9 /* CyMessageTableViewCell.swift */,
			);
			path = Cells;
			sourceTree = "<group>";
		};
		455A0F8B1DEE2D7B003EEA43 /* Message Send */ = {
			isa = PBXGroup;
			children = (
				455A0F871DEE248E003EEA43 /* CySendMessageRequestModel.swift */,
				455A0F8C1DEE2D92003EEA43 /* CySendMessageRequestParamsModel.swift */,
				455A0F8E1DEE33EA003EEA43 /* CyMessageAttachmentRequestModel.swift */,
				455A0F941DF0AA41003EEA43 /* CySendMessageResponseModel.swift */,
				455A0FAA1DF48022003EEA43 /* CyConversationRequestModel.swift */,
				455A0FA81DF47EC2003EEA43 /* CyConversationRetrieveResponseModel.swift */,
				455A0F961DF0BD20003EEA43 /* CyConversationModel.swift */,
				455A0FA61DF47E08003EEA43 /* CyAccountModel.swift */,
				455A0F981DF0C184003EEA43 /* CyMessageModel.swift */,
				458781C81DFC789400851DD9 /* CyConversationMessagesResponseModel.swift */,
				455A0F9A1DF0C272003EEA43 /* CyAttachmentModel.swift */,
			);
			name = "Message Send";
			sourceTree = "<group>";
		};
		455CE1231DE0AA9F00FF65DC = {
			isa = PBXGroup;
			children = (
				455CE1311DE0AABD00FF65DC /* CustomerlySDK */,
				455CE13C1DE0AABD00FF65DC /* CustomerlySDKTests */,
				455CE14C1DE0AAF200FF65DC /* CustomerlyDemo */,
				455CE1611DE0AAF300FF65DC /* CustomerlyDemoUITests */,
				455CE1301DE0AABD00FF65DC /* Products */,
				586C92D19EAEC2FF4E98C481 /* Pods */,
				A163D13E5CC58444C4E32AC0 /* Frameworks */,
			);
			sourceTree = "<group>";
		};
		455CE1301DE0AABD00FF65DC /* Products */ = {
			isa = PBXGroup;
			children = (
				455CE12F1DE0AABD00FF65DC /* CustomerlySDK.framework */,
				455CE1381DE0AABD00FF65DC /* CustomerlySDKTests.xctest */,
				455CE14B1DE0AAF200FF65DC /* CustomerlyDemo.app */,
				455CE15E1DE0AAF200FF65DC /* CustomerlyDemoUITests.xctest */,
			);
			name = Products;
			sourceTree = "<group>";
		};
		455CE1311DE0AABD00FF65DC /* CustomerlySDK */ = {
			isa = PBXGroup;
			children = (
				455CE1321DE0AABD00FF65DC /* CustomerlySDK.h */,
				455CE1331DE0AABD00FF65DC /* Info.plist */,
				455CE16B1DE0AB4500FF65DC /* Library */,
			);
			path = CustomerlySDK;
			sourceTree = "<group>";
		};
		455CE13C1DE0AABD00FF65DC /* CustomerlySDKTests */ = {
			isa = PBXGroup;
			children = (
				455CE13D1DE0AABD00FF65DC /* CustomerlySDKTests.swift */,
				455CE13F1DE0AABD00FF65DC /* Info.plist */,
			);
			path = CustomerlySDKTests;
			sourceTree = "<group>";
		};
		455CE14C1DE0AAF200FF65DC /* CustomerlyDemo */ = {
			isa = PBXGroup;
			children = (
				455CE14D1DE0AAF200FF65DC /* AppDelegate.swift */,
				455CE14F1DE0AAF200FF65DC /* ViewController.swift */,
				455CE1511DE0AAF200FF65DC /* Main.storyboard */,
				455CE1541DE0AAF200FF65DC /* Assets.xcassets */,
				455CE1561DE0AAF200FF65DC /* LaunchScreen.storyboard */,
				455CE1591DE0AAF200FF65DC /* Info.plist */,
			);
			path = CustomerlyDemo;
			sourceTree = "<group>";
		};
		455CE1611DE0AAF300FF65DC /* CustomerlyDemoUITests */ = {
			isa = PBXGroup;
			children = (
				455CE1621DE0AAF300FF65DC /* CustomerlyDemoUITests.swift */,
				455CE1641DE0AAF300FF65DC /* Info.plist */,
			);
			path = CustomerlyDemoUITests;
			sourceTree = "<group>";
		};
		455CE16B1DE0AB4500FF65DC /* Library */ = {
			isa = PBXGroup;
			children = (
				455CE16C1DE0AB4500FF65DC /* Customerly.swift */,
				455CE16D1DE0AB4500FF65DC /* CyConfig.swift */,
				455CE1721DE0AB4500FF65DC /* CyRouting.swift */,
				455CE16E1DE0AB4500FF65DC /* CyDataFetcher.swift */,
				45282DA01DFEF4160021E7F9 /* CySocket.swift */,
				455CE16F1DE0AB4500FF65DC /* CyHTTPValidation.swift */,
				455CE1701DE0AB4500FF65DC /* CyLogging.swift */,
				455CE1711DE0AB4500FF65DC /* CyMapping.swift */,
				455CE1731DE0AB4500FF65DC /* CyStorage.swift */,
				45FA19C01DEB4E0200D26059 /* Assets.xcassets */,
				455CE1741DE0AB4500FF65DC /* Models */,
				45FA19B71DEB422B00D26059 /* Subclasses */,
				455CE1811DE0AB4500FF65DC /* UI */,
				455CE1831DE0AB4500FF65DC /* View Controllers */,
			);
			path = Library;
			sourceTree = "<group>";
		};
		455CE1741DE0AB4500FF65DC /* Models */ = {
			isa = PBXGroup;
			children = (
				455CE1751DE0AB4500FF65DC /* CyAppConfigModel.swift */,
				455CE1761DE0AB4500FF65DC /* CyAppModel.swift */,
				455CE1771DE0AB4500FF65DC /* CyCookiesRequestModel.swift */,
				455CE1781DE0AB4500FF65DC /* CyCookiesResponseModel.swift */,
				455CE17A1DE0AB4500FF65DC /* CyDeviceModel.swift */,
				455CE1791DE0AB4500FF65DC /* CyDataModel.swift */,
				455CE17B1DE0AB4500FF65DC /* CyRequestPingModel.swift */,
				455CE17C1DE0AB4500FF65DC /* CySettingsModel.swift */,
				455CE17E1DE0AB4500FF65DC /* CyTrackingRequestModel.swift */,
				455CE17F1DE0AB4500FF65DC /* CyUserModel.swift */,
				454A9D3F1DEAFE060078F6D3 /* CyAdminModel.swift */,
				455CE1801DE0AB4500FF65DC /* CyWebsocketModel.swift */,
				455A0F8B1DEE2D7B003EEA43 /* Message Send */,
				45282DA21DFF0FCA0021E7F9 /* Socket */,
			);
			path = Models;
			sourceTree = "<group>";
		};
		455CE1811DE0AB4500FF65DC /* UI */ = {
			isa = PBXGroup;
			children = (
				455CE1821DE0AB4500FF65DC /* CustomerlyChat.storyboard */,
				458781C21DFC658700851DD9 /* MessageCell.xib */,
			);
			path = UI;
			sourceTree = "<group>";
		};
		455CE1831DE0AB4500FF65DC /* View Controllers */ = {
			isa = PBXGroup;
			children = (
				455CE1A01DE0C85500FF65DC /* CustomerlyNavigationController.swift */,
				455CE1841DE0AB4500FF65DC /* CustomerlyChatStartVC.swift */,
				455A0F9E1DF46F35003EEA43 /* CustomerlyConversationListVC.swift */,
				453CC13B1DEA2BF200D85957 /* Cells */,
			);
			path = "View Controllers";
			sourceTree = "<group>";
		};
		45FA19B71DEB422B00D26059 /* Subclasses */ = {
			isa = PBXGroup;
			children = (
				45FA19C21DEC283A00D26059 /* CyViewController.swift */,
				45FA19B81DEB423600D26059 /* CyView.swift */,
				45FA19BC1DEB4C2000D26059 /* CyButton.swift */,
				45FA19BE1DEB4C4D00D26059 /* CyTextField.swift */,
				458781C41DFC673E00851DD9 /* CyTextView.swift */,
				45FA19C61DECC5FD00D26059 /* CyDate.swift */,
				455A0F891DEE2951003EEA43 /* CyColor.swift */,
				455A0FA01DF47A90003EEA43 /* CyImageView.swift */,
				455A0FA21DF47ACB003EEA43 /* CyLabel.swift */,
				452745DB1DF9C027006215B1 /* CyTableView.swift */,
			);
			path = Subclasses;
			sourceTree = "<group>";
		};
		586C92D19EAEC2FF4E98C481 /* Pods */ = {
			isa = PBXGroup;
			children = (
				B4D40DE420A7DBA14760B190 /* Pods-CustomerlyDemo.debug.xcconfig */,
				DFDEFA7D85D77089038E94EE /* Pods-CustomerlyDemo.release.xcconfig */,
				3A31FA2E3BDF3C36343BDD29 /* Pods-CustomerlySDK.debug.xcconfig */,
				DF9FDD385BB3CF1819AB53CF /* Pods-CustomerlySDK.release.xcconfig */,
			);
			name = Pods;
			sourceTree = "<group>";
		};
		A163D13E5CC58444C4E32AC0 /* Frameworks */ = {
			isa = PBXGroup;
			children = (
				9E04C0ED8FA868A83B0BBE2C /* Pods_CustomerlyDemo.framework */,
				8CB8EB1905F4E874BAA89670 /* Pods_CustomerlySDK.framework */,
			);
			name = Frameworks;
			sourceTree = "<group>";
		};
/* End PBXGroup section */

/* Begin PBXHeadersBuildPhase section */
		455CE12C1DE0AABD00FF65DC /* Headers */ = {
			isa = PBXHeadersBuildPhase;
			buildActionMask = 2147483647;
			files = (
				455CE1401DE0AABD00FF65DC /* CustomerlySDK.h in Headers */,
			);
			runOnlyForDeploymentPostprocessing = 0;
		};
/* End PBXHeadersBuildPhase section */

/* Begin PBXNativeTarget section */
		455CE12E1DE0AABD00FF65DC /* CustomerlySDK */ = {
			isa = PBXNativeTarget;
			buildConfigurationList = 455CE1411DE0AABD00FF65DC /* Build configuration list for PBXNativeTarget "CustomerlySDK" */;
			buildPhases = (
				C76141D4F1705DB776500D79 /* [CP] Check Pods Manifest.lock */,
				455CE12A1DE0AABD00FF65DC /* Sources */,
				455CE12B1DE0AABD00FF65DC /* Frameworks */,
				455CE12C1DE0AABD00FF65DC /* Headers */,
				455CE12D1DE0AABD00FF65DC /* Resources */,
				BFA0054930B6BFB80553AE4F /* [CP] Copy Pods Resources */,
			);
			buildRules = (
			);
			dependencies = (
			);
			name = CustomerlySDK;
			productName = CustomerlySDK;
			productReference = 455CE12F1DE0AABD00FF65DC /* CustomerlySDK.framework */;
			productType = "com.apple.product-type.framework";
		};
		455CE1371DE0AABD00FF65DC /* CustomerlySDKTests */ = {
			isa = PBXNativeTarget;
			buildConfigurationList = 455CE1441DE0AABD00FF65DC /* Build configuration list for PBXNativeTarget "CustomerlySDKTests" */;
			buildPhases = (
				455CE1341DE0AABD00FF65DC /* Sources */,
				455CE1351DE0AABD00FF65DC /* Frameworks */,
				455CE1361DE0AABD00FF65DC /* Resources */,
			);
			buildRules = (
			);
			dependencies = (
				455CE13B1DE0AABD00FF65DC /* PBXTargetDependency */,
			);
			name = CustomerlySDKTests;
			productName = CustomerlySDKTests;
			productReference = 455CE1381DE0AABD00FF65DC /* CustomerlySDKTests.xctest */;
			productType = "com.apple.product-type.bundle.unit-test";
		};
		455CE14A1DE0AAF200FF65DC /* CustomerlyDemo */ = {
			isa = PBXNativeTarget;
			buildConfigurationList = 455CE1651DE0AAF300FF65DC /* Build configuration list for PBXNativeTarget "CustomerlyDemo" */;
			buildPhases = (
				BA2E8136244F93DE38F6F1AE /* [CP] Check Pods Manifest.lock */,
				455CE1471DE0AAF200FF65DC /* Sources */,
				455CE1481DE0AAF200FF65DC /* Frameworks */,
				455CE1491DE0AAF200FF65DC /* Resources */,
				0865DF43C591C1E71F14955E /* [CP] Embed Pods Frameworks */,
				2C858DCAF4621BAA6C13D8D6 /* [CP] Copy Pods Resources */,
				455CE19F1DE0BA7D00FF65DC /* Embed Frameworks */,
			);
			buildRules = (
			);
			dependencies = (
				455CE19E1DE0BA7D00FF65DC /* PBXTargetDependency */,
			);
			name = CustomerlyDemo;
			productName = CustomerlyDemo;
			productReference = 455CE14B1DE0AAF200FF65DC /* CustomerlyDemo.app */;
			productType = "com.apple.product-type.application";
		};
		455CE15D1DE0AAF200FF65DC /* CustomerlyDemoUITests */ = {
			isa = PBXNativeTarget;
			buildConfigurationList = 455CE1681DE0AAF300FF65DC /* Build configuration list for PBXNativeTarget "CustomerlyDemoUITests" */;
			buildPhases = (
				455CE15A1DE0AAF200FF65DC /* Sources */,
				455CE15B1DE0AAF200FF65DC /* Frameworks */,
				455CE15C1DE0AAF200FF65DC /* Resources */,
			);
			buildRules = (
			);
			dependencies = (
				455CE1601DE0AAF300FF65DC /* PBXTargetDependency */,
			);
			name = CustomerlyDemoUITests;
			productName = CustomerlyDemoUITests;
			productReference = 455CE15E1DE0AAF200FF65DC /* CustomerlyDemoUITests.xctest */;
			productType = "com.apple.product-type.bundle.ui-testing";
		};
/* End PBXNativeTarget section */

/* Begin PBXProject section */
		455CE1241DE0AA9F00FF65DC /* Project object */ = {
			isa = PBXProject;
			attributes = {
				LastSwiftUpdateCheck = 0810;
				LastUpgradeCheck = 0810;
				ORGANIZATIONNAME = Customerly;
				TargetAttributes = {
					455CE12E1DE0AABD00FF65DC = {
						CreatedOnToolsVersion = 8.1;
						ProvisioningStyle = Automatic;
					};
					455CE1371DE0AABD00FF65DC = {
						CreatedOnToolsVersion = 8.1;
						ProvisioningStyle = Automatic;
					};
					455CE14A1DE0AAF200FF65DC = {
						CreatedOnToolsVersion = 8.1;
						ProvisioningStyle = Automatic;
					};
					455CE15D1DE0AAF200FF65DC = {
						CreatedOnToolsVersion = 8.1;
						ProvisioningStyle = Automatic;
						TestTargetID = 455CE14A1DE0AAF200FF65DC;
					};
				};
			};
			buildConfigurationList = 455CE1271DE0AA9F00FF65DC /* Build configuration list for PBXProject "Customerly" */;
			compatibilityVersion = "Xcode 3.2";
			developmentRegion = English;
			hasScannedForEncodings = 0;
			knownRegions = (
				en,
				Base,
			);
			mainGroup = 455CE1231DE0AA9F00FF65DC;
			productRefGroup = 455CE1301DE0AABD00FF65DC /* Products */;
			projectDirPath = "";
			projectRoot = "";
			targets = (
				455CE12E1DE0AABD00FF65DC /* CustomerlySDK */,
				455CE1371DE0AABD00FF65DC /* CustomerlySDKTests */,
				455CE14A1DE0AAF200FF65DC /* CustomerlyDemo */,
				455CE15D1DE0AAF200FF65DC /* CustomerlyDemoUITests */,
			);
		};
/* End PBXProject section */

/* Begin PBXResourcesBuildPhase section */
		455CE12D1DE0AABD00FF65DC /* Resources */ = {
			isa = PBXResourcesBuildPhase;
			buildActionMask = 2147483647;
			files = (
				458781C31DFC658700851DD9 /* MessageCell.xib in Resources */,
				45FA19C11DEB4E0200D26059 /* Assets.xcassets in Resources */,
				455CE1991DE0AB4500FF65DC /* CustomerlyChat.storyboard in Resources */,
			);
			runOnlyForDeploymentPostprocessing = 0;
		};
		455CE1361DE0AABD00FF65DC /* Resources */ = {
			isa = PBXResourcesBuildPhase;
			buildActionMask = 2147483647;
			files = (
			);
			runOnlyForDeploymentPostprocessing = 0;
		};
		455CE1491DE0AAF200FF65DC /* Resources */ = {
			isa = PBXResourcesBuildPhase;
			buildActionMask = 2147483647;
			files = (
				455CE1581DE0AAF200FF65DC /* LaunchScreen.storyboard in Resources */,
				455CE1551DE0AAF200FF65DC /* Assets.xcassets in Resources */,
				455CE1531DE0AAF200FF65DC /* Main.storyboard in Resources */,
			);
			runOnlyForDeploymentPostprocessing = 0;
		};
		455CE15C1DE0AAF200FF65DC /* Resources */ = {
			isa = PBXResourcesBuildPhase;
			buildActionMask = 2147483647;
			files = (
			);
			runOnlyForDeploymentPostprocessing = 0;
		};
/* End PBXResourcesBuildPhase section */

/* Begin PBXShellScriptBuildPhase section */
		0865DF43C591C1E71F14955E /* [CP] Embed Pods Frameworks */ = {
			isa = PBXShellScriptBuildPhase;
			buildActionMask = 2147483647;
			files = (
			);
			inputPaths = (
			);
			name = "[CP] Embed Pods Frameworks";
			outputPaths = (
			);
			runOnlyForDeploymentPostprocessing = 0;
			shellPath = /bin/sh;
			shellScript = "\"${SRCROOT}/Pods/Target Support Files/Pods-CustomerlyDemo/Pods-CustomerlyDemo-frameworks.sh\"\n";
			showEnvVarsInLog = 0;
		};
		2C858DCAF4621BAA6C13D8D6 /* [CP] Copy Pods Resources */ = {
			isa = PBXShellScriptBuildPhase;
			buildActionMask = 2147483647;
			files = (
			);
			inputPaths = (
			);
			name = "[CP] Copy Pods Resources";
			outputPaths = (
			);
			runOnlyForDeploymentPostprocessing = 0;
			shellPath = /bin/sh;
			shellScript = "\"${SRCROOT}/Pods/Target Support Files/Pods-CustomerlyDemo/Pods-CustomerlyDemo-resources.sh\"\n";
			showEnvVarsInLog = 0;
		};
		BA2E8136244F93DE38F6F1AE /* [CP] Check Pods Manifest.lock */ = {
			isa = PBXShellScriptBuildPhase;
			buildActionMask = 2147483647;
			files = (
			);
			inputPaths = (
			);
			name = "[CP] Check Pods Manifest.lock";
			outputPaths = (
			);
			runOnlyForDeploymentPostprocessing = 0;
			shellPath = /bin/sh;
			shellScript = "diff \"${PODS_ROOT}/../Podfile.lock\" \"${PODS_ROOT}/Manifest.lock\" > /dev/null\nif [ $? != 0 ] ; then\n    # print error to STDERR\n    echo \"error: The sandbox is not in sync with the Podfile.lock. Run 'pod install' or update your CocoaPods installation.\" >&2\n    exit 1\nfi\n";
			showEnvVarsInLog = 0;
		};
		BFA0054930B6BFB80553AE4F /* [CP] Copy Pods Resources */ = {
			isa = PBXShellScriptBuildPhase;
			buildActionMask = 2147483647;
			files = (
			);
			inputPaths = (
			);
			name = "[CP] Copy Pods Resources";
			outputPaths = (
			);
			runOnlyForDeploymentPostprocessing = 0;
			shellPath = /bin/sh;
			shellScript = "\"${SRCROOT}/Pods/Target Support Files/Pods-CustomerlySDK/Pods-CustomerlySDK-resources.sh\"\n";
			showEnvVarsInLog = 0;
		};
		C76141D4F1705DB776500D79 /* [CP] Check Pods Manifest.lock */ = {
			isa = PBXShellScriptBuildPhase;
			buildActionMask = 2147483647;
			files = (
			);
			inputPaths = (
			);
			name = "[CP] Check Pods Manifest.lock";
			outputPaths = (
			);
			runOnlyForDeploymentPostprocessing = 0;
			shellPath = /bin/sh;
			shellScript = "diff \"${PODS_ROOT}/../Podfile.lock\" \"${PODS_ROOT}/Manifest.lock\" > /dev/null\nif [ $? != 0 ] ; then\n    # print error to STDERR\n    echo \"error: The sandbox is not in sync with the Podfile.lock. Run 'pod install' or update your CocoaPods installation.\" >&2\n    exit 1\nfi\n";
			showEnvVarsInLog = 0;
		};
/* End PBXShellScriptBuildPhase section */

/* Begin PBXSourcesBuildPhase section */
		455CE12A1DE0AABD00FF65DC /* Sources */ = {
			isa = PBXSourcesBuildPhase;
			buildActionMask = 2147483647;
			files = (
				455A0FA31DF47ACB003EEA43 /* CyLabel.swift in Sources */,
				455A0F9F1DF46F35003EEA43 /* CustomerlyConversationListVC.swift in Sources */,
				455A0F971DF0BD20003EEA43 /* CyConversationModel.swift in Sources */,
				455CE1971DE0AB4500FF65DC /* CyUserModel.swift in Sources */,
				455CE1981DE0AB4500FF65DC /* CyWebsocketModel.swift in Sources */,
				455CE1901DE0AB4500FF65DC /* CyCookiesResponseModel.swift in Sources */,
				455CE18A1DE0AB4500FF65DC /* CyMapping.swift in Sources */,
				455A0FA11DF47A90003EEA43 /* CyImageView.swift in Sources */,
				454A9D401DEAFE060078F6D3 /* CyAdminModel.swift in Sources */,
				455A0F8F1DEE33EA003EEA43 /* CyMessageAttachmentRequestModel.swift in Sources */,
				45FA19C71DECC5FD00D26059 /* CyDate.swift in Sources */,
				455CE1961DE0AB4500FF65DC /* CyTrackingRequestModel.swift in Sources */,
				453CC13F1DEA2C1A00D85957 /* CySingleActiveAdminTableViewCell.swift in Sources */,
				455CE1941DE0AB4500FF65DC /* CySettingsModel.swift in Sources */,
				45FA19C31DEC283A00D26059 /* CyViewController.swift in Sources */,
				452745DC1DF9C027006215B1 /* CyTableView.swift in Sources */,
				455CE1A11DE0C85500FF65DC /* CustomerlyNavigationController.swift in Sources */,
				455CE1891DE0AB4500FF65DC /* CyLogging.swift in Sources */,
				45FA19BB1DEB478900D26059 /* CyInfoTableViewCell.swift in Sources */,
				455CE1881DE0AB4500FF65DC /* CyHTTPValidation.swift in Sources */,
				455CE18E1DE0AB4500FF65DC /* CyAppModel.swift in Sources */,
				453CC13D1DEA2C0F00D85957 /* CyActiveAdminsTableViewCell.swift in Sources */,
				455CE1851DE0AB4500FF65DC /* Customerly.swift in Sources */,
				455A0F951DF0AA41003EEA43 /* CySendMessageResponseModel.swift in Sources */,
				455A0F9B1DF0C272003EEA43 /* CyAttachmentModel.swift in Sources */,
				455CE1911DE0AB4500FF65DC /* CyDataModel.swift in Sources */,
				458781C51DFC673E00851DD9 /* CyTextView.swift in Sources */,
				45282DA81DFF21830021E7F9 /* CySeenMessageSocketModel.swift in Sources */,
				455A0F8D1DEE2D92003EEA43 /* CySendMessageRequestParamsModel.swift in Sources */,
				455A0FA71DF47E08003EEA43 /* CyAccountModel.swift in Sources */,
				45FA19B91DEB423600D26059 /* CyView.swift in Sources */,
				458781C91DFC789400851DD9 /* CyConversationMessagesResponseModel.swift in Sources */,
				455CE1861DE0AB4500FF65DC /* CyConfig.swift in Sources */,
				455CE1931DE0AB4500FF65DC /* CyRequestPingModel.swift in Sources */,
				455CE1871DE0AB4500FF65DC /* CyDataFetcher.swift in Sources */,
				45282DA41DFF0FF20021E7F9 /* CyTypingSocketModel.swift in Sources */,
				455A0FA51DF47C3D003EEA43 /* CyConversationTableViewCell.swift in Sources */,
				45FA19BD1DEB4C2000D26059 /* CyButton.swift in Sources */,
				455A0FA91DF47EC2003EEA43 /* CyConversationRetrieveResponseModel.swift in Sources */,
				455CE1921DE0AB4500FF65DC /* CyDeviceModel.swift in Sources */,
				455A0FAB1DF48022003EEA43 /* CyConversationRequestModel.swift in Sources */,
				455CE18F1DE0AB4500FF65DC /* CyCookiesRequestModel.swift in Sources */,
				455CE18B1DE0AB4500FF65DC /* CyRouting.swift in Sources */,
				455CE18D1DE0AB4500FF65DC /* CyAppConfigModel.swift in Sources */,
				455CE18C1DE0AB4500FF65DC /* CyStorage.swift in Sources */,
				45282DA61DFF12470021E7F9 /* CyMessageSocketModel.swift in Sources */,
				455A0F8A1DEE2951003EEA43 /* CyColor.swift in Sources */,
				45282DA11DFEF4160021E7F9 /* CySocket.swift in Sources */,
				458781C71DFC6A3A00851DD9 /* CyMessageTableViewCell.swift in Sources */,
				455CE19A1DE0AB4500FF65DC /* CustomerlyChatStartVC.swift in Sources */,
				45FA19BF1DEB4C4D00D26059 /* CyTextField.swift in Sources */,
				455A0F991DF0C184003EEA43 /* CyMessageModel.swift in Sources */,
				455A0F881DEE248E003EEA43 /* CySendMessageRequestModel.swift in Sources */,
			);
			runOnlyForDeploymentPostprocessing = 0;
		};
		455CE1341DE0AABD00FF65DC /* Sources */ = {
			isa = PBXSourcesBuildPhase;
			buildActionMask = 2147483647;
			files = (
				455CE13E1DE0AABD00FF65DC /* CustomerlySDKTests.swift in Sources */,
			);
			runOnlyForDeploymentPostprocessing = 0;
		};
		455CE1471DE0AAF200FF65DC /* Sources */ = {
			isa = PBXSourcesBuildPhase;
			buildActionMask = 2147483647;
			files = (
				455CE1501DE0AAF200FF65DC /* ViewController.swift in Sources */,
				455CE14E1DE0AAF200FF65DC /* AppDelegate.swift in Sources */,
			);
			runOnlyForDeploymentPostprocessing = 0;
		};
		455CE15A1DE0AAF200FF65DC /* Sources */ = {
			isa = PBXSourcesBuildPhase;
			buildActionMask = 2147483647;
			files = (
				455CE1631DE0AAF300FF65DC /* CustomerlyDemoUITests.swift in Sources */,
			);
			runOnlyForDeploymentPostprocessing = 0;
		};
/* End PBXSourcesBuildPhase section */

/* Begin PBXTargetDependency section */
		455CE13B1DE0AABD00FF65DC /* PBXTargetDependency */ = {
			isa = PBXTargetDependency;
			target = 455CE12E1DE0AABD00FF65DC /* CustomerlySDK */;
			targetProxy = 455CE13A1DE0AABD00FF65DC /* PBXContainerItemProxy */;
		};
		455CE1601DE0AAF300FF65DC /* PBXTargetDependency */ = {
			isa = PBXTargetDependency;
			target = 455CE14A1DE0AAF200FF65DC /* CustomerlyDemo */;
			targetProxy = 455CE15F1DE0AAF300FF65DC /* PBXContainerItemProxy */;
		};
		455CE19E1DE0BA7D00FF65DC /* PBXTargetDependency */ = {
			isa = PBXTargetDependency;
			target = 455CE12E1DE0AABD00FF65DC /* CustomerlySDK */;
			targetProxy = 455CE19D1DE0BA7D00FF65DC /* PBXContainerItemProxy */;
		};
/* End PBXTargetDependency section */

/* Begin PBXVariantGroup section */
		455CE1511DE0AAF200FF65DC /* Main.storyboard */ = {
			isa = PBXVariantGroup;
			children = (
				455CE1521DE0AAF200FF65DC /* Base */,
			);
			name = Main.storyboard;
			sourceTree = "<group>";
		};
		455CE1561DE0AAF200FF65DC /* LaunchScreen.storyboard */ = {
			isa = PBXVariantGroup;
			children = (
				455CE1571DE0AAF200FF65DC /* Base */,
			);
			name = LaunchScreen.storyboard;
			sourceTree = "<group>";
		};
/* End PBXVariantGroup section */

/* Begin XCBuildConfiguration section */
		455CE1281DE0AA9F00FF65DC /* Debug */ = {
			isa = XCBuildConfiguration;
			buildSettings = {
				CLANG_WARN_BOOL_CONVERSION = YES;
				CLANG_WARN_CONSTANT_CONVERSION = YES;
				CLANG_WARN_EMPTY_BODY = YES;
				CLANG_WARN_ENUM_CONVERSION = YES;
				CLANG_WARN_INFINITE_RECURSION = YES;
				CLANG_WARN_INT_CONVERSION = YES;
				CLANG_WARN_SUSPICIOUS_MOVE = YES;
				CLANG_WARN_UNREACHABLE_CODE = YES;
				CLANG_WARN__DUPLICATE_METHOD_MATCH = YES;
				ENABLE_STRICT_OBJC_MSGSEND = YES;
				ENABLE_TESTABILITY = YES;
				GCC_NO_COMMON_BLOCKS = YES;
				GCC_WARN_64_TO_32_BIT_CONVERSION = YES;
				GCC_WARN_ABOUT_RETURN_TYPE = YES;
				GCC_WARN_UNDECLARED_SELECTOR = YES;
				GCC_WARN_UNINITIALIZED_AUTOS = YES;
				GCC_WARN_UNUSED_FUNCTION = YES;
				GCC_WARN_UNUSED_VARIABLE = YES;
				IPHONEOS_DEPLOYMENT_TARGET = 8.0;
				ONLY_ACTIVE_ARCH = YES;
			};
			name = Debug;
		};
		455CE1291DE0AA9F00FF65DC /* Release */ = {
			isa = XCBuildConfiguration;
			buildSettings = {
				CLANG_WARN_BOOL_CONVERSION = YES;
				CLANG_WARN_CONSTANT_CONVERSION = YES;
				CLANG_WARN_EMPTY_BODY = YES;
				CLANG_WARN_ENUM_CONVERSION = YES;
				CLANG_WARN_INFINITE_RECURSION = YES;
				CLANG_WARN_INT_CONVERSION = YES;
				CLANG_WARN_SUSPICIOUS_MOVE = YES;
				CLANG_WARN_UNREACHABLE_CODE = YES;
				CLANG_WARN__DUPLICATE_METHOD_MATCH = YES;
				ENABLE_STRICT_OBJC_MSGSEND = YES;
				GCC_NO_COMMON_BLOCKS = YES;
				GCC_WARN_64_TO_32_BIT_CONVERSION = YES;
				GCC_WARN_ABOUT_RETURN_TYPE = YES;
				GCC_WARN_UNDECLARED_SELECTOR = YES;
				GCC_WARN_UNINITIALIZED_AUTOS = YES;
				GCC_WARN_UNUSED_FUNCTION = YES;
				GCC_WARN_UNUSED_VARIABLE = YES;
				IPHONEOS_DEPLOYMENT_TARGET = 8.0;
			};
			name = Release;
		};
		455CE1421DE0AABD00FF65DC /* Debug */ = {
			isa = XCBuildConfiguration;
			baseConfigurationReference = 3A31FA2E3BDF3C36343BDD29 /* Pods-CustomerlySDK.debug.xcconfig */;
			buildSettings = {
				ALWAYS_SEARCH_USER_PATHS = NO;
				CLANG_ANALYZER_NONNULL = YES;
				CLANG_CXX_LANGUAGE_STANDARD = "gnu++0x";
				CLANG_CXX_LIBRARY = "libc++";
				CLANG_ENABLE_MODULES = YES;
				CLANG_ENABLE_OBJC_ARC = YES;
				CLANG_WARN_BOOL_CONVERSION = YES;
				CLANG_WARN_CONSTANT_CONVERSION = YES;
				CLANG_WARN_DIRECT_OBJC_ISA_USAGE = YES_ERROR;
				CLANG_WARN_DOCUMENTATION_COMMENTS = YES;
				CLANG_WARN_EMPTY_BODY = YES;
				CLANG_WARN_ENUM_CONVERSION = YES;
				CLANG_WARN_INFINITE_RECURSION = YES;
				CLANG_WARN_INT_CONVERSION = YES;
				CLANG_WARN_OBJC_ROOT_CLASS = YES_ERROR;
				CLANG_WARN_SUSPICIOUS_MOVES = YES;
				CLANG_WARN_UNREACHABLE_CODE = YES;
				CLANG_WARN__DUPLICATE_METHOD_MATCH = YES;
				CODE_SIGN_IDENTITY = "";
				"CODE_SIGN_IDENTITY[sdk=iphoneos*]" = "";
				COPY_PHASE_STRIP = NO;
				CURRENT_PROJECT_VERSION = 1;
				DEBUG_INFORMATION_FORMAT = dwarf;
				DEFINES_MODULE = YES;
				DYLIB_COMPATIBILITY_VERSION = 1;
				DYLIB_CURRENT_VERSION = 1;
				DYLIB_INSTALL_NAME_BASE = "@rpath";
				ENABLE_STRICT_OBJC_MSGSEND = YES;
				ENABLE_TESTABILITY = YES;
				GCC_C_LANGUAGE_STANDARD = gnu99;
				GCC_DYNAMIC_NO_PIC = NO;
				GCC_NO_COMMON_BLOCKS = YES;
				GCC_OPTIMIZATION_LEVEL = 0;
				GCC_PREPROCESSOR_DEFINITIONS = (
					"DEBUG=1",
					"$(inherited)",
				);
				GCC_WARN_64_TO_32_BIT_CONVERSION = YES;
				GCC_WARN_ABOUT_RETURN_TYPE = YES_ERROR;
				GCC_WARN_UNDECLARED_SELECTOR = YES;
				GCC_WARN_UNINITIALIZED_AUTOS = YES_AGGRESSIVE;
				GCC_WARN_UNUSED_FUNCTION = YES;
				GCC_WARN_UNUSED_VARIABLE = YES;
				INFOPLIST_FILE = CustomerlySDK/Info.plist;
				INSTALL_PATH = "$(LOCAL_LIBRARY_DIR)/Frameworks";
				IPHONEOS_DEPLOYMENT_TARGET = 8.0;
				LD_RUNPATH_SEARCH_PATHS = "$(inherited) @executable_path/Frameworks @loader_path/Frameworks";
				MTL_ENABLE_DEBUG_INFO = YES;
				ONLY_ACTIVE_ARCH = YES;
				PRODUCT_BUNDLE_IDENTIFIER = io.customerly.CustomerlySDK;
				PRODUCT_NAME = "$(TARGET_NAME)";
				SDKROOT = iphoneos;
				SKIP_INSTALL = YES;
				SWIFT_ACTIVE_COMPILATION_CONDITIONS = DEBUG;
				SWIFT_OPTIMIZATION_LEVEL = "-Onone";
				SWIFT_VERSION = 3.0;
				TARGETED_DEVICE_FAMILY = "1,2";
				VERSIONING_SYSTEM = "apple-generic";
				VERSION_INFO_PREFIX = "";
			};
			name = Debug;
		};
		455CE1431DE0AABD00FF65DC /* Release */ = {
			isa = XCBuildConfiguration;
			baseConfigurationReference = DF9FDD385BB3CF1819AB53CF /* Pods-CustomerlySDK.release.xcconfig */;
			buildSettings = {
				ALWAYS_SEARCH_USER_PATHS = NO;
				CLANG_ANALYZER_NONNULL = YES;
				CLANG_CXX_LANGUAGE_STANDARD = "gnu++0x";
				CLANG_CXX_LIBRARY = "libc++";
				CLANG_ENABLE_MODULES = YES;
				CLANG_ENABLE_OBJC_ARC = YES;
				CLANG_WARN_BOOL_CONVERSION = YES;
				CLANG_WARN_CONSTANT_CONVERSION = YES;
				CLANG_WARN_DIRECT_OBJC_ISA_USAGE = YES_ERROR;
				CLANG_WARN_DOCUMENTATION_COMMENTS = YES;
				CLANG_WARN_EMPTY_BODY = YES;
				CLANG_WARN_ENUM_CONVERSION = YES;
				CLANG_WARN_INFINITE_RECURSION = YES;
				CLANG_WARN_INT_CONVERSION = YES;
				CLANG_WARN_OBJC_ROOT_CLASS = YES_ERROR;
				CLANG_WARN_SUSPICIOUS_MOVES = YES;
				CLANG_WARN_UNREACHABLE_CODE = YES;
				CLANG_WARN__DUPLICATE_METHOD_MATCH = YES;
				CODE_SIGN_IDENTITY = "";
				"CODE_SIGN_IDENTITY[sdk=iphoneos*]" = "";
				COPY_PHASE_STRIP = NO;
				CURRENT_PROJECT_VERSION = 1;
				DEBUG_INFORMATION_FORMAT = "dwarf-with-dsym";
				DEFINES_MODULE = YES;
				DYLIB_COMPATIBILITY_VERSION = 1;
				DYLIB_CURRENT_VERSION = 1;
				DYLIB_INSTALL_NAME_BASE = "@rpath";
				ENABLE_NS_ASSERTIONS = NO;
				ENABLE_STRICT_OBJC_MSGSEND = YES;
				GCC_C_LANGUAGE_STANDARD = gnu99;
				GCC_NO_COMMON_BLOCKS = YES;
				GCC_WARN_64_TO_32_BIT_CONVERSION = YES;
				GCC_WARN_ABOUT_RETURN_TYPE = YES_ERROR;
				GCC_WARN_UNDECLARED_SELECTOR = YES;
				GCC_WARN_UNINITIALIZED_AUTOS = YES_AGGRESSIVE;
				GCC_WARN_UNUSED_FUNCTION = YES;
				GCC_WARN_UNUSED_VARIABLE = YES;
				INFOPLIST_FILE = CustomerlySDK/Info.plist;
				INSTALL_PATH = "$(LOCAL_LIBRARY_DIR)/Frameworks";
				IPHONEOS_DEPLOYMENT_TARGET = 8.0;
				LD_RUNPATH_SEARCH_PATHS = "$(inherited) @executable_path/Frameworks @loader_path/Frameworks";
				MTL_ENABLE_DEBUG_INFO = NO;
				PRODUCT_BUNDLE_IDENTIFIER = io.customerly.CustomerlySDK;
				PRODUCT_NAME = "$(TARGET_NAME)";
				SDKROOT = iphoneos;
				SKIP_INSTALL = YES;
				SWIFT_OPTIMIZATION_LEVEL = "-Owholemodule";
				SWIFT_VERSION = 3.0;
				TARGETED_DEVICE_FAMILY = "1,2";
				VALIDATE_PRODUCT = YES;
				VERSIONING_SYSTEM = "apple-generic";
				VERSION_INFO_PREFIX = "";
			};
			name = Release;
		};
		455CE1451DE0AABD00FF65DC /* Debug */ = {
			isa = XCBuildConfiguration;
			buildSettings = {
				ALWAYS_EMBED_SWIFT_STANDARD_LIBRARIES = YES;
				ALWAYS_SEARCH_USER_PATHS = NO;
				CLANG_ANALYZER_NONNULL = YES;
				CLANG_CXX_LANGUAGE_STANDARD = "gnu++0x";
				CLANG_CXX_LIBRARY = "libc++";
				CLANG_ENABLE_MODULES = YES;
				CLANG_ENABLE_OBJC_ARC = YES;
				CLANG_WARN_BOOL_CONVERSION = YES;
				CLANG_WARN_CONSTANT_CONVERSION = YES;
				CLANG_WARN_DIRECT_OBJC_ISA_USAGE = YES_ERROR;
				CLANG_WARN_DOCUMENTATION_COMMENTS = YES;
				CLANG_WARN_EMPTY_BODY = YES;
				CLANG_WARN_ENUM_CONVERSION = YES;
				CLANG_WARN_INFINITE_RECURSION = YES;
				CLANG_WARN_INT_CONVERSION = YES;
				CLANG_WARN_OBJC_ROOT_CLASS = YES_ERROR;
				CLANG_WARN_SUSPICIOUS_MOVES = YES;
				CLANG_WARN_UNREACHABLE_CODE = YES;
				CLANG_WARN__DUPLICATE_METHOD_MATCH = YES;
				"CODE_SIGN_IDENTITY[sdk=iphoneos*]" = "iPhone Developer";
				COPY_PHASE_STRIP = NO;
				DEBUG_INFORMATION_FORMAT = dwarf;
				ENABLE_STRICT_OBJC_MSGSEND = YES;
				ENABLE_TESTABILITY = YES;
				GCC_C_LANGUAGE_STANDARD = gnu99;
				GCC_DYNAMIC_NO_PIC = NO;
				GCC_NO_COMMON_BLOCKS = YES;
				GCC_OPTIMIZATION_LEVEL = 0;
				GCC_PREPROCESSOR_DEFINITIONS = (
					"DEBUG=1",
					"$(inherited)",
				);
				GCC_WARN_64_TO_32_BIT_CONVERSION = YES;
				GCC_WARN_ABOUT_RETURN_TYPE = YES_ERROR;
				GCC_WARN_UNDECLARED_SELECTOR = YES;
				GCC_WARN_UNINITIALIZED_AUTOS = YES_AGGRESSIVE;
				GCC_WARN_UNUSED_FUNCTION = YES;
				GCC_WARN_UNUSED_VARIABLE = YES;
				INFOPLIST_FILE = CustomerlySDKTests/Info.plist;
				IPHONEOS_DEPLOYMENT_TARGET = 10.1;
				LD_RUNPATH_SEARCH_PATHS = "$(inherited) @executable_path/Frameworks @loader_path/Frameworks";
				MTL_ENABLE_DEBUG_INFO = YES;
				ONLY_ACTIVE_ARCH = YES;
				PRODUCT_BUNDLE_IDENTIFIER = io.customerly.CustomerlySDKTests;
				PRODUCT_NAME = "$(TARGET_NAME)";
				SDKROOT = iphoneos;
				SWIFT_ACTIVE_COMPILATION_CONDITIONS = DEBUG;
				SWIFT_OPTIMIZATION_LEVEL = "-Onone";
				SWIFT_VERSION = 3.0;
			};
			name = Debug;
		};
		455CE1461DE0AABD00FF65DC /* Release */ = {
			isa = XCBuildConfiguration;
			buildSettings = {
				ALWAYS_EMBED_SWIFT_STANDARD_LIBRARIES = YES;
				ALWAYS_SEARCH_USER_PATHS = NO;
				CLANG_ANALYZER_NONNULL = YES;
				CLANG_CXX_LANGUAGE_STANDARD = "gnu++0x";
				CLANG_CXX_LIBRARY = "libc++";
				CLANG_ENABLE_MODULES = YES;
				CLANG_ENABLE_OBJC_ARC = YES;
				CLANG_WARN_BOOL_CONVERSION = YES;
				CLANG_WARN_CONSTANT_CONVERSION = YES;
				CLANG_WARN_DIRECT_OBJC_ISA_USAGE = YES_ERROR;
				CLANG_WARN_DOCUMENTATION_COMMENTS = YES;
				CLANG_WARN_EMPTY_BODY = YES;
				CLANG_WARN_ENUM_CONVERSION = YES;
				CLANG_WARN_INFINITE_RECURSION = YES;
				CLANG_WARN_INT_CONVERSION = YES;
				CLANG_WARN_OBJC_ROOT_CLASS = YES_ERROR;
				CLANG_WARN_SUSPICIOUS_MOVES = YES;
				CLANG_WARN_UNREACHABLE_CODE = YES;
				CLANG_WARN__DUPLICATE_METHOD_MATCH = YES;
				"CODE_SIGN_IDENTITY[sdk=iphoneos*]" = "iPhone Developer";
				COPY_PHASE_STRIP = NO;
				DEBUG_INFORMATION_FORMAT = "dwarf-with-dsym";
				ENABLE_NS_ASSERTIONS = NO;
				ENABLE_STRICT_OBJC_MSGSEND = YES;
				GCC_C_LANGUAGE_STANDARD = gnu99;
				GCC_NO_COMMON_BLOCKS = YES;
				GCC_WARN_64_TO_32_BIT_CONVERSION = YES;
				GCC_WARN_ABOUT_RETURN_TYPE = YES_ERROR;
				GCC_WARN_UNDECLARED_SELECTOR = YES;
				GCC_WARN_UNINITIALIZED_AUTOS = YES_AGGRESSIVE;
				GCC_WARN_UNUSED_FUNCTION = YES;
				GCC_WARN_UNUSED_VARIABLE = YES;
				INFOPLIST_FILE = CustomerlySDKTests/Info.plist;
				IPHONEOS_DEPLOYMENT_TARGET = 10.1;
				LD_RUNPATH_SEARCH_PATHS = "$(inherited) @executable_path/Frameworks @loader_path/Frameworks";
				MTL_ENABLE_DEBUG_INFO = NO;
				PRODUCT_BUNDLE_IDENTIFIER = io.customerly.CustomerlySDKTests;
				PRODUCT_NAME = "$(TARGET_NAME)";
				SDKROOT = iphoneos;
				SWIFT_OPTIMIZATION_LEVEL = "-Owholemodule";
				SWIFT_VERSION = 3.0;
				VALIDATE_PRODUCT = YES;
			};
			name = Release;
		};
		455CE1661DE0AAF300FF65DC /* Debug */ = {
			isa = XCBuildConfiguration;
			baseConfigurationReference = B4D40DE420A7DBA14760B190 /* Pods-CustomerlyDemo.debug.xcconfig */;
			buildSettings = {
				ALWAYS_EMBED_SWIFT_STANDARD_LIBRARIES = YES;
				ALWAYS_SEARCH_USER_PATHS = NO;
				ASSETCATALOG_COMPILER_APPICON_NAME = AppIcon;
				CLANG_ANALYZER_NONNULL = YES;
				CLANG_CXX_LANGUAGE_STANDARD = "gnu++0x";
				CLANG_CXX_LIBRARY = "libc++";
				CLANG_ENABLE_MODULES = YES;
				CLANG_ENABLE_OBJC_ARC = YES;
				CLANG_WARN_BOOL_CONVERSION = YES;
				CLANG_WARN_CONSTANT_CONVERSION = YES;
				CLANG_WARN_DIRECT_OBJC_ISA_USAGE = YES_ERROR;
				CLANG_WARN_DOCUMENTATION_COMMENTS = YES;
				CLANG_WARN_EMPTY_BODY = YES;
				CLANG_WARN_ENUM_CONVERSION = YES;
				CLANG_WARN_INFINITE_RECURSION = YES;
				CLANG_WARN_INT_CONVERSION = YES;
				CLANG_WARN_OBJC_ROOT_CLASS = YES_ERROR;
				CLANG_WARN_SUSPICIOUS_MOVES = YES;
				CLANG_WARN_UNREACHABLE_CODE = YES;
				CLANG_WARN__DUPLICATE_METHOD_MATCH = YES;
				"CODE_SIGN_IDENTITY[sdk=iphoneos*]" = "iPhone Developer";
				COPY_PHASE_STRIP = NO;
				DEBUG_INFORMATION_FORMAT = dwarf;
				ENABLE_STRICT_OBJC_MSGSEND = YES;
				ENABLE_TESTABILITY = YES;
				GCC_C_LANGUAGE_STANDARD = gnu99;
				GCC_DYNAMIC_NO_PIC = NO;
				GCC_NO_COMMON_BLOCKS = YES;
				GCC_OPTIMIZATION_LEVEL = 0;
				GCC_PREPROCESSOR_DEFINITIONS = (
					"DEBUG=1",
					"$(inherited)",
				);
				GCC_WARN_64_TO_32_BIT_CONVERSION = YES;
				GCC_WARN_ABOUT_RETURN_TYPE = YES_ERROR;
				GCC_WARN_UNDECLARED_SELECTOR = YES;
				GCC_WARN_UNINITIALIZED_AUTOS = YES_AGGRESSIVE;
				GCC_WARN_UNUSED_FUNCTION = YES;
				GCC_WARN_UNUSED_VARIABLE = YES;
				INFOPLIST_FILE = CustomerlyDemo/Info.plist;
				IPHONEOS_DEPLOYMENT_TARGET = 8.0;
				LD_RUNPATH_SEARCH_PATHS = "$(inherited) @executable_path/Frameworks";
				MTL_ENABLE_DEBUG_INFO = YES;
				ONLY_ACTIVE_ARCH = YES;
				PRODUCT_BUNDLE_IDENTIFIER = io.customerly.CustomerlyDemo;
				PRODUCT_NAME = "$(TARGET_NAME)";
				SDKROOT = iphoneos;
				SWIFT_ACTIVE_COMPILATION_CONDITIONS = DEBUG;
				SWIFT_OPTIMIZATION_LEVEL = "-Onone";
				SWIFT_VERSION = 3.0;
				TARGETED_DEVICE_FAMILY = "1,2";
			};
			name = Debug;
		};
		455CE1671DE0AAF300FF65DC /* Release */ = {
			isa = XCBuildConfiguration;
			baseConfigurationReference = DFDEFA7D85D77089038E94EE /* Pods-CustomerlyDemo.release.xcconfig */;
			buildSettings = {
				ALWAYS_EMBED_SWIFT_STANDARD_LIBRARIES = YES;
				ALWAYS_SEARCH_USER_PATHS = NO;
				ASSETCATALOG_COMPILER_APPICON_NAME = AppIcon;
				CLANG_ANALYZER_NONNULL = YES;
				CLANG_CXX_LANGUAGE_STANDARD = "gnu++0x";
				CLANG_CXX_LIBRARY = "libc++";
				CLANG_ENABLE_MODULES = YES;
				CLANG_ENABLE_OBJC_ARC = YES;
				CLANG_WARN_BOOL_CONVERSION = YES;
				CLANG_WARN_CONSTANT_CONVERSION = YES;
				CLANG_WARN_DIRECT_OBJC_ISA_USAGE = YES_ERROR;
				CLANG_WARN_DOCUMENTATION_COMMENTS = YES;
				CLANG_WARN_EMPTY_BODY = YES;
				CLANG_WARN_ENUM_CONVERSION = YES;
				CLANG_WARN_INFINITE_RECURSION = YES;
				CLANG_WARN_INT_CONVERSION = YES;
				CLANG_WARN_OBJC_ROOT_CLASS = YES_ERROR;
				CLANG_WARN_SUSPICIOUS_MOVES = YES;
				CLANG_WARN_UNREACHABLE_CODE = YES;
				CLANG_WARN__DUPLICATE_METHOD_MATCH = YES;
				"CODE_SIGN_IDENTITY[sdk=iphoneos*]" = "iPhone Developer";
				COPY_PHASE_STRIP = NO;
				DEBUG_INFORMATION_FORMAT = "dwarf-with-dsym";
				ENABLE_NS_ASSERTIONS = NO;
				ENABLE_STRICT_OBJC_MSGSEND = YES;
				GCC_C_LANGUAGE_STANDARD = gnu99;
				GCC_NO_COMMON_BLOCKS = YES;
				GCC_WARN_64_TO_32_BIT_CONVERSION = YES;
				GCC_WARN_ABOUT_RETURN_TYPE = YES_ERROR;
				GCC_WARN_UNDECLARED_SELECTOR = YES;
				GCC_WARN_UNINITIALIZED_AUTOS = YES_AGGRESSIVE;
				GCC_WARN_UNUSED_FUNCTION = YES;
				GCC_WARN_UNUSED_VARIABLE = YES;
				INFOPLIST_FILE = CustomerlyDemo/Info.plist;
				IPHONEOS_DEPLOYMENT_TARGET = 8.0;
				LD_RUNPATH_SEARCH_PATHS = "$(inherited) @executable_path/Frameworks";
				MTL_ENABLE_DEBUG_INFO = NO;
				PRODUCT_BUNDLE_IDENTIFIER = io.customerly.CustomerlyDemo;
				PRODUCT_NAME = "$(TARGET_NAME)";
				SDKROOT = iphoneos;
				SWIFT_OPTIMIZATION_LEVEL = "-Owholemodule";
				SWIFT_VERSION = 3.0;
				TARGETED_DEVICE_FAMILY = "1,2";
				VALIDATE_PRODUCT = YES;
			};
			name = Release;
		};
		455CE1691DE0AAF300FF65DC /* Debug */ = {
			isa = XCBuildConfiguration;
			buildSettings = {
				ALWAYS_EMBED_SWIFT_STANDARD_LIBRARIES = YES;
				ALWAYS_SEARCH_USER_PATHS = NO;
				CLANG_ANALYZER_NONNULL = YES;
				CLANG_CXX_LANGUAGE_STANDARD = "gnu++0x";
				CLANG_CXX_LIBRARY = "libc++";
				CLANG_ENABLE_MODULES = YES;
				CLANG_ENABLE_OBJC_ARC = YES;
				CLANG_WARN_BOOL_CONVERSION = YES;
				CLANG_WARN_CONSTANT_CONVERSION = YES;
				CLANG_WARN_DIRECT_OBJC_ISA_USAGE = YES_ERROR;
				CLANG_WARN_DOCUMENTATION_COMMENTS = YES;
				CLANG_WARN_EMPTY_BODY = YES;
				CLANG_WARN_ENUM_CONVERSION = YES;
				CLANG_WARN_INFINITE_RECURSION = YES;
				CLANG_WARN_INT_CONVERSION = YES;
				CLANG_WARN_OBJC_ROOT_CLASS = YES_ERROR;
				CLANG_WARN_SUSPICIOUS_MOVES = YES;
				CLANG_WARN_UNREACHABLE_CODE = YES;
				CLANG_WARN__DUPLICATE_METHOD_MATCH = YES;
				"CODE_SIGN_IDENTITY[sdk=iphoneos*]" = "iPhone Developer";
				COPY_PHASE_STRIP = NO;
				DEBUG_INFORMATION_FORMAT = dwarf;
				ENABLE_STRICT_OBJC_MSGSEND = YES;
				ENABLE_TESTABILITY = YES;
				GCC_C_LANGUAGE_STANDARD = gnu99;
				GCC_DYNAMIC_NO_PIC = NO;
				GCC_NO_COMMON_BLOCKS = YES;
				GCC_OPTIMIZATION_LEVEL = 0;
				GCC_PREPROCESSOR_DEFINITIONS = (
					"DEBUG=1",
					"$(inherited)",
				);
				GCC_WARN_64_TO_32_BIT_CONVERSION = YES;
				GCC_WARN_ABOUT_RETURN_TYPE = YES_ERROR;
				GCC_WARN_UNDECLARED_SELECTOR = YES;
				GCC_WARN_UNINITIALIZED_AUTOS = YES_AGGRESSIVE;
				GCC_WARN_UNUSED_FUNCTION = YES;
				GCC_WARN_UNUSED_VARIABLE = YES;
				INFOPLIST_FILE = CustomerlyDemoUITests/Info.plist;
				IPHONEOS_DEPLOYMENT_TARGET = 10.1;
				LD_RUNPATH_SEARCH_PATHS = "$(inherited) @executable_path/Frameworks @loader_path/Frameworks";
				MTL_ENABLE_DEBUG_INFO = YES;
				ONLY_ACTIVE_ARCH = YES;
				PRODUCT_BUNDLE_IDENTIFIER = io.customerly.CustomerlyDemoUITests;
				PRODUCT_NAME = "$(TARGET_NAME)";
				SDKROOT = iphoneos;
				SWIFT_ACTIVE_COMPILATION_CONDITIONS = DEBUG;
				SWIFT_OPTIMIZATION_LEVEL = "-Onone";
				SWIFT_VERSION = 3.0;
				TEST_TARGET_NAME = CustomerlyDemo;
			};
			name = Debug;
		};
		455CE16A1DE0AAF300FF65DC /* Release */ = {
			isa = XCBuildConfiguration;
			buildSettings = {
				ALWAYS_EMBED_SWIFT_STANDARD_LIBRARIES = YES;
				ALWAYS_SEARCH_USER_PATHS = NO;
				CLANG_ANALYZER_NONNULL = YES;
				CLANG_CXX_LANGUAGE_STANDARD = "gnu++0x";
				CLANG_CXX_LIBRARY = "libc++";
				CLANG_ENABLE_MODULES = YES;
				CLANG_ENABLE_OBJC_ARC = YES;
				CLANG_WARN_BOOL_CONVERSION = YES;
				CLANG_WARN_CONSTANT_CONVERSION = YES;
				CLANG_WARN_DIRECT_OBJC_ISA_USAGE = YES_ERROR;
				CLANG_WARN_DOCUMENTATION_COMMENTS = YES;
				CLANG_WARN_EMPTY_BODY = YES;
				CLANG_WARN_ENUM_CONVERSION = YES;
				CLANG_WARN_INFINITE_RECURSION = YES;
				CLANG_WARN_INT_CONVERSION = YES;
				CLANG_WARN_OBJC_ROOT_CLASS = YES_ERROR;
				CLANG_WARN_SUSPICIOUS_MOVES = YES;
				CLANG_WARN_UNREACHABLE_CODE = YES;
				CLANG_WARN__DUPLICATE_METHOD_MATCH = YES;
				"CODE_SIGN_IDENTITY[sdk=iphoneos*]" = "iPhone Developer";
				COPY_PHASE_STRIP = NO;
				DEBUG_INFORMATION_FORMAT = "dwarf-with-dsym";
				ENABLE_NS_ASSERTIONS = NO;
				ENABLE_STRICT_OBJC_MSGSEND = YES;
				GCC_C_LANGUAGE_STANDARD = gnu99;
				GCC_NO_COMMON_BLOCKS = YES;
				GCC_WARN_64_TO_32_BIT_CONVERSION = YES;
				GCC_WARN_ABOUT_RETURN_TYPE = YES_ERROR;
				GCC_WARN_UNDECLARED_SELECTOR = YES;
				GCC_WARN_UNINITIALIZED_AUTOS = YES_AGGRESSIVE;
				GCC_WARN_UNUSED_FUNCTION = YES;
				GCC_WARN_UNUSED_VARIABLE = YES;
				INFOPLIST_FILE = CustomerlyDemoUITests/Info.plist;
				IPHONEOS_DEPLOYMENT_TARGET = 10.1;
				LD_RUNPATH_SEARCH_PATHS = "$(inherited) @executable_path/Frameworks @loader_path/Frameworks";
				MTL_ENABLE_DEBUG_INFO = NO;
				PRODUCT_BUNDLE_IDENTIFIER = io.customerly.CustomerlyDemoUITests;
				PRODUCT_NAME = "$(TARGET_NAME)";
				SDKROOT = iphoneos;
				SWIFT_OPTIMIZATION_LEVEL = "-Owholemodule";
				SWIFT_VERSION = 3.0;
				TEST_TARGET_NAME = CustomerlyDemo;
				VALIDATE_PRODUCT = YES;
			};
			name = Release;
		};
/* End XCBuildConfiguration section */

/* Begin XCConfigurationList section */
		455CE1271DE0AA9F00FF65DC /* Build configuration list for PBXProject "Customerly" */ = {
			isa = XCConfigurationList;
			buildConfigurations = (
				455CE1281DE0AA9F00FF65DC /* Debug */,
				455CE1291DE0AA9F00FF65DC /* Release */,
			);
			defaultConfigurationIsVisible = 0;
			defaultConfigurationName = Release;
		};
		455CE1411DE0AABD00FF65DC /* Build configuration list for PBXNativeTarget "CustomerlySDK" */ = {
			isa = XCConfigurationList;
			buildConfigurations = (
				455CE1421DE0AABD00FF65DC /* Debug */,
				455CE1431DE0AABD00FF65DC /* Release */,
			);
			defaultConfigurationIsVisible = 0;
			defaultConfigurationName = Release;
		};
		455CE1441DE0AABD00FF65DC /* Build configuration list for PBXNativeTarget "CustomerlySDKTests" */ = {
			isa = XCConfigurationList;
			buildConfigurations = (
				455CE1451DE0AABD00FF65DC /* Debug */,
				455CE1461DE0AABD00FF65DC /* Release */,
			);
			defaultConfigurationIsVisible = 0;
			defaultConfigurationName = Release;
		};
		455CE1651DE0AAF300FF65DC /* Build configuration list for PBXNativeTarget "CustomerlyDemo" */ = {
			isa = XCConfigurationList;
			buildConfigurations = (
				455CE1661DE0AAF300FF65DC /* Debug */,
				455CE1671DE0AAF300FF65DC /* Release */,
			);
			defaultConfigurationIsVisible = 0;
			defaultConfigurationName = Release;
		};
		455CE1681DE0AAF300FF65DC /* Build configuration list for PBXNativeTarget "CustomerlyDemoUITests" */ = {
			isa = XCConfigurationList;
			buildConfigurations = (
				455CE1691DE0AAF300FF65DC /* Debug */,
				455CE16A1DE0AAF300FF65DC /* Release */,
			);
			defaultConfigurationIsVisible = 0;
			defaultConfigurationName = Release;
		};
/* End XCConfigurationList section */
	};
	rootObject = 455CE1241DE0AA9F00FF65DC /* Project object */;
}
