// !$*UTF8*$!
{
	archiveVersion = 1;
	classes = {
	};
	objectVersion = 46;
	objects = {

/* Begin PBXGroup section */
		455CE1231DE0AA9F00FF65DC = {
			isa = PBXGroup;
			children = (
			);
			sourceTree = "<group>";
		};
/* End PBXGroup section */

/* Begin PBXProject section */
		455CE1241DE0AA9F00FF65DC /* Project object */ = {
			isa = PBXProject;
			attributes = {
				LastUpgradeCheck = 0810;
			};
			buildConfigurationList = 455CE1271DE0AA9F00FF65DC /* Build configuration list for PBXProject "Customerly" */;
			compatibilityVersion = "Xcode 3.2";
			developmentRegion = English;
			hasScannedForEncodings = 0;
			knownRegions = (
				en,
			);
			mainGroup = 455CE1231DE0AA9F00FF65DC;
			projectDirPath = "";
			projectRoot = "";
			targets = (
			);
		};
/* End PBXProject section */

/* Begin XCBuildConfiguration section */
		455CE1281DE0AA9F00FF65DC /* Debug */ = {
			isa = XCBuildConfiguration;
			buildSettings = {
			};
			name = Debug;
		};
		455CE1291DE0AA9F00FF65DC /* Release */ = {
			isa = XCBuildConfiguration;
			buildSettings = {
			};
			name = Release;
		};
/* End XCBuildConfiguration section */

/* Begin XCConfigurationList section */
		455CE1271DE0AA9F00FF65DC /* Build configuration list for PBXProject "Customerly" */ = {
			isa = XCConfigurationList;
			buildConfigurations = (
				455CE1281DE0AA9F00FF65DC /* Debug */,
				455CE1291DE0AA9F00FF65DC /* Release */,
			);
			defaultConfigurationIsVisible = 0;
			defaultConfigurationName = Release;
		};
/* End XCConfigurationList section */
	};
	rootObject = 455CE1241DE0AA9F00FF65DC /* Project object */;
}
